{"format_version":"1.2","terraform_version":"1.13.5","variables":{"ami_id":{"value":"ami-0fa3fe0fa7920f68e"},"availability_zones":{"value":["us-east-1a","us-east-1c"]},"aws_region":{"value":"us-east-1"},"create_rds":{"value":1},"enable_nat_gateway":{"value":true},"enable_nat_instance":{"value":false},"instance_type":{"value":"t3.micro"},"key_name":{"value":"eks-key"},"private_subnet_cidrs":{"value":["10.30.101.0/24","10.30.102.0/24"]},"project_name":{"value":"eks-shared-infra"},"public_subnet_cidrs":{"value":["10.30.1.0/24","10.30.2.0/24"]},"rds_allocated_storage":{"value":20},"rds_database_name":{"value":"webappdb"},"rds_engine_version":{"value":"8.0.43"},"rds_instance_class":{"value":"db.t3.micro"},"vpc_cidr":{"value":"10.30.0.0/16"}},"planned_values":{"outputs":{"availability_zones":{"sensitive":false,"type":["list","string"],"value":["us-east-1a","us-east-1b"]},"database_secret_arn":{"sensitive":false,"type":"string","value":"arn:aws:secretsmanager:us-east-1:702865854817:secret:eks-shared-infra-prod-db-credentials-8VGv8r"},"private_subnet_ids":{"sensitive":false,"type":["object",{"us-east-1a":"string","us-east-1b":"string"}],"value":{"us-east-1a":"subnet-012449a54f5a918c4","us-east-1b":"subnet-0c5272bcf564c56e5"}},"public_subnet_ids":{"sensitive":false,"type":["object",{"us-east-1a":"string","us-east-1b":"string"}],"value":{"us-east-1a":"subnet-07fd067e0f1fd7c49","us-east-1b":"subnet-0c99340e104ab7bf0"}},"rds_instance_endpoint":{"sensitive":false,"type":"string","value":"eks-shared-infra-prod-db.cmfqow4ewt10.us-east-1.rds.amazonaws.com:3306"},"vpc_cidr":{"sensitive":false,"type":"string","value":"10.0.0.0/16"},"vpc_id":{"sensitive":false,"type":"string","value":"vpc-0545578f6f72b4ecc"}},"root_module":{"resources":[{"address":"aws_security_group.eks_to_rds_prod[0]","mode":"managed","type":"aws_security_group","name":"eks_to_rds_prod","index":0,"provider_name":"registry.terraform.io/hashicorp/aws","schema_version":1,"values":{"arn":"arn:aws:ec2:us-east-1:702865854817:security-group/sg-01374f25740781e8c","description":"Allow EKS cluster to connect to RDS MySQL","egress":[{"cidr_blocks":["0.0.0.0/0"],"description":"","from_port":0,"ipv6_cidr_blocks":[],"prefix_list_ids":[],"protocol":"-1","security_groups":[],"self":false,"to_port":0}],"id":"sg-01374f25740781e8c","ingress":[{"cidr_blocks":["10.0.0.0/16"],"description":"Allow inbound MySQL from the EKS service","from_port":3306,"ipv6_cidr_blocks":[],"prefix_list_ids":[],"protocol":"tcp","security_groups":[],"self":false,"to_port":3306}],"name":"eks-to-rds-prod-0","name_prefix":"","owner_id":"702865854817","revoke_rules_on_delete":false,"tags":{"Name":"eks-to-rds-prod-0"},"tags_all":{"Name":"eks-to-rds-prod-0"},"timeouts":null,"vpc_id":"vpc-0545578f6f72b4ecc"},"sensitive_values":{"egress":[{"cidr_blocks":[false],"ipv6_cidr_blocks":[],"prefix_list_ids":[],"security_groups":[]}],"ingress":[{"cidr_blocks":[false],"ipv6_cidr_blocks":[],"prefix_list_ids":[],"security_groups":[]}],"tags":{},"tags_all":{}}},{"address":"aws_security_group.eks_worker_node_sg","mode":"managed","type":"aws_security_group","name":"eks_worker_node_sg","provider_name":"registry.terraform.io/hashicorp/aws","schema_version":1,"values":{"description":"Security group for EKS worker nodes","egress":[{"cidr_blocks":["0.0.0.0/0"],"description":"","from_port":0,"ipv6_cidr_blocks":[],"prefix_list_ids":[],"protocol":"-1","security_groups":[],"self":false,"to_port":0}],"ingress":[{"cidr_blocks":["10.0.0.0/16"],"description":"Allow bastion to access worker nodes","from_port":443,"ipv6_cidr_blocks":[],"prefix_list_ids":[],"protocol":"tcp","security_groups":[],"self":false,"to_port":443}],"name":"eks-worker-node-sg","revoke_rules_on_delete":false,"tags":null,"timeouts":null,"vpc_id":"vpc-0545578f6f72b4ecc"},"sensitive_values":{"egress":[{"cidr_blocks":[false],"ipv6_cidr_blocks":[],"prefix_list_ids":[],"security_groups":[]}],"ingress":[{"cidr_blocks":[false],"ipv6_cidr_blocks":[],"prefix_list_ids":[],"security_groups":[]}],"tags_all":{}}},{"address":"aws_security_group_rule.bastion_to_eks_controlplane","mode":"managed","type":"aws_security_group_rule","name":"bastion_to_eks_controlplane","provider_name":"registry.terraform.io/hashicorp/aws","schema_version":2,"values":{"cidr_blocks":["10.0.0.0/16"],"description":"Allow bastion to access EKS API endpoint","from_port":443,"ipv6_cidr_blocks":null,"prefix_list_ids":null,"protocol":"tcp","self":false,"timeouts":null,"to_port":443,"type":"ingress"},"sensitive_values":{"cidr_blocks":[false]}},{"address":"aws_security_group_rule.node_to_node","mode":"managed","type":"aws_security_group_rule","name":"node_to_node","provider_name":"registry.terraform.io/hashicorp/aws","schema_version":2,"values":{"cidr_blocks":null,"description":"Allow worker nodes to communicate with each other","from_port":0,"ipv6_cidr_blocks":null,"prefix_list_ids":null,"protocol":"-1","self":false,"timeouts":null,"to_port":0,"type":"ingress"},"sensitive_values":{}}],"child_modules":[{"resources":[{"address":"module.ec2.aws_iam_instance_profile.runner_profile","mode":"managed","type":"aws_iam_instance_profile","name":"runner_profile","provider_name":"registry.terraform.io/hashicorp/aws","schema_version":0,"values":{"arn":"arn:aws:iam::702865854817:instance-profile/self-hosted-runner-profile","create_date":"2025-11-25T09:22:30Z","id":"self-hosted-runner-profile","name":"self-hosted-runner-profile","name_prefix":"","path":"/","role":"self-hosted-runner-role","tags":{},"tags_all":{},"unique_id":"AIPA2HJQR2FQUEDNFUUMP"},"sensitive_values":{"tags":{},"tags_all":{}}},{"address":"module.ec2.aws_iam_role.runner_role","mode":"managed","type":"aws_iam_role","name":"runner_role","provider_name":"registry.terraform.io/hashicorp/aws","schema_version":0,"values":{"arn":"arn:aws:iam::702865854817:role/self-hosted-runner-role","assume_role_policy":"{\"Statement\":[{\"Action\":\"sts:AssumeRole\",\"Effect\":\"Allow\",\"Principal\":{\"Service\":\"ec2.amazonaws.com\"}}],\"Version\":\"2012-10-17\"}","create_date":"2025-11-25T09:22:28Z","description":"","force_detach_policies":false,"id":"self-hosted-runner-role","inline_policy":[{"name":"eks-access-policy","policy":"{\"Version\":\"2012-10-17\",\"Statement\":[{\"Action\":[\"eks:DescribeCluster\",\"eks:ListClusters\",\"eks:AccessKubernetesApi\",\"eks:DescribeClusterVersions\",\"cloudformation:ListStacks\",\"eks:ListNodegroups\",\"eks:DescribeNodegroup\",\"iam:GetOpenIDConnectProvider\",\"cloudformation:CreateStack\",\"cloudformation:DescribeStacks\",\"cloudformation:UpdateTerminationProtection\",\"cloudformation:DeleteStack\",\"cloudformation:UpdateStack\",\"iam:CreateRole\",\"iam:AttachRolePolicy\",\"iam:PutRolePolicy\",\"iam:DeleteRole\",\"iam:DetachRolePolicy\",\"iam:DeleteRolePolicy\",\"iam:ListRoles\",\"iam:GetRole\",\"iam:TagRole\",\"ec2imds: GetMetadata\"],\"Effect\":\"Allow\",\"Resource\":\"*\"}]}"}],"managed_policy_arns":["arn:aws:iam::aws:policy/AmazonEC2ContainerRegistryPowerUser","arn:aws:iam::aws:policy/AmazonSSMManagedInstanceCore"],"max_session_duration":3600,"name":"self-hosted-runner-role","name_prefix":"","path":"/","permissions_boundary":"","tags":{},"tags_all":{},"unique_id":"AROA2HJQR2FQ22DLIQBES"},"sensitive_values":{"inline_policy":[{}],"managed_policy_arns":[false,false],"tags":{},"tags_all":{}}},{"address":"module.ec2.aws_iam_role_policy.eks_access_policy","mode":"managed","type":"aws_iam_role_policy","name":"eks_access_policy","provider_name":"registry.terraform.io/hashicorp/aws","schema_version":0,"values":{"id":"self-hosted-runner-role:eks-access-policy","name":"eks-access-policy","name_prefix":"","policy":"{\"Version\":\"2012-10-17\",\"Statement\":[{\"Action\":[\"eks:DescribeCluster\",\"eks:ListClusters\",\"eks:AccessKubernetesApi\",\"eks:DescribeClusterVersions\",\"cloudformation:ListStacks\",\"eks:ListNodegroups\",\"eks:DescribeNodegroup\",\"iam:GetOpenIDConnectProvider\",\"cloudformation:CreateStack\",\"cloudformation:DescribeStacks\",\"cloudformation:UpdateTerminationProtection\",\"cloudformation:DeleteStack\",\"cloudformation:UpdateStack\",\"iam:CreateRole\",\"iam:AttachRolePolicy\",\"iam:PutRolePolicy\",\"iam:DeleteRole\",\"iam:DetachRolePolicy\",\"iam:DeleteRolePolicy\",\"iam:ListRoles\",\"iam:GetRole\",\"iam:TagRole\",\"ec2imds: GetMetadata\"],\"Effect\":\"Allow\",\"Resource\":\"*\"}]}","role":"self-hosted-runner-role"},"sensitive_values":{}},{"address":"module.ec2.aws_iam_role_policy_attachment.ecr_policy","mode":"managed","type":"aws_iam_role_policy_attachment","name":"ecr_policy","provider_name":"registry.terraform.io/hashicorp/aws","schema_version":0,"values":{"id":"self-hosted-runner-role-20251125092230163600000005","policy_arn":"arn:aws:iam::aws:policy/AmazonEC2ContainerRegistryPowerUser","role":"self-hosted-runner-role"},"sensitive_values":{}},{"address":"module.ec2.aws_iam_role_policy_attachment.ssm_policy","mode":"managed","type":"aws_iam_role_policy_attachment","name":"ssm_policy","provider_name":"registry.terraform.io/hashicorp/aws","schema_version":0,"values":{"id":"self-hosted-runner-role-20251125092230181100000006","policy_arn":"arn:aws:iam::aws:policy/AmazonSSMManagedInstanceCore","role":"self-hosted-runner-role"},"sensitive_values":{}},{"address":"module.ec2.aws_instance.ec2_instance","mode":"managed","type":"aws_instance","name":"ec2_instance","provider_name":"registry.terraform.io/hashicorp/aws","schema_version":1,"values":{"ami":"ami-0fa3fe0fa7920f68e","arn":"arn:aws:ec2:us-east-1:702865854817:instance/i-039e8acd7c17ce80b","associate_public_ip_address":true,"availability_zone":"us-east-1a","capacity_reservation_specification":[{"capacity_reservation_preference":"open","capacity_reservation_target":[]}],"cpu_core_count":1,"cpu_options":[{"amd_sev_snp":"","core_count":1,"threads_per_core":2}],"cpu_threads_per_core":2,"credit_specification":[{"cpu_credits":"unlimited"}],"disable_api_stop":false,"disable_api_termination":false,"ebs_block_device":[],"ebs_optimized":false,"enable_primary_ipv6":null,"enclave_options":[{"enabled":false}],"ephemeral_block_device":[],"get_password_data":false,"hibernation":false,"host_id":"","host_resource_group_arn":null,"iam_instance_profile":"self-hosted-runner-profile","id":"i-039e8acd7c17ce80b","instance_initiated_shutdown_behavior":"stop","instance_lifecycle":"","instance_market_options":[],"instance_state":"running","instance_type":"t3.micro","ipv6_address_count":0,"ipv6_addresses":[],"key_name":"eks-key","launch_template":[],"maintenance_options":[{"auto_recovery":"default"}],"metadata_options":[{"http_endpoint":"enabled","http_protocol_ipv6":"disabled","http_put_response_hop_limit":2,"http_tokens":"required","instance_metadata_tags":"disabled"}],"monitoring":false,"network_interface":[],"outpost_arn":"","password_data":"","placement_group":"","placement_partition_number":0,"primary_network_interface_id":"eni-08c8fac5a8e07493e","private_dns":"ip-10-0-0-227.ec2.internal","private_dns_name_options":[{"enable_resource_name_dns_a_record":false,"enable_resource_name_dns_aaaa_record":false,"hostname_type":"ip-name"}],"private_ip":"10.0.0.227","public_dns":"ec2-54-81-20-153.compute-1.amazonaws.com","public_ip":"54.81.20.153","root_block_device":[{"delete_on_termination":true,"device_name":"/dev/xvda","encrypted":false,"iops":3000,"kms_key_id":"","tags":{},"tags_all":{},"throughput":125,"volume_id":"vol-09041da869fbe1689","volume_size":25,"volume_type":"gp3"}],"secondary_private_ips":[],"security_groups":[],"source_dest_check":true,"spot_instance_request_id":"","subnet_id":"subnet-07fd067e0f1fd7c49","tags":{},"tags_all":{},"tenancy":"default","timeouts":null,"user_data":null,"user_data_base64":null,"user_data_replace_on_change":false,"volume_tags":null,"vpc_security_group_ids":["sg-085a08baf24e0c296"]},"sensitive_values":{"capacity_reservation_specification":[{"capacity_reservation_target":[]}],"cpu_options":[{}],"credit_specification":[{}],"ebs_block_device":[],"enclave_options":[{}],"ephemeral_block_device":[],"instance_market_options":[],"ipv6_addresses":[],"launch_template":[],"maintenance_options":[{}],"metadata_options":[{}],"network_interface":[],"private_dns_name_options":[{}],"root_block_device":[{"tags":{},"tags_all":{}}],"secondary_private_ips":[],"security_groups":[],"tags":{},"tags_all":{},"vpc_security_group_ids":[false]}},{"address":"module.ec2.aws_security_group.ec2_sg[0]","mode":"managed","type":"aws_security_group","name":"ec2_sg","index":0,"provider_name":"registry.terraform.io/hashicorp/aws","schema_version":1,"values":{"arn":"arn:aws:ec2:us-east-1:702865854817:security-group/sg-085a08baf24e0c296","description":"Security Group for instance","egress":[{"cidr_blocks":["0.0.0.0/0"],"description":"","from_port":0,"ipv6_cidr_blocks":[],"prefix_list_ids":[],"protocol":"-1","security_groups":[],"self":false,"to_port":0}],"id":"sg-085a08baf24e0c296","ingress":[{"cidr_blocks":["0.0.0.0/0"],"description":"Allow HTTP","from_port":80,"ipv6_cidr_blocks":[],"prefix_list_ids":[],"protocol":"tcp","security_groups":[],"self":false,"to_port":80},{"cidr_blocks":["0.0.0.0/0"],"description":"Allow HTTPS","from_port":443,"ipv6_cidr_blocks":[],"prefix_list_ids":[],"protocol":"tcp","security_groups":[],"self":false,"to_port":443},{"cidr_blocks":["0.0.0.0/0"],"description":"Allow SSH","from_port":22,"ipv6_cidr_blocks":[],"prefix_list_ids":[],"protocol":"tcp","security_groups":[],"self":false,"to_port":22}],"name":"ec2-sg","name_prefix":"","owner_id":"702865854817","revoke_rules_on_delete":false,"tags":{},"tags_all":{},"timeouts":null,"vpc_id":"vpc-0545578f6f72b4ecc"},"sensitive_values":{"egress":[{"cidr_blocks":[false],"ipv6_cidr_blocks":[],"prefix_list_ids":[],"security_groups":[]}],"ingress":[{"cidr_blocks":[false],"ipv6_cidr_blocks":[],"prefix_list_ids":[],"security_groups":[]},{"cidr_blocks":[false],"ipv6_cidr_blocks":[],"prefix_list_ids":[],"security_groups":[]},{"cidr_blocks":[false],"ipv6_cidr_blocks":[],"prefix_list_ids":[],"security_groups":[]}],"tags":{},"tags_all":{}}}],"address":"module.ec2"},{"resources":[{"address":"module.eks.aws_eks_access_entry.eks_access_entry[\"arn:aws:iam::702865854817:role/bastion-iam-role\"]","mode":"managed","type":"aws_eks_access_entry","name":"eks_access_entry","index":"arn:aws:iam::702865854817:role/bastion-iam-role","provider_name":"registry.terraform.io/hashicorp/aws","schema_version":0,"values":{"access_entry_arn":"arn:aws:eks:us-east-1:702865854817:access-entry/ase-eks-cluster/role/702865854817/bastion-iam-role/4acd6292-620b-8923-530f-ace5f601dc51","cluster_name":"ase-eks-cluster","created_at":"2025-11-27T11:48:32Z","id":"ase-eks-cluster:arn:aws:iam::702865854817:role/bastion-iam-role","kubernetes_groups":[],"modified_at":"2025-11-27T11:48:32Z","principal_arn":"arn:aws:iam::702865854817:role/bastion-iam-role","tags":{},"tags_all":{},"timeouts":null,"type":"STANDARD","user_name":"arn:aws:sts::702865854817:assumed-role/bastion-iam-role/{{SessionName}}"},"sensitive_values":{"kubernetes_groups":[],"tags":{},"tags_all":{}}},{"address":"module.eks.aws_eks_access_entry.eks_access_entry[\"arn:aws:iam::702865854817:role/ec2-instance-role-amrit\"]","mode":"managed","type":"aws_eks_access_entry","name":"eks_access_entry","index":"arn:aws:iam::702865854817:role/ec2-instance-role-amrit","provider_name":"registry.terraform.io/hashicorp/aws","schema_version":0,"values":{"access_entry_arn":"arn:aws:eks:us-east-1:702865854817:access-entry/ase-eks-cluster/role/702865854817/ec2-instance-role-amrit/60cd6293-6cd3-0789-5b70-b57c64f84739","cluster_name":"ase-eks-cluster","created_at":"2025-11-27T11:50:49Z","id":"ase-eks-cluster:arn:aws:iam::702865854817:role/ec2-instance-role-amrit","kubernetes_groups":[],"modified_at":"2025-11-27T11:50:49Z","principal_arn":"arn:aws:iam::702865854817:role/ec2-instance-role-amrit","tags":{},"tags_all":{},"timeouts":null,"type":"STANDARD","user_name":"arn:aws:sts::702865854817:assumed-role/ec2-instance-role-amrit/{{SessionName}}"},"sensitive_values":{"kubernetes_groups":[],"tags":{},"tags_all":{}}},{"address":"module.eks.aws_eks_access_entry.eks_access_entry[\"arn:aws:iam::702865854817:role/madhu-iam-role\"]","mode":"managed","type":"aws_eks_access_entry","name":"eks_access_entry","index":"arn:aws:iam::702865854817:role/madhu-iam-role","provider_name":"registry.terraform.io/hashicorp/aws","schema_version":0,"values":{"access_entry_arn":"arn:aws:eks:us-east-1:702865854817:access-entry/ase-eks-cluster/role/702865854817/madhu-iam-role/dacd67d5-202f-bad6-ac32-e6d8f7421d9b","cluster_name":"ase-eks-cluster","created_at":"2025-11-29T12:50:32Z","id":"ase-eks-cluster:arn:aws:iam::702865854817:role/madhu-iam-role","kubernetes_groups":[],"modified_at":"2025-11-29T12:50:32Z","principal_arn":"arn:aws:iam::702865854817:role/madhu-iam-role","tags":{},"tags_all":{},"timeouts":null,"type":"STANDARD","user_name":"arn:aws:sts::702865854817:assumed-role/madhu-iam-role/{{SessionName}}"},"sensitive_values":{"kubernetes_groups":[],"tags":{},"tags_all":{}}},{"address":"module.eks.aws_eks_access_entry.eks_access_entry[\"arn:aws:iam::702865854817:role/mejan-self-hosted-runner-bastion-role\"]","mode":"managed","type":"aws_eks_access_entry","name":"eks_access_entry","index":"arn:aws:iam::702865854817:role/mejan-self-hosted-runner-bastion-role","provider_name":"registry.terraform.io/hashicorp/aws","schema_version":0,"values":{"access_entry_arn":"arn:aws:eks:us-east-1:702865854817:access-entry/ase-eks-cluster/role/702865854817/mejan-self-hosted-runner-bastion-role/72cd6292-6212-c99b-b92d-576733ab3e80","cluster_name":"ase-eks-cluster","created_at":"2025-11-27T11:48:32Z","id":"ase-eks-cluster:arn:aws:iam::702865854817:role/mejan-self-hosted-runner-bastion-role","kubernetes_groups":[],"modified_at":"2025-11-27T11:48:32Z","principal_arn":"arn:aws:iam::702865854817:role/mejan-self-hosted-runner-bastion-role","tags":{},"tags_all":{},"timeouts":null,"type":"STANDARD","user_name":"arn:aws:sts::702865854817:assumed-role/mejan-self-hosted-runner-bastion-role/{{SessionName}}"},"sensitive_values":{"kubernetes_groups":[],"tags":{},"tags_all":{}}},{"address":"module.eks.aws_eks_access_policy_association.eks_access_policy_association[\"arn:aws:iam::702865854817:role/bastion-iam-role\"]","mode":"managed","type":"aws_eks_access_policy_association","name":"eks_access_policy_association","index":"arn:aws:iam::702865854817:role/bastion-iam-role","provider_name":"registry.terraform.io/hashicorp/aws","schema_version":0,"values":{"access_scope":[{"namespaces":[],"type":"cluster"}],"associated_at":"2025-11-27 11:48:33.086 +0000 UTC","cluster_name":"ase-eks-cluster","id":"ase-eks-cluster#arn:aws:iam::702865854817:role/bastion-iam-role#arn:aws:eks::aws:cluster-access-policy/AmazonEKSClusterAdminPolicy","modified_at":"2025-11-27 11:48:33.086 +0000 UTC","policy_arn":"arn:aws:eks::aws:cluster-access-policy/AmazonEKSClusterAdminPolicy","principal_arn":"arn:aws:iam::702865854817:role/bastion-iam-role","timeouts":null},"sensitive_values":{"access_scope":[{"namespaces":[]}]}},{"address":"module.eks.aws_eks_access_policy_association.eks_access_policy_association[\"arn:aws:iam::702865854817:role/ec2-instance-role-amrit\"]","mode":"managed","type":"aws_eks_access_policy_association","name":"eks_access_policy_association","index":"arn:aws:iam::702865854817:role/ec2-instance-role-amrit","provider_name":"registry.terraform.io/hashicorp/aws","schema_version":0,"values":{"access_scope":[{"namespaces":[],"type":"cluster"}],"associated_at":"2025-11-27 11:50:49.147 +0000 UTC","cluster_name":"ase-eks-cluster","id":"ase-eks-cluster#arn:aws:iam::702865854817:role/ec2-instance-role-amrit#arn:aws:eks::aws:cluster-access-policy/AmazonEKSClusterAdminPolicy","modified_at":"2025-11-27 11:50:49.147 +0000 UTC","policy_arn":"arn:aws:eks::aws:cluster-access-policy/AmazonEKSClusterAdminPolicy","principal_arn":"arn:aws:iam::702865854817:role/ec2-instance-role-amrit","timeouts":null},"sensitive_values":{"access_scope":[{"namespaces":[]}]}},{"address":"module.eks.aws_eks_access_policy_association.eks_access_policy_association[\"arn:aws:iam::702865854817:role/madhu-iam-role\"]","mode":"managed","type":"aws_eks_access_policy_association","name":"eks_access_policy_association","index":"arn:aws:iam::702865854817:role/madhu-iam-role","provider_name":"registry.terraform.io/hashicorp/aws","schema_version":0,"values":{"access_scope":[{"namespaces":[],"type":"cluster"}],"associated_at":"2025-11-29 12:50:32.834 +0000 UTC","cluster_name":"ase-eks-cluster","id":"ase-eks-cluster#arn:aws:iam::702865854817:role/madhu-iam-role#arn:aws:eks::aws:cluster-access-policy/AmazonEKSClusterAdminPolicy","modified_at":"2025-11-29 12:50:32.834 +0000 UTC","policy_arn":"arn:aws:eks::aws:cluster-access-policy/AmazonEKSClusterAdminPolicy","principal_arn":"arn:aws:iam::702865854817:role/madhu-iam-role","timeouts":null},"sensitive_values":{"access_scope":[{"namespaces":[]}]}},{"address":"module.eks.aws_eks_access_policy_association.eks_access_policy_association[\"arn:aws:iam::702865854817:role/mejan-self-hosted-runner-bastion-role\"]","mode":"managed","type":"aws_eks_access_policy_association","name":"eks_access_policy_association","index":"arn:aws:iam::702865854817:role/mejan-self-hosted-runner-bastion-role","provider_name":"registry.terraform.io/hashicorp/aws","schema_version":0,"values":{"access_scope":[{"namespaces":[],"type":"cluster"}],"associated_at":"2025-11-27 11:48:32.987 +0000 UTC","cluster_name":"ase-eks-cluster","id":"ase-eks-cluster#arn:aws:iam::702865854817:role/mejan-self-hosted-runner-bastion-role#arn:aws:eks::aws:cluster-access-policy/AmazonEKSClusterAdminPolicy","modified_at":"2025-11-27 11:48:32.987 +0000 UTC","policy_arn":"arn:aws:eks::aws:cluster-access-policy/AmazonEKSClusterAdminPolicy","principal_arn":"arn:aws:iam::702865854817:role/mejan-self-hosted-runner-bastion-role","timeouts":null},"sensitive_values":{"access_scope":[{"namespaces":[]}]}},{"address":"module.eks.aws_eks_addon.core_dns","mode":"managed","type":"aws_eks_addon","name":"core_dns","provider_name":"registry.terraform.io/hashicorp/aws","schema_version":0,"values":{"addon_name":"core-dns","addon_version":"v1.12.3-eksbuild.1","cluster_name":"ase-eks-cluster","pod_identity_association":[],"preserve":null,"resolve_conflicts":null,"resolve_conflicts_on_create":null,"resolve_conflicts_on_update":null,"service_account_role_arn":null,"tags":null,"timeouts":null},"sensitive_values":{"pod_identity_association":[],"tags_all":{}}},{"address":"module.eks.aws_eks_addon.kube_proxy","mode":"managed","type":"aws_eks_addon","name":"kube_proxy","provider_name":"registry.terraform.io/hashicorp/aws","schema_version":0,"values":{"addon_name":"kube-proxy","addon_version":"v1.34.1-eksbuild.2","cluster_name":"ase-eks-cluster","pod_identity_association":[],"preserve":null,"resolve_conflicts":null,"resolve_conflicts_on_create":null,"resolve_conflicts_on_update":null,"service_account_role_arn":null,"tags":null,"timeouts":null},"sensitive_values":{"pod_identity_association":[],"tags_all":{}}},{"address":"module.eks.aws_eks_addon.metrics_server","mode":"managed","type":"aws_eks_addon","name":"metrics_server","provider_name":"registry.terraform.io/hashicorp/aws","schema_version":0,"values":{"addon_name":"metrics-server","addon_version":"v0.8.0-eksbuild.5","cluster_name":"ase-eks-cluster","pod_identity_association":[],"preserve":null,"resolve_conflicts":null,"resolve_conflicts_on_create":null,"resolve_conflicts_on_update":null,"service_account_role_arn":null,"tags":null,"timeouts":null},"sensitive_values":{"pod_identity_association":[],"tags_all":{}}},{"address":"module.eks.aws_eks_cluster.eks_cluster","mode":"managed","type":"aws_eks_cluster","name":"eks_cluster","provider_name":"registry.terraform.io/hashicorp/aws","schema_version":1,"values":{"access_config":[{"authentication_mode":"API_AND_CONFIG_MAP","bootstrap_cluster_creator_admin_permissions":true}],"bootstrap_self_managed_addons":false,"compute_config":[],"enabled_cluster_log_types":null,"encryption_config":[],"force_update_version":null,"name":"ase-eks-cluster","outpost_config":[],"remote_network_config":[],"role_arn":"arn:aws:iam::702865854817:role/ase-eks-cluster-eks-cluster-role","storage_config":[],"tags":{"Name":"ase-eks-cluster"},"tags_all":{"Name":"ase-eks-cluster"},"timeouts":null,"vpc_config":[{"endpoint_private_access":true,"endpoint_public_access":false,"security_group_ids":null,"subnet_ids":["subnet-012449a54f5a918c4","subnet-0c5272bcf564c56e5"]}],"zonal_shift_config":[]},"sensitive_values":{"access_config":[{}],"certificate_authority":[],"compute_config":[],"encryption_config":[],"identity":[],"kubernetes_network_config":[],"outpost_config":[],"remote_network_config":[],"storage_config":[],"tags":{},"tags_all":{},"upgrade_policy":[],"vpc_config":[{"public_access_cidrs":[],"subnet_ids":[false,false]}],"zonal_shift_config":[]}},{"address":"module.eks.aws_eks_node_group.node_group","mode":"managed","type":"aws_eks_node_group","name":"node_group","provider_name":"registry.terraform.io/hashicorp/aws","schema_version":0,"values":{"ami_type":"AL2023_x86_64_STANDARD","arn":"arn:aws:eks:us-east-1:702865854817:nodegroup/ase-eks-cluster/ase-eks-cluster-node-group/48cd5d2e-20f7-dc8e-76d9-f7da1ea1a610","capacity_type":"ON_DEMAND","cluster_name":"ase-eks-cluster","disk_size":20,"force_update_version":null,"id":"ase-eks-cluster:ase-eks-cluster-node-group","instance_types":["t3.medium"],"labels":{},"launch_template":[],"node_group_name":"ase-eks-cluster-node-group","node_group_name_prefix":"","node_repair_config":[],"node_role_arn":"arn:aws:iam::702865854817:role/ase-eks-cluster-eks-node-group-role","release_version":"1.34.2-20251120","remote_access":[],"resources":[{"autoscaling_groups":[{"name":"eks-ase-eks-cluster-node-group-48cd5d2e-20f7-dc8e-76d9-f7da1ea1a610"}],"remote_access_security_group_id":""}],"scaling_config":[{"desired_size":2,"max_size":2,"min_size":2}],"status":"ACTIVE","subnet_ids":["subnet-012449a54f5a918c4","subnet-0c5272bcf564c56e5"],"tags":{"Name":"ase-eks-cluster-node-group"},"tags_all":{"Name":"ase-eks-cluster-node-group"},"taint":[],"timeouts":null,"update_config":[{"max_unavailable":1,"max_unavailable_percentage":0}],"version":"1.34"},"sensitive_values":{"instance_types":[false],"labels":{},"launch_template":[],"node_repair_config":[],"remote_access":[],"resources":[{"autoscaling_groups":[{}]}],"scaling_config":[{}],"subnet_ids":[false,false],"tags":{},"tags_all":{},"taint":[],"update_config":[{}]}},{"address":"module.eks.aws_iam_instance_profile.node_group","mode":"managed","type":"aws_iam_instance_profile","name":"node_group","provider_name":"registry.terraform.io/hashicorp/aws","schema_version":0,"values":{"name":"ase-eks-cluster-eks-node-group-instance-profile","path":"/","role":"ase-eks-cluster-eks-node-group-role","tags":null},"sensitive_values":{"tags_all":{}}},{"address":"module.eks.aws_iam_openid_connect_provider.eks_oidc","mode":"managed","type":"aws_iam_openid_connect_provider","name":"eks_oidc","provider_name":"registry.terraform.io/hashicorp/aws","schema_version":0,"values":{"client_id_list":["sts.amazonaws.com"],"tags":null},"sensitive_values":{"client_id_list":[false],"tags_all":{},"thumbprint_list":[]}},{"address":"module.eks.aws_iam_policy.alb_controller_policy","mode":"managed","type":"aws_iam_policy","name":"alb_controller_policy","provider_name":"registry.terraform.io/hashicorp/aws","schema_version":0,"values":{"arn":"arn:aws:iam::702865854817:policy/AWSLoadBalancerControllerIAMPolicy","attachment_count":2,"description":"IAM policy for ALB controller","id":"arn:aws:iam::702865854817:policy/AWSLoadBalancerControllerIAMPolicy","name":"AWSLoadBalancerControllerIAMPolicy","name_prefix":"","path":"/","policy":"{\"Statement\":[{\"Action\":[\"iam:CreateServiceLinkedRole\"],\"Condition\":{\"StringEquals\":{\"iam:AWSServiceName\":\"elasticloadbalancing.amazonaws.com\"}},\"Effect\":\"Allow\",\"Resource\":\"*\"},{\"Action\":[\"ec2:DescribeAccountAttributes\",\"ec2:DescribeAddresses\",\"ec2:DescribeAvailabilityZones\",\"ec2:DescribeInternetGateways\",\"ec2:DescribeVpcs\",\"ec2:DescribeVpcPeeringConnections\",\"ec2:DescribeSubnets\",\"ec2:DescribeSecurityGroups\",\"ec2:DescribeInstances\",\"ec2:DescribeNetworkInterfaces\",\"ec2:DescribeTags\",\"ec2:GetCoipPoolUsage\",\"ec2:DescribeCoipPools\",\"ec2:GetSecurityGroupsForVpc\",\"ec2:DescribeIpamPools\",\"ec2:DescribeRouteTables\",\"elasticloadbalancing:DescribeLoadBalancers\",\"elasticloadbalancing:DescribeLoadBalancerAttributes\",\"elasticloadbalancing:DescribeListeners\",\"elasticloadbalancing:DescribeListenerCertificates\",\"elasticloadbalancing:DescribeSSLPolicies\",\"elasticloadbalancing:DescribeRules\",\"elasticloadbalancing:DescribeTargetGroups\",\"elasticloadbalancing:DescribeTargetGroupAttributes\",\"elasticloadbalancing:DescribeTargetHealth\",\"elasticloadbalancing:DescribeTags\",\"elasticloadbalancing:DescribeTrustStores\",\"elasticloadbalancing:DescribeListenerAttributes\",\"elasticloadbalancing:DescribeCapacityReservation\"],\"Effect\":\"Allow\",\"Resource\":\"*\"},{\"Action\":[\"cognito-idp:DescribeUserPoolClient\",\"acm:ListCertificates\",\"acm:DescribeCertificate\",\"iam:ListServerCertificates\",\"iam:GetServerCertificate\",\"waf-regional:GetWebACL\",\"waf-regional:GetWebACLForResource\",\"waf-regional:AssociateWebACL\",\"waf-regional:DisassociateWebACL\",\"wafv2:GetWebACL\",\"wafv2:GetWebACLForResource\",\"wafv2:AssociateWebACL\",\"wafv2:DisassociateWebACL\",\"shield:GetSubscriptionState\",\"shield:DescribeProtection\",\"shield:CreateProtection\",\"shield:DeleteProtection\"],\"Effect\":\"Allow\",\"Resource\":\"*\"},{\"Action\":[\"ec2:AuthorizeSecurityGroupIngress\",\"ec2:RevokeSecurityGroupIngress\"],\"Effect\":\"Allow\",\"Resource\":\"*\"},{\"Action\":[\"ec2:CreateSecurityGroup\"],\"Effect\":\"Allow\",\"Resource\":\"*\"},{\"Action\":[\"ec2:CreateTags\"],\"Condition\":{\"Null\":{\"aws:RequestTag/elbv2.k8s.aws/cluster\":\"false\"},\"StringEquals\":{\"ec2:CreateAction\":\"CreateSecurityGroup\"}},\"Effect\":\"Allow\",\"Resource\":\"arn:aws:ec2:*:*:security-group/*\"},{\"Action\":[\"ec2:CreateTags\",\"ec2:DeleteTags\"],\"Condition\":{\"Null\":{\"aws:RequestTag/elbv2.k8s.aws/cluster\":\"true\",\"aws:ResourceTag/elbv2.k8s.aws/cluster\":\"false\"}},\"Effect\":\"Allow\",\"Resource\":\"arn:aws:ec2:*:*:security-group/*\"},{\"Action\":[\"ec2:AuthorizeSecurityGroupIngress\",\"ec2:RevokeSecurityGroupIngress\",\"ec2:DeleteSecurityGroup\"],\"Condition\":{\"Null\":{\"aws:ResourceTag/elbv2.k8s.aws/cluster\":\"false\"}},\"Effect\":\"Allow\",\"Resource\":\"*\"},{\"Action\":[\"elasticloadbalancing:CreateLoadBalancer\",\"elasticloadbalancing:CreateTargetGroup\"],\"Condition\":{\"Null\":{\"aws:RequestTag/elbv2.k8s.aws/cluster\":\"false\"}},\"Effect\":\"Allow\",\"Resource\":\"*\"},{\"Action\":[\"elasticloadbalancing:CreateListener\",\"elasticloadbalancing:DeleteListener\",\"elasticloadbalancing:CreateRule\",\"elasticloadbalancing:DeleteRule\"],\"Effect\":\"Allow\",\"Resource\":\"*\"},{\"Action\":[\"elasticloadbalancing:AddTags\",\"elasticloadbalancing:RemoveTags\"],\"Condition\":{\"Null\":{\"aws:RequestTag/elbv2.k8s.aws/cluster\":\"true\",\"aws:ResourceTag/elbv2.k8s.aws/cluster\":\"false\"}},\"Effect\":\"Allow\",\"Resource\":[\"arn:aws:elasticloadbalancing:*:*:targetgroup/*/*\",\"arn:aws:elasticloadbalancing:*:*:loadbalancer/net/*/*\",\"arn:aws:elasticloadbalancing:*:*:loadbalancer/app/*/*\"]},{\"Action\":[\"elasticloadbalancing:AddTags\",\"elasticloadbalancing:RemoveTags\"],\"Effect\":\"Allow\",\"Resource\":[\"arn:aws:elasticloadbalancing:*:*:listener/net/*/*/*\",\"arn:aws:elasticloadbalancing:*:*:listener/app/*/*/*\",\"arn:aws:elasticloadbalancing:*:*:listener-rule/net/*/*/*\",\"arn:aws:elasticloadbalancing:*:*:listener-rule/app/*/*/*\"]},{\"Action\":[\"elasticloadbalancing:ModifyLoadBalancerAttributes\",\"elasticloadbalancing:SetIpAddressType\",\"elasticloadbalancing:SetSecurityGroups\",\"elasticloadbalancing:SetSubnets\",\"elasticloadbalancing:DeleteLoadBalancer\",\"elasticloadbalancing:ModifyTargetGroup\",\"elasticloadbalancing:ModifyTargetGroupAttributes\",\"elasticloadbalancing:DeleteTargetGroup\",\"elasticloadbalancing:ModifyListenerAttributes\",\"elasticloadbalancing:ModifyCapacityReservation\",\"elasticloadbalancing:ModifyIpPools\"],\"Condition\":{\"Null\":{\"aws:ResourceTag/elbv2.k8s.aws/cluster\":\"false\"}},\"Effect\":\"Allow\",\"Resource\":\"*\"},{\"Action\":[\"elasticloadbalancing:AddTags\"],\"Condition\":{\"Null\":{\"aws:RequestTag/elbv2.k8s.aws/cluster\":\"false\"},\"StringEquals\":{\"elasticloadbalancing:CreateAction\":[\"CreateTargetGroup\",\"CreateLoadBalancer\"]}},\"Effect\":\"Allow\",\"Resource\":[\"arn:aws:elasticloadbalancing:*:*:targetgroup/*/*\",\"arn:aws:elasticloadbalancing:*:*:loadbalancer/net/*/*\",\"arn:aws:elasticloadbalancing:*:*:loadbalancer/app/*/*\"]},{\"Action\":[\"elasticloadbalancing:RegisterTargets\",\"elasticloadbalancing:DeregisterTargets\"],\"Effect\":\"Allow\",\"Resource\":\"arn:aws:elasticloadbalancing:*:*:targetgroup/*/*\"},{\"Action\":[\"elasticloadbalancing:SetWebAcl\",\"elasticloadbalancing:ModifyListener\",\"elasticloadbalancing:AddListenerCertificates\",\"elasticloadbalancing:RemoveListenerCertificates\",\"elasticloadbalancing:ModifyRule\",\"elasticloadbalancing:SetRulePriorities\"],\"Effect\":\"Allow\",\"Resource\":\"*\"}],\"Version\":\"2012-10-17\"}","policy_id":"ANPA2HJQR2FQZGL6BTVDQ","tags":{},"tags_all":{}},"sensitive_values":{"tags":{},"tags_all":{}}},{"address":"module.eks.aws_iam_role.alb_controller_role","mode":"managed","type":"aws_iam_role","name":"alb_controller_role","provider_name":"registry.terraform.io/hashicorp/aws","schema_version":0,"values":{"arn":"arn:aws:iam::702865854817:role/ase-eks-cluster-eks-alb-controller-role","create_date":"2025-11-25T09:33:22Z","description":"","force_detach_policies":false,"id":"ase-eks-cluster-eks-alb-controller-role","inline_policy":[],"managed_policy_arns":["arn:aws:iam::702865854817:policy/AWSLoadBalancerControllerIAMPolicy"],"max_session_duration":3600,"name":"ase-eks-cluster-eks-alb-controller-role","name_prefix":"","path":"/","permissions_boundary":"","tags":{},"tags_all":{},"unique_id":"AROA2HJQR2FQ4IFSDBAOI"},"sensitive_values":{"inline_policy":[],"managed_policy_arns":[false],"tags":{},"tags_all":{}}},{"address":"module.eks.aws_iam_role.cluster","mode":"managed","type":"aws_iam_role","name":"cluster","provider_name":"registry.terraform.io/hashicorp/aws","schema_version":0,"values":{"arn":"arn:aws:iam::702865854817:role/ase-eks-cluster-eks-cluster-role","assume_role_policy":"{\"Statement\":[{\"Action\":[\"sts:AssumeRole\",\"sts:TagSession\"],\"Effect\":\"Allow\",\"Principal\":{\"Service\":\"eks.amazonaws.com\"}}],\"Version\":\"2012-10-17\"}","create_date":"2025-11-25T09:22:28Z","description":"","force_detach_policies":false,"id":"ase-eks-cluster-eks-cluster-role","inline_policy":[],"managed_policy_arns":["arn:aws:iam::aws:policy/AmazonEKSClusterPolicy"],"max_session_duration":3600,"name":"ase-eks-cluster-eks-cluster-role","name_prefix":"","path":"/","permissions_boundary":"","tags":{},"tags_all":{},"unique_id":"AROA2HJQR2FQZFIELSH7V"},"sensitive_values":{"inline_policy":[],"managed_policy_arns":[false],"tags":{},"tags_all":{}}},{"address":"module.eks.aws_iam_role.irsa_role","mode":"managed","type":"aws_iam_role","name":"irsa_role","provider_name":"registry.terraform.io/hashicorp/aws","schema_version":0,"values":{"arn":"arn:aws:iam::702865854817:role/eks-training-example-irsa-role","create_date":"2025-11-25T09:33:23Z","description":"","force_detach_policies":false,"id":"eks-training-example-irsa-role","inline_policy":[],"managed_policy_arns":[],"max_session_duration":3600,"name":"eks-training-example-irsa-role","name_prefix":"","path":"/","permissions_boundary":"","tags":{},"tags_all":{},"unique_id":"AROA2HJQR2FQTBOGDO7ES"},"sensitive_values":{"inline_policy":[],"managed_policy_arns":[],"tags":{},"tags_all":{}}},{"address":"module.eks.aws_iam_role.node_group","mode":"managed","type":"aws_iam_role","name":"node_group","provider_name":"registry.terraform.io/hashicorp/aws","schema_version":0,"values":{"arn":"arn:aws:iam::702865854817:role/ase-eks-cluster-eks-node-group-role","assume_role_policy":"{\"Statement\":[{\"Action\":\"sts:AssumeRole\",\"Effect\":\"Allow\",\"Principal\":{\"Service\":\"ec2.amazonaws.com\"}}],\"Version\":\"2012-10-17\"}","create_date":"2025-11-25T09:22:28Z","description":"","force_detach_policies":false,"id":"ase-eks-cluster-eks-node-group-role","inline_policy":[],"managed_policy_arns":["arn:aws:iam::aws:policy/AmazonEC2ContainerRegistryReadOnly","arn:aws:iam::aws:policy/AmazonEKSWorkerNodePolicy","arn:aws:iam::aws:policy/AmazonEKS_CNI_Policy"],"max_session_duration":3600,"name":"ase-eks-cluster-eks-node-group-role","name_prefix":"","path":"/","permissions_boundary":"","tags":{},"tags_all":{},"unique_id":"AROA2HJQR2FQZKO36OK4P"},"sensitive_values":{"inline_policy":[],"managed_policy_arns":[false,false,false],"tags":{},"tags_all":{}}},{"address":"module.eks.aws_iam_role_policy_attachment.alb_controller_attach","mode":"managed","type":"aws_iam_role_policy_attachment","name":"alb_controller_attach","provider_name":"registry.terraform.io/hashicorp/aws","schema_version":0,"values":{"id":"ase-eks-cluster-eks-alb-controller-role-2025112509332468970000000f","policy_arn":"arn:aws:iam::702865854817:policy/AWSLoadBalancerControllerIAMPolicy","role":"ase-eks-cluster-eks-alb-controller-role"},"sensitive_values":{}},{"address":"module.eks.aws_iam_role_policy_attachment.eks_cluster_policy","mode":"managed","type":"aws_iam_role_policy_attachment","name":"eks_cluster_policy","provider_name":"registry.terraform.io/hashicorp/aws","schema_version":0,"values":{"id":"ase-eks-cluster-eks-cluster-role-20251125092229772200000001","policy_arn":"arn:aws:iam::aws:policy/AmazonEKSClusterPolicy","role":"ase-eks-cluster-eks-cluster-role"},"sensitive_values":{}},{"address":"module.eks.aws_iam_role_policy_attachment.node_group-AmazonEC2ContainerRegistryReadOnly","mode":"managed","type":"aws_iam_role_policy_attachment","name":"node_group-AmazonEC2ContainerRegistryReadOnly","provider_name":"registry.terraform.io/hashicorp/aws","schema_version":0,"values":{"id":"ase-eks-cluster-eks-node-group-role-20251125092229794400000002","policy_arn":"arn:aws:iam::aws:policy/AmazonEC2ContainerRegistryReadOnly","role":"ase-eks-cluster-eks-node-group-role"},"sensitive_values":{}},{"address":"module.eks.aws_iam_role_policy_attachment.node_group-AmazonEKSWorkerNodePolicy","mode":"managed","type":"aws_iam_role_policy_attachment","name":"node_group-AmazonEKSWorkerNodePolicy","provider_name":"registry.terraform.io/hashicorp/aws","schema_version":0,"values":{"id":"ase-eks-cluster-eks-node-group-role-20251125092229822300000004","policy_arn":"arn:aws:iam::aws:policy/AmazonEKSWorkerNodePolicy","role":"ase-eks-cluster-eks-node-group-role"},"sensitive_values":{}},{"address":"module.eks.aws_iam_role_policy_attachment.node_group-AmazonEKS_CNI_Policy","mode":"managed","type":"aws_iam_role_policy_attachment","name":"node_group-AmazonEKS_CNI_Policy","provider_name":"registry.terraform.io/hashicorp/aws","schema_version":0,"values":{"id":"ase-eks-cluster-eks-node-group-role-20251125092229816700000003","policy_arn":"arn:aws:iam::aws:policy/AmazonEKS_CNI_Policy","role":"ase-eks-cluster-eks-node-group-role"},"sensitive_values":{}},{"address":"module.eks.aws_kms_key.eks_launch_template_cmk","mode":"managed","type":"aws_kms_key","name":"eks_launch_template_cmk","provider_name":"registry.terraform.io/hashicorp/aws","schema_version":0,"values":{"bypass_policy_lockout_safety_check":false,"custom_key_store_id":null,"customer_master_key_spec":"SYMMETRIC_DEFAULT","deletion_window_in_days":20,"description":"KMS key for EKS Launch Template EBS volume encryption","enable_key_rotation":true,"is_enabled":true,"key_usage":"ENCRYPT_DECRYPT","policy":"{\"Id\":\"key-default-1\",\"Statement\":[{\"Action\":\"kms:*\",\"Effect\":\"Allow\",\"Principal\":{\"AWS\":\"arn:aws:iam::702865854817:root\"},\"Resource\":\"*\",\"Sid\":\"Enable IAM User Permissions\"},{\"Action\":[\"kms:ReplicateKey\",\"kms:Create*\",\"kms:Describe*\",\"kms:Enable*\",\"kms:List*\",\"kms:Put*\",\"kms:Update*\",\"kms:Revoke*\",\"kms:Disable*\",\"kms:Get*\",\"kms:Delete*\",\"kms:ScheduleKeyDeletion\",\"kms:CancelKeyDeletion\"],\"Effect\":\"Allow\",\"Principal\":{\"AWS\":\"arn:aws:iam::702865854817:user/*\"},\"Resource\":\"*\",\"Sid\":\"Allow administration of the key\"},{\"Action\":[\"kms:DescribeKey\",\"kms:Encrypt\",\"kms:Decrypt\",\"kms:ReEncrypt*\",\"kms:GenerateDataKey\",\"kms:GenerateDataKeyWithoutPlaintext\"],\"Effect\":\"Allow\",\"Principal\":{\"AWS\":\"arn:aws:iam::702865854817:user/*\"},\"Resource\":\"*\",\"Sid\":\"Allow use of the key\"},{\"Action\":[\"kms:Encrypt\",\"kms:Decrypt\",\"kms:ReEncrypt*\",\"kms:GenerateDataKey*\",\"kms:DescribeKey\"],\"Effect\":\"Allow\",\"Principal\":{\"Service\":\"ec2.amazonaws.com\"},\"Resource\":\"*\",\"Sid\":\"Allow EBS to use the key\"}],\"Version\":\"2012-10-17\"}","tags":null,"timeouts":null,"xks_key_id":null},"sensitive_values":{"tags_all":{}}},{"address":"module.eks.aws_launch_template.eks_launch_template","mode":"managed","type":"aws_launch_template","name":"eks_launch_template","provider_name":"registry.terraform.io/hashicorp/aws","schema_version":0,"values":{"block_device_mappings":[{"device_name":"/dev/sdf","ebs":[{"delete_on_termination":null,"encrypted":"true","snapshot_id":null,"volume_size":30}],"no_device":null,"virtual_name":null}],"capacity_reservation_specification":[{"capacity_reservation_preference":"open","capacity_reservation_target":[]}],"cpu_options":[{"amd_sev_snp":null,"core_count":2,"threads_per_core":1}],"credit_specification":[{"cpu_credits":"standard"}],"description":null,"disable_api_stop":true,"disable_api_termination":true,"ebs_optimized":"true","elastic_gpu_specifications":[],"elastic_inference_accelerator":[],"enclave_options":[],"hibernation_options":[],"iam_instance_profile":[{"arn":null,"name":"ase-eks-cluster-eks-node-group-instance-profile"}],"image_id":"ami-0fa3fe0fa7920f68e","instance_initiated_shutdown_behavior":"terminate","instance_market_options":[{"market_type":"spot","spot_options":[]}],"instance_requirements":[],"instance_type":"t3.medium","kernel_id":null,"key_name":"eks-key","license_specification":[],"maintenance_options":[],"metadata_options":[{"http_endpoint":"enabled","http_put_response_hop_limit":1,"http_tokens":"required","instance_metadata_tags":"enabled"}],"monitoring":[{"enabled":true}],"name":"ase-eks-cluster-launch-template","network_interfaces":[{"associate_carrier_ip_address":null,"associate_public_ip_address":"false","connection_tracking_specification":[],"delete_on_termination":null,"description":null,"device_index":null,"ena_srd_specification":[],"interface_type":null,"ipv4_address_count":null,"ipv4_addresses":null,"ipv4_prefix_count":null,"ipv4_prefixes":null,"ipv6_address_count":null,"ipv6_addresses":null,"ipv6_prefix_count":null,"ipv6_prefixes":null,"network_card_index":null,"network_interface_id":null,"primary_ipv6":null,"private_ip_address":null,"security_groups":null,"subnet_id":null}],"placement":[{"affinity":null,"availability_zone":"us-east-1a","group_name":null,"host_id":null,"host_resource_group_arn":null,"partition_number":null,"spread_domain":null,"tenancy":null}],"private_dns_name_options":[],"ram_disk_id":null,"security_group_names":null,"tag_specifications":[{"resource_type":"instance","tags":{"Name":"ase-eks-cluster-launch-template"}}],"tags":null,"update_default_version":null,"user_data":null},"sensitive_values":{"block_device_mappings":[{"ebs":[{}]}],"capacity_reservation_specification":[{"capacity_reservation_target":[]}],"cpu_options":[{}],"credit_specification":[{}],"elastic_gpu_specifications":[],"elastic_inference_accelerator":[],"enclave_options":[],"hibernation_options":[],"iam_instance_profile":[{}],"instance_market_options":[{"spot_options":[]}],"instance_requirements":[],"license_specification":[],"maintenance_options":[],"metadata_options":[{}],"monitoring":[{}],"network_interfaces":[{"connection_tracking_specification":[],"ena_srd_specification":[]}],"placement":[{}],"private_dns_name_options":[],"tag_specifications":[{"tags":{}}],"tags_all":{},"vpc_security_group_ids":[]}},{"address":"module.eks.data.aws_eks_cluster.eks","mode":"data","type":"aws_eks_cluster","name":"eks","provider_name":"registry.terraform.io/hashicorp/aws","schema_version":0,"values":{"name":"ase-eks-cluster"},"sensitive_values":{"access_config":[],"certificate_authority":[],"compute_config":[],"enabled_cluster_log_types":[],"identity":[],"kubernetes_network_config":[],"outpost_config":[],"remote_network_config":[],"storage_config":[],"tags":{},"upgrade_policy":[],"vpc_config":[],"zonal_shift_config":[]}},{"address":"module.eks.data.tls_certificate.oidc","mode":"data","type":"tls_certificate","name":"oidc","provider_name":"registry.terraform.io/hashicorp/tls","schema_version":0,"values":{"content":null,"verify_chain":null},"sensitive_values":{"certificates":[]}}],"address":"module.eks"},{"resources":[{"address":"module.rds_mysql[0].aws_db_instance.main[0]","mode":"managed","type":"aws_db_instance","name":"main","index":0,"provider_name":"registry.terraform.io/hashicorp/aws","schema_version":2,"values":{"address":"eks-shared-infra-prod-db.cmfqow4ewt10.us-east-1.rds.amazonaws.com","allocated_storage":20,"allow_major_version_upgrade":null,"apply_immediately":false,"arn":"arn:aws:rds:us-east-1:702865854817:db:eks-shared-infra-prod-db","auto_minor_version_upgrade":true,"availability_zone":"us-east-1a","backup_retention_period":0,"backup_target":"region","backup_window":"03:36-04:06","blue_green_update":[],"ca_cert_identifier":"rds-ca-rsa2048-g1","character_set_name":"","copy_tags_to_snapshot":false,"custom_iam_instance_profile":"","customer_owned_ip_enabled":false,"database_insights_mode":"standard","db_name":"webappdb","db_subnet_group_name":"eks-shared-infra-prod-sng","dedicated_log_volume":false,"delete_automated_backups":true,"deletion_protection":false,"domain":"","domain_auth_secret_arn":"","domain_dns_ips":[],"domain_fqdn":"","domain_iam_role_name":"","domain_ou":"","enabled_cloudwatch_logs_exports":[],"endpoint":"eks-shared-infra-prod-db.cmfqow4ewt10.us-east-1.rds.amazonaws.com:3306","engine":"mysql","engine_lifecycle_support":"open-source-rds-extended-support","engine_version":"8.0.43","engine_version_actual":"8.0.43","final_snapshot_identifier":null,"hosted_zone_id":"Z2R2ITUGPM61AM","iam_database_authentication_enabled":false,"id":"db-BST3PTDLVH2NUEXIMGPIYLLHDY","identifier":"eks-shared-infra-prod-db","identifier_prefix":"","instance_class":"db.t3.micro","iops":0,"kms_key_id":"","latest_restorable_time":"","license_model":"general-public-license","listener_endpoint":[],"maintenance_window":"wed:09:07-wed:09:37","manage_master_user_password":null,"master_user_secret":[],"master_user_secret_kms_key_id":null,"max_allocated_storage":0,"monitoring_interval":0,"monitoring_role_arn":"","multi_az":false,"nchar_character_set_name":"","network_type":"IPV4","option_group_name":"default:mysql-8-0","parameter_group_name":"default.mysql8.0","password":";T*9D!K#OM~P.X)?","password_wo":null,"password_wo_version":null,"performance_insights_enabled":false,"performance_insights_kms_key_id":"","performance_insights_retention_period":0,"port":3306,"publicly_accessible":false,"replica_mode":"","replicas":[],"replicate_source_db":"","resource_id":"db-BST3PTDLVH2NUEXIMGPIYLLHDY","restore_to_point_in_time":[],"s3_import":[],"skip_final_snapshot":true,"snapshot_identifier":null,"status":"available","storage_encrypted":false,"storage_throughput":0,"storage_type":"gp2","tags":{"Environment":"prod","Name":"eks-shared-infra-prod-db","Project":"eks-shared-infra"},"tags_all":{"Environment":"prod","Name":"eks-shared-infra-prod-db","Project":"eks-shared-infra"},"timeouts":null,"timezone":"","upgrade_storage_config":null,"username":"postgresadmin","vpc_security_group_ids":["sg-01374f25740781e8c"]},"sensitive_values":{"blue_green_update":[],"domain_dns_ips":[],"enabled_cloudwatch_logs_exports":[],"listener_endpoint":[],"master_user_secret":[],"password":true,"password_wo":true,"replicas":[],"restore_to_point_in_time":[],"s3_import":[],"tags":{},"tags_all":{},"username":true,"vpc_security_group_ids":[false]}},{"address":"module.rds_mysql[0].aws_db_subnet_group.main[0]","mode":"managed","type":"aws_db_subnet_group","name":"main","index":0,"provider_name":"registry.terraform.io/hashicorp/aws","schema_version":0,"values":{"arn":"arn:aws:rds:us-east-1:702865854817:subgrp:eks-shared-infra-prod-sng","description":"Managed by Terraform","id":"eks-shared-infra-prod-sng","name":"eks-shared-infra-prod-sng","name_prefix":"","subnet_ids":["subnet-012449a54f5a918c4","subnet-0c5272bcf564c56e5"],"supported_network_types":["IPV4"],"tags":{"Environment":"prod","Name":"eks-shared-infra-prod-sng","Project":"eks-shared-infra"},"tags_all":{"Environment":"prod","Name":"eks-shared-infra-prod-sng","Project":"eks-shared-infra"},"vpc_id":"vpc-0545578f6f72b4ecc"},"sensitive_values":{"subnet_ids":[false,false],"supported_network_types":[false],"tags":{},"tags_all":{}}},{"address":"module.rds_mysql[0].aws_secretsmanager_secret.db_credentials[0]","mode":"managed","type":"aws_secretsmanager_secret","name":"db_credentials","index":0,"provider_name":"registry.terraform.io/hashicorp/aws","schema_version":0,"values":{"arn":"arn:aws:secretsmanager:us-east-1:702865854817:secret:eks-shared-infra-prod-db-credentials-8VGv8r","description":"","force_overwrite_replica_secret":false,"id":"arn:aws:secretsmanager:us-east-1:702865854817:secret:eks-shared-infra-prod-db-credentials-8VGv8r","kms_key_id":"","name":"eks-shared-infra-prod-db-credentials","name_prefix":"","policy":"","recovery_window_in_days":30,"replica":[],"tags":{"Environment":"prod","Project":"eks-shared-infra"},"tags_all":{"Environment":"prod","Project":"eks-shared-infra"}},"sensitive_values":{"replica":[],"tags":{},"tags_all":{}}},{"address":"module.rds_mysql[0].aws_secretsmanager_secret_version.db_credentials[0]","mode":"managed","type":"aws_secretsmanager_secret_version","name":"db_credentials","index":0,"provider_name":"registry.terraform.io/hashicorp/aws","schema_version":0,"values":{"arn":"arn:aws:secretsmanager:us-east-1:702865854817:secret:eks-shared-infra-prod-db-credentials-8VGv8r","has_secret_string_wo":null,"id":"arn:aws:secretsmanager:us-east-1:702865854817:secret:eks-shared-infra-prod-db-credentials-8VGv8r|terraform-20251125093514975300000011","secret_binary":"","secret_id":"arn:aws:secretsmanager:us-east-1:702865854817:secret:eks-shared-infra-prod-db-credentials-8VGv8r","secret_string":"{\"password\":\";T*9D!K#OM~P.X)?\",\"username\":\"postgresadmin\"}","secret_string_wo":null,"secret_string_wo_version":null,"version_id":"terraform-20251125093514975300000011","version_stages":[]},"sensitive_values":{"secret_binary":true,"secret_string":true,"secret_string_wo":true,"version_stages":[]}},{"address":"module.rds_mysql[0].random_password.db_password[0]","mode":"managed","type":"random_password","name":"db_password","index":0,"provider_name":"registry.terraform.io/hashicorp/random","schema_version":3,"values":{"bcrypt_hash":"$2a$10$WAa1sFcZ96AGHoZVjofOF.CIa75QZKX4Zib86NocZg4w/gNlmFh7C","id":"none","keepers":null,"length":16,"lower":true,"min_lower":0,"min_numeric":0,"min_special":0,"min_upper":0,"number":true,"numeric":true,"override_special":"!#$%\u0026'()*+,-.:;\u003c=\u003e?[]^_`{|}~","result":";T*9D!K#OM~P.X)?","special":true,"upper":true},"sensitive_values":{"bcrypt_hash":true,"result":true}}],"address":"module.rds_mysql[0]"},{"resources":[{"address":"module.vpc.aws_eip.nat[\"us-east-1a\"]","mode":"managed","type":"aws_eip","name":"nat","index":"us-east-1a","provider_name":"registry.terraform.io/hashicorp/aws","schema_version":0,"values":{"address":null,"allocation_id":"eipalloc-0a4e2929936277259","arn":"arn:aws:ec2:us-east-1:702865854817:elastic-ip/eipalloc-0a4e2929936277259","associate_with_private_ip":null,"association_id":"eipassoc-00ee07a2a761d5068","carrier_ip":"","customer_owned_ip":"","customer_owned_ipv4_pool":"","domain":"vpc","id":"eipalloc-0a4e2929936277259","instance":"","ipam_pool_id":null,"network_border_group":"us-east-1","network_interface":"eni-051edc96e13deca89","private_dns":"ip-10-0-0-210.ec2.internal","private_ip":"10.0.0.210","ptr_record":"","public_dns":"ec2-98-87-203-11.compute-1.amazonaws.com","public_ip":"98.87.203.11","public_ipv4_pool":"amazon","tags":{"Name":"nat-eip-us-east-1a"},"tags_all":{"Name":"nat-eip-us-east-1a"},"timeouts":null,"vpc":true},"sensitive_values":{"tags":{},"tags_all":{}}},{"address":"module.vpc.aws_eip.nat[\"us-east-1b\"]","mode":"managed","type":"aws_eip","name":"nat","index":"us-east-1b","provider_name":"registry.terraform.io/hashicorp/aws","schema_version":0,"values":{"address":null,"allocation_id":"eipalloc-06ba0311a75553d23","arn":"arn:aws:ec2:us-east-1:702865854817:elastic-ip/eipalloc-06ba0311a75553d23","associate_with_private_ip":null,"association_id":"eipassoc-0ea505efd2f2d2fcb","carrier_ip":"","customer_owned_ip":"","customer_owned_ipv4_pool":"","domain":"vpc","id":"eipalloc-06ba0311a75553d23","instance":"","ipam_pool_id":null,"network_border_group":"us-east-1","network_interface":"eni-03607c184a9e96c01","private_dns":"ip-10-0-2-74.ec2.internal","private_ip":"10.0.2.74","ptr_record":"","public_dns":"ec2-54-84-5-18.compute-1.amazonaws.com","public_ip":"54.84.5.18","public_ipv4_pool":"amazon","tags":{"Name":"nat-eip-us-east-1b"},"tags_all":{"Name":"nat-eip-us-east-1b"},"timeouts":null,"vpc":true},"sensitive_values":{"tags":{},"tags_all":{}}},{"address":"module.vpc.aws_internet_gateway.igw[0]","mode":"managed","type":"aws_internet_gateway","name":"igw","index":0,"provider_name":"registry.terraform.io/hashicorp/aws","schema_version":0,"values":{"arn":"arn:aws:ec2:us-east-1:702865854817:internet-gateway/igw-058535bc61458d3bb","id":"igw-058535bc61458d3bb","owner_id":"702865854817","tags":{"Name":"igw"},"tags_all":{"Name":"igw"},"timeouts":null,"vpc_id":"vpc-0545578f6f72b4ecc"},"sensitive_values":{"tags":{},"tags_all":{}}},{"address":"module.vpc.aws_nat_gateway.nat[\"us-east-1a\"]","mode":"managed","type":"aws_nat_gateway","name":"nat","index":"us-east-1a","provider_name":"registry.terraform.io/hashicorp/aws","schema_version":0,"values":{"allocation_id":"eipalloc-0a4e2929936277259","association_id":"eipassoc-00ee07a2a761d5068","connectivity_type":"public","id":"nat-0f7efbd336d689533","network_interface_id":"eni-051edc96e13deca89","private_ip":"10.0.0.210","public_ip":"98.87.203.11","secondary_allocation_ids":[],"secondary_private_ip_address_count":0,"secondary_private_ip_addresses":[],"subnet_id":"subnet-07fd067e0f1fd7c49","tags":{"Name":"nat-gw-us-east-1a"},"tags_all":{"Name":"nat-gw-us-east-1a"},"timeouts":null},"sensitive_values":{"secondary_allocation_ids":[],"secondary_private_ip_addresses":[],"tags":{},"tags_all":{}}},{"address":"module.vpc.aws_nat_gateway.nat[\"us-east-1b\"]","mode":"managed","type":"aws_nat_gateway","name":"nat","index":"us-east-1b","provider_name":"registry.terraform.io/hashicorp/aws","schema_version":0,"values":{"allocation_id":"eipalloc-06ba0311a75553d23","association_id":"eipassoc-0ea505efd2f2d2fcb","connectivity_type":"public","id":"nat-03891fec7393f41d9","network_interface_id":"eni-03607c184a9e96c01","private_ip":"10.0.2.74","public_ip":"54.84.5.18","secondary_allocation_ids":[],"secondary_private_ip_address_count":0,"secondary_private_ip_addresses":[],"subnet_id":"subnet-0c99340e104ab7bf0","tags":{"Name":"nat-gw-us-east-1b"},"tags_all":{"Name":"nat-gw-us-east-1b"},"timeouts":null},"sensitive_values":{"secondary_allocation_ids":[],"secondary_private_ip_addresses":[],"tags":{},"tags_all":{}}},{"address":"module.vpc.aws_route.private_nat_gw[\"us-east-1a\"]","mode":"managed","type":"aws_route","name":"private_nat_gw","index":"us-east-1a","provider_name":"registry.terraform.io/hashicorp/aws","schema_version":0,"values":{"carrier_gateway_id":"","core_network_arn":"","destination_cidr_block":"0.0.0.0/0","destination_ipv6_cidr_block":"","destination_prefix_list_id":"","egress_only_gateway_id":"","gateway_id":"","id":"r-rtb-087f5e58deee89ae21080289494","instance_id":"","instance_owner_id":"","local_gateway_id":"","nat_gateway_id":"nat-0f7efbd336d689533","network_interface_id":"","origin":"CreateRoute","route_table_id":"rtb-087f5e58deee89ae2","state":"active","timeouts":null,"transit_gateway_id":"","vpc_endpoint_id":"","vpc_peering_connection_id":""},"sensitive_values":{}},{"address":"module.vpc.aws_route.private_nat_gw[\"us-east-1b\"]","mode":"managed","type":"aws_route","name":"private_nat_gw","index":"us-east-1b","provider_name":"registry.terraform.io/hashicorp/aws","schema_version":0,"values":{"carrier_gateway_id":"","core_network_arn":"","destination_cidr_block":"0.0.0.0/0","destination_ipv6_cidr_block":"","destination_prefix_list_id":"","egress_only_gateway_id":"","gateway_id":"","id":"r-rtb-05c80660d5601821f1080289494","instance_id":"","instance_owner_id":"","local_gateway_id":"","nat_gateway_id":"nat-03891fec7393f41d9","network_interface_id":"","origin":"CreateRoute","route_table_id":"rtb-05c80660d5601821f","state":"active","timeouts":null,"transit_gateway_id":"","vpc_endpoint_id":"","vpc_peering_connection_id":""},"sensitive_values":{}},{"address":"module.vpc.aws_route.public_internet[\"us-east-1a\"]","mode":"managed","type":"aws_route","name":"public_internet","index":"us-east-1a","provider_name":"registry.terraform.io/hashicorp/aws","schema_version":0,"values":{"carrier_gateway_id":"","core_network_arn":"","destination_cidr_block":"0.0.0.0/0","destination_ipv6_cidr_block":"","destination_prefix_list_id":"","egress_only_gateway_id":"","gateway_id":"igw-058535bc61458d3bb","id":"r-rtb-02ee5f7fd5f8a06191080289494","instance_id":"","instance_owner_id":"","local_gateway_id":"","nat_gateway_id":"","network_interface_id":"","origin":"CreateRoute","route_table_id":"rtb-02ee5f7fd5f8a0619","state":"active","timeouts":null,"transit_gateway_id":"","vpc_endpoint_id":"","vpc_peering_connection_id":""},"sensitive_values":{}},{"address":"module.vpc.aws_route.public_internet[\"us-east-1b\"]","mode":"managed","type":"aws_route","name":"public_internet","index":"us-east-1b","provider_name":"registry.terraform.io/hashicorp/aws","schema_version":0,"values":{"carrier_gateway_id":"","core_network_arn":"","destination_cidr_block":"0.0.0.0/0","destination_ipv6_cidr_block":"","destination_prefix_list_id":"","egress_only_gateway_id":"","gateway_id":"igw-058535bc61458d3bb","id":"r-rtb-0f07e261d5bb05e7a1080289494","instance_id":"","instance_owner_id":"","local_gateway_id":"","nat_gateway_id":"","network_interface_id":"","origin":"CreateRoute","route_table_id":"rtb-0f07e261d5bb05e7a","state":"active","timeouts":null,"transit_gateway_id":"","vpc_endpoint_id":"","vpc_peering_connection_id":""},"sensitive_values":{}},{"address":"module.vpc.aws_route_table.private[\"us-east-1a\"]","mode":"managed","type":"aws_route_table","name":"private","index":"us-east-1a","provider_name":"registry.terraform.io/hashicorp/aws","schema_version":0,"values":{"arn":"arn:aws:ec2:us-east-1:702865854817:route-table/rtb-087f5e58deee89ae2","id":"rtb-087f5e58deee89ae2","owner_id":"702865854817","propagating_vgws":[],"route":[{"carrier_gateway_id":"","cidr_block":"0.0.0.0/0","core_network_arn":"","destination_prefix_list_id":"","egress_only_gateway_id":"","gateway_id":"","ipv6_cidr_block":"","local_gateway_id":"","nat_gateway_id":"nat-0f7efbd336d689533","network_interface_id":"","transit_gateway_id":"","vpc_endpoint_id":"","vpc_peering_connection_id":""}],"tags":{"Name":"private-rt-us-east-1a"},"tags_all":{"Name":"private-rt-us-east-1a"},"timeouts":null,"vpc_id":"vpc-0545578f6f72b4ecc"},"sensitive_values":{"propagating_vgws":[],"route":[{}],"tags":{},"tags_all":{}}},{"address":"module.vpc.aws_route_table.private[\"us-east-1b\"]","mode":"managed","type":"aws_route_table","name":"private","index":"us-east-1b","provider_name":"registry.terraform.io/hashicorp/aws","schema_version":0,"values":{"arn":"arn:aws:ec2:us-east-1:702865854817:route-table/rtb-05c80660d5601821f","id":"rtb-05c80660d5601821f","owner_id":"702865854817","propagating_vgws":[],"route":[{"carrier_gateway_id":"","cidr_block":"0.0.0.0/0","core_network_arn":"","destination_prefix_list_id":"","egress_only_gateway_id":"","gateway_id":"","ipv6_cidr_block":"","local_gateway_id":"","nat_gateway_id":"nat-03891fec7393f41d9","network_interface_id":"","transit_gateway_id":"","vpc_endpoint_id":"","vpc_peering_connection_id":""}],"tags":{"Name":"private-rt-us-east-1b"},"tags_all":{"Name":"private-rt-us-east-1b"},"timeouts":null,"vpc_id":"vpc-0545578f6f72b4ecc"},"sensitive_values":{"propagating_vgws":[],"route":[{}],"tags":{},"tags_all":{}}},{"address":"module.vpc.aws_route_table.public[\"us-east-1a\"]","mode":"managed","type":"aws_route_table","name":"public","index":"us-east-1a","provider_name":"registry.terraform.io/hashicorp/aws","schema_version":0,"values":{"arn":"arn:aws:ec2:us-east-1:702865854817:route-table/rtb-02ee5f7fd5f8a0619","id":"rtb-02ee5f7fd5f8a0619","owner_id":"702865854817","propagating_vgws":[],"route":[{"carrier_gateway_id":"","cidr_block":"0.0.0.0/0","core_network_arn":"","destination_prefix_list_id":"","egress_only_gateway_id":"","gateway_id":"igw-058535bc61458d3bb","ipv6_cidr_block":"","local_gateway_id":"","nat_gateway_id":"","network_interface_id":"","transit_gateway_id":"","vpc_endpoint_id":"","vpc_peering_connection_id":""}],"tags":{"Name":"public-rt-us-east-1a"},"tags_all":{"Name":"public-rt-us-east-1a"},"timeouts":null,"vpc_id":"vpc-0545578f6f72b4ecc"},"sensitive_values":{"propagating_vgws":[],"route":[{}],"tags":{},"tags_all":{}}},{"address":"module.vpc.aws_route_table.public[\"us-east-1b\"]","mode":"managed","type":"aws_route_table","name":"public","index":"us-east-1b","provider_name":"registry.terraform.io/hashicorp/aws","schema_version":0,"values":{"arn":"arn:aws:ec2:us-east-1:702865854817:route-table/rtb-0f07e261d5bb05e7a","id":"rtb-0f07e261d5bb05e7a","owner_id":"702865854817","propagating_vgws":[],"route":[{"carrier_gateway_id":"","cidr_block":"0.0.0.0/0","core_network_arn":"","destination_prefix_list_id":"","egress_only_gateway_id":"","gateway_id":"igw-058535bc61458d3bb","ipv6_cidr_block":"","local_gateway_id":"","nat_gateway_id":"","network_interface_id":"","transit_gateway_id":"","vpc_endpoint_id":"","vpc_peering_connection_id":""}],"tags":{"Name":"public-rt-us-east-1b"},"tags_all":{"Name":"public-rt-us-east-1b"},"timeouts":null,"vpc_id":"vpc-0545578f6f72b4ecc"},"sensitive_values":{"propagating_vgws":[],"route":[{}],"tags":{},"tags_all":{}}},{"address":"module.vpc.aws_route_table_association.private[\"us-east-1a\"]","mode":"managed","type":"aws_route_table_association","name":"private","index":"us-east-1a","provider_name":"registry.terraform.io/hashicorp/aws","schema_version":0,"values":{"gateway_id":"","id":"rtbassoc-0210afd9a18e8fa4a","route_table_id":"rtb-087f5e58deee89ae2","subnet_id":"subnet-012449a54f5a918c4","timeouts":null},"sensitive_values":{}},{"address":"module.vpc.aws_route_table_association.private[\"us-east-1b\"]","mode":"managed","type":"aws_route_table_association","name":"private","index":"us-east-1b","provider_name":"registry.terraform.io/hashicorp/aws","schema_version":0,"values":{"gateway_id":"","id":"rtbassoc-0906ae509a0e13691","route_table_id":"rtb-05c80660d5601821f","subnet_id":"subnet-0c5272bcf564c56e5","timeouts":null},"sensitive_values":{}},{"address":"module.vpc.aws_route_table_association.public[\"us-east-1a\"]","mode":"managed","type":"aws_route_table_association","name":"public","index":"us-east-1a","provider_name":"registry.terraform.io/hashicorp/aws","schema_version":0,"values":{"gateway_id":"","id":"rtbassoc-08c5a2e1942a34aee","route_table_id":"rtb-02ee5f7fd5f8a0619","subnet_id":"subnet-07fd067e0f1fd7c49","timeouts":null},"sensitive_values":{}},{"address":"module.vpc.aws_route_table_association.public[\"us-east-1b\"]","mode":"managed","type":"aws_route_table_association","name":"public","index":"us-east-1b","provider_name":"registry.terraform.io/hashicorp/aws","schema_version":0,"values":{"gateway_id":"","id":"rtbassoc-0c95cfd1bb667f681","route_table_id":"rtb-0f07e261d5bb05e7a","subnet_id":"subnet-0c99340e104ab7bf0","timeouts":null},"sensitive_values":{}},{"address":"module.vpc.aws_subnet.private[\"us-east-1a\"]","mode":"managed","type":"aws_subnet","name":"private","index":"us-east-1a","provider_name":"registry.terraform.io/hashicorp/aws","schema_version":1,"values":{"arn":"arn:aws:ec2:us-east-1:702865854817:subnet/subnet-012449a54f5a918c4","assign_ipv6_address_on_creation":false,"availability_zone":"us-east-1a","availability_zone_id":"use1-az6","cidr_block":"10.0.1.0/24","customer_owned_ipv4_pool":"","enable_dns64":false,"enable_lni_at_device_index":0,"enable_resource_name_dns_a_record_on_launch":false,"enable_resource_name_dns_aaaa_record_on_launch":false,"id":"subnet-012449a54f5a918c4","ipv6_cidr_block":"","ipv6_cidr_block_association_id":"","ipv6_native":false,"map_customer_owned_ip_on_launch":false,"map_public_ip_on_launch":false,"outpost_arn":"","owner_id":"702865854817","private_dns_hostname_type_on_launch":"ip-name","tags":{"Name":"private-us-east-1a"},"tags_all":{"Name":"private-us-east-1a"},"timeouts":null,"vpc_id":"vpc-0545578f6f72b4ecc"},"sensitive_values":{"tags":{},"tags_all":{}}},{"address":"module.vpc.aws_subnet.private[\"us-east-1b\"]","mode":"managed","type":"aws_subnet","name":"private","index":"us-east-1b","provider_name":"registry.terraform.io/hashicorp/aws","schema_version":1,"values":{"arn":"arn:aws:ec2:us-east-1:702865854817:subnet/subnet-0c5272bcf564c56e5","assign_ipv6_address_on_creation":false,"availability_zone":"us-east-1b","availability_zone_id":"use1-az1","cidr_block":"10.0.3.0/24","customer_owned_ipv4_pool":"","enable_dns64":false,"enable_lni_at_device_index":0,"enable_resource_name_dns_a_record_on_launch":false,"enable_resource_name_dns_aaaa_record_on_launch":false,"id":"subnet-0c5272bcf564c56e5","ipv6_cidr_block":"","ipv6_cidr_block_association_id":"","ipv6_native":false,"map_customer_owned_ip_on_launch":false,"map_public_ip_on_launch":false,"outpost_arn":"","owner_id":"702865854817","private_dns_hostname_type_on_launch":"ip-name","tags":{"Name":"private-us-east-1b"},"tags_all":{"Name":"private-us-east-1b"},"timeouts":null,"vpc_id":"vpc-0545578f6f72b4ecc"},"sensitive_values":{"tags":{},"tags_all":{}}},{"address":"module.vpc.aws_subnet.public[\"us-east-1a\"]","mode":"managed","type":"aws_subnet","name":"public","index":"us-east-1a","provider_name":"registry.terraform.io/hashicorp/aws","schema_version":1,"values":{"arn":"arn:aws:ec2:us-east-1:702865854817:subnet/subnet-07fd067e0f1fd7c49","assign_ipv6_address_on_creation":false,"availability_zone":"us-east-1a","availability_zone_id":"use1-az6","cidr_block":"10.0.0.0/24","customer_owned_ipv4_pool":"","enable_dns64":false,"enable_lni_at_device_index":0,"enable_resource_name_dns_a_record_on_launch":false,"enable_resource_name_dns_aaaa_record_on_launch":false,"id":"subnet-07fd067e0f1fd7c49","ipv6_cidr_block":"","ipv6_cidr_block_association_id":"","ipv6_native":false,"map_customer_owned_ip_on_launch":false,"map_public_ip_on_launch":true,"outpost_arn":"","owner_id":"702865854817","private_dns_hostname_type_on_launch":"ip-name","tags":{"Name":"public-us-east-1a"},"tags_all":{"Name":"public-us-east-1a"},"timeouts":null,"vpc_id":"vpc-0545578f6f72b4ecc"},"sensitive_values":{"tags":{},"tags_all":{}}},{"address":"module.vpc.aws_subnet.public[\"us-east-1b\"]","mode":"managed","type":"aws_subnet","name":"public","index":"us-east-1b","provider_name":"registry.terraform.io/hashicorp/aws","schema_version":1,"values":{"arn":"arn:aws:ec2:us-east-1:702865854817:subnet/subnet-0c99340e104ab7bf0","assign_ipv6_address_on_creation":false,"availability_zone":"us-east-1b","availability_zone_id":"use1-az1","cidr_block":"10.0.2.0/24","customer_owned_ipv4_pool":"","enable_dns64":false,"enable_lni_at_device_index":0,"enable_resource_name_dns_a_record_on_launch":false,"enable_resource_name_dns_aaaa_record_on_launch":false,"id":"subnet-0c99340e104ab7bf0","ipv6_cidr_block":"","ipv6_cidr_block_association_id":"","ipv6_native":false,"map_customer_owned_ip_on_launch":false,"map_public_ip_on_launch":true,"outpost_arn":"","owner_id":"702865854817","private_dns_hostname_type_on_launch":"ip-name","tags":{"Name":"public-us-east-1b"},"tags_all":{"Name":"public-us-east-1b"},"timeouts":null,"vpc_id":"vpc-0545578f6f72b4ecc"},"sensitive_values":{"tags":{},"tags_all":{}}},{"address":"module.vpc.aws_vpc.main","mode":"managed","type":"aws_vpc","name":"main","provider_name":"registry.terraform.io/hashicorp/aws","schema_version":1,"values":{"arn":"arn:aws:ec2:us-east-1:702865854817:vpc/vpc-0545578f6f72b4ecc","assign_generated_ipv6_cidr_block":false,"cidr_block":"10.0.0.0/16","default_network_acl_id":"acl-0f754e4a2da1e0b9d","default_route_table_id":"rtb-025bfc0092c836562","default_security_group_id":"sg-0172add3e786a4da9","dhcp_options_id":"dopt-0aa4395b0aed71d81","enable_dns_hostnames":true,"enable_dns_support":true,"enable_network_address_usage_metrics":false,"id":"vpc-0545578f6f72b4ecc","instance_tenancy":"default","ipv4_ipam_pool_id":null,"ipv4_netmask_length":null,"ipv6_association_id":"","ipv6_cidr_block":"","ipv6_cidr_block_network_border_group":"","ipv6_ipam_pool_id":"","ipv6_netmask_length":0,"main_route_table_id":"rtb-025bfc0092c836562","owner_id":"702865854817","tags":{"Name":"eks-shared-infra-vpc"},"tags_all":{"Name":"eks-shared-infra-vpc"}},"sensitive_values":{"tags":{},"tags_all":{}}}],"address":"module.vpc"}]}},"resource_changes":[{"address":"aws_security_group.eks_to_rds_prod[0]","mode":"managed","type":"aws_security_group","name":"eks_to_rds_prod","index":0,"provider_name":"registry.terraform.io/hashicorp/aws","change":{"actions":["no-op"],"before":{"arn":"arn:aws:ec2:us-east-1:702865854817:security-group/sg-01374f25740781e8c","description":"Allow EKS cluster to connect to RDS MySQL","egress":[{"cidr_blocks":["0.0.0.0/0"],"description":"","from_port":0,"ipv6_cidr_blocks":[],"prefix_list_ids":[],"protocol":"-1","security_groups":[],"self":false,"to_port":0}],"id":"sg-01374f25740781e8c","ingress":[{"cidr_blocks":["10.0.0.0/16"],"description":"Allow inbound MySQL from the EKS service","from_port":3306,"ipv6_cidr_blocks":[],"prefix_list_ids":[],"protocol":"tcp","security_groups":[],"self":false,"to_port":3306}],"name":"eks-to-rds-prod-0","name_prefix":"","owner_id":"702865854817","revoke_rules_on_delete":false,"tags":{"Name":"eks-to-rds-prod-0"},"tags_all":{"Name":"eks-to-rds-prod-0"},"timeouts":null,"vpc_id":"vpc-0545578f6f72b4ecc"},"after":{"arn":"arn:aws:ec2:us-east-1:702865854817:security-group/sg-01374f25740781e8c","description":"Allow EKS cluster to connect to RDS MySQL","egress":[{"cidr_blocks":["0.0.0.0/0"],"description":"","from_port":0,"ipv6_cidr_blocks":[],"prefix_list_ids":[],"protocol":"-1","security_groups":[],"self":false,"to_port":0}],"id":"sg-01374f25740781e8c","ingress":[{"cidr_blocks":["10.0.0.0/16"],"description":"Allow inbound MySQL from the EKS service","from_port":3306,"ipv6_cidr_blocks":[],"prefix_list_ids":[],"protocol":"tcp","security_groups":[],"self":false,"to_port":3306}],"name":"eks-to-rds-prod-0","name_prefix":"","owner_id":"702865854817","revoke_rules_on_delete":false,"tags":{"Name":"eks-to-rds-prod-0"},"tags_all":{"Name":"eks-to-rds-prod-0"},"timeouts":null,"vpc_id":"vpc-0545578f6f72b4ecc"},"after_unknown":{},"before_sensitive":{"egress":[{"cidr_blocks":[false],"ipv6_cidr_blocks":[],"prefix_list_ids":[],"security_groups":[]}],"ingress":[{"cidr_blocks":[false],"ipv6_cidr_blocks":[],"prefix_list_ids":[],"security_groups":[]}],"tags":{},"tags_all":{}},"after_sensitive":{"egress":[{"cidr_blocks":[false],"ipv6_cidr_blocks":[],"prefix_list_ids":[],"security_groups":[]}],"ingress":[{"cidr_blocks":[false],"ipv6_cidr_blocks":[],"prefix_list_ids":[],"security_groups":[]}],"tags":{},"tags_all":{}}}},{"address":"aws_security_group.eks_worker_node_sg","mode":"managed","type":"aws_security_group","name":"eks_worker_node_sg","provider_name":"registry.terraform.io/hashicorp/aws","change":{"actions":["create"],"before":null,"after":{"description":"Security group for EKS worker nodes","egress":[{"cidr_blocks":["0.0.0.0/0"],"description":"","from_port":0,"ipv6_cidr_blocks":[],"prefix_list_ids":[],"protocol":"-1","security_groups":[],"self":false,"to_port":0}],"ingress":[{"cidr_blocks":["10.0.0.0/16"],"description":"Allow bastion to access worker nodes","from_port":443,"ipv6_cidr_blocks":[],"prefix_list_ids":[],"protocol":"tcp","security_groups":[],"self":false,"to_port":443}],"name":"eks-worker-node-sg","revoke_rules_on_delete":false,"tags":null,"timeouts":null,"vpc_id":"vpc-0545578f6f72b4ecc"},"after_unknown":{"arn":true,"egress":[{"cidr_blocks":[false],"ipv6_cidr_blocks":[],"prefix_list_ids":[],"security_groups":[]}],"id":true,"ingress":[{"cidr_blocks":[false],"ipv6_cidr_blocks":[],"prefix_list_ids":[],"security_groups":[]}],"name_prefix":true,"owner_id":true,"tags_all":true},"before_sensitive":false,"after_sensitive":{"egress":[{"cidr_blocks":[false],"ipv6_cidr_blocks":[],"prefix_list_ids":[],"security_groups":[]}],"ingress":[{"cidr_blocks":[false],"ipv6_cidr_blocks":[],"prefix_list_ids":[],"security_groups":[]}],"tags_all":{}}}},{"address":"aws_security_group_rule.bastion_to_eks_controlplane","mode":"managed","type":"aws_security_group_rule","name":"bastion_to_eks_controlplane","provider_name":"registry.terraform.io/hashicorp/aws","change":{"actions":["delete","create"],"before":{"cidr_blocks":["10.0.0.0/16"],"description":"Allow bastion to access EKS API endpoint","from_port":443,"id":"sgrule-4135913408","ipv6_cidr_blocks":null,"prefix_list_ids":null,"protocol":"tcp","security_group_id":"sg-00703db57aba423a7","security_group_rule_id":"sgr-024617f594730b649","self":false,"source_security_group_id":null,"timeouts":null,"to_port":443,"type":"ingress"},"after":{"cidr_blocks":["10.0.0.0/16"],"description":"Allow bastion to access EKS API endpoint","from_port":443,"ipv6_cidr_blocks":null,"prefix_list_ids":null,"protocol":"tcp","self":false,"timeouts":null,"to_port":443,"type":"ingress"},"after_unknown":{"cidr_blocks":[false],"id":true,"security_group_id":true,"security_group_rule_id":true,"source_security_group_id":true},"before_sensitive":{"cidr_blocks":[false]},"after_sensitive":{"cidr_blocks":[false]},"replace_paths":[["security_group_id"]]},"action_reason":"replace_because_cannot_update"},{"address":"aws_security_group_rule.node_to_node","mode":"managed","type":"aws_security_group_rule","name":"node_to_node","provider_name":"registry.terraform.io/hashicorp/aws","change":{"actions":["create"],"before":null,"after":{"cidr_blocks":null,"description":"Allow worker nodes to communicate with each other","from_port":0,"ipv6_cidr_blocks":null,"prefix_list_ids":null,"protocol":"-1","self":false,"timeouts":null,"to_port":0,"type":"ingress"},"after_unknown":{"id":true,"security_group_id":true,"security_group_rule_id":true,"source_security_group_id":true},"before_sensitive":false,"after_sensitive":{}}},{"address":"module.ec2.aws_iam_instance_profile.runner_profile","module_address":"module.ec2","mode":"managed","type":"aws_iam_instance_profile","name":"runner_profile","provider_name":"registry.terraform.io/hashicorp/aws","change":{"actions":["no-op"],"before":{"arn":"arn:aws:iam::702865854817:instance-profile/self-hosted-runner-profile","create_date":"2025-11-25T09:22:30Z","id":"self-hosted-runner-profile","name":"self-hosted-runner-profile","name_prefix":"","path":"/","role":"self-hosted-runner-role","tags":{},"tags_all":{},"unique_id":"AIPA2HJQR2FQUEDNFUUMP"},"after":{"arn":"arn:aws:iam::702865854817:instance-profile/self-hosted-runner-profile","create_date":"2025-11-25T09:22:30Z","id":"self-hosted-runner-profile","name":"self-hosted-runner-profile","name_prefix":"","path":"/","role":"self-hosted-runner-role","tags":{},"tags_all":{},"unique_id":"AIPA2HJQR2FQUEDNFUUMP"},"after_unknown":{},"before_sensitive":{"tags":{},"tags_all":{}},"after_sensitive":{"tags":{},"tags_all":{}}}},{"address":"module.ec2.aws_iam_role.runner_role","module_address":"module.ec2","mode":"managed","type":"aws_iam_role","name":"runner_role","provider_name":"registry.terraform.io/hashicorp/aws","change":{"actions":["no-op"],"before":{"arn":"arn:aws:iam::702865854817:role/self-hosted-runner-role","assume_role_policy":"{\"Statement\":[{\"Action\":\"sts:AssumeRole\",\"Effect\":\"Allow\",\"Principal\":{\"Service\":\"ec2.amazonaws.com\"}}],\"Version\":\"2012-10-17\"}","create_date":"2025-11-25T09:22:28Z","description":"","force_detach_policies":false,"id":"self-hosted-runner-role","inline_policy":[{"name":"eks-access-policy","policy":"{\"Version\":\"2012-10-17\",\"Statement\":[{\"Action\":[\"eks:DescribeCluster\",\"eks:ListClusters\",\"eks:AccessKubernetesApi\",\"eks:DescribeClusterVersions\",\"cloudformation:ListStacks\",\"eks:ListNodegroups\",\"eks:DescribeNodegroup\",\"iam:GetOpenIDConnectProvider\",\"cloudformation:CreateStack\",\"cloudformation:DescribeStacks\",\"cloudformation:UpdateTerminationProtection\",\"cloudformation:DeleteStack\",\"cloudformation:UpdateStack\",\"iam:CreateRole\",\"iam:AttachRolePolicy\",\"iam:PutRolePolicy\",\"iam:DeleteRole\",\"iam:DetachRolePolicy\",\"iam:DeleteRolePolicy\",\"iam:ListRoles\",\"iam:GetRole\",\"iam:TagRole\",\"ec2imds: GetMetadata\"],\"Effect\":\"Allow\",\"Resource\":\"*\"}]}"}],"managed_policy_arns":["arn:aws:iam::aws:policy/AmazonEC2ContainerRegistryPowerUser","arn:aws:iam::aws:policy/AmazonSSMManagedInstanceCore"],"max_session_duration":3600,"name":"self-hosted-runner-role","name_prefix":"","path":"/","permissions_boundary":"","tags":{},"tags_all":{},"unique_id":"AROA2HJQR2FQ22DLIQBES"},"after":{"arn":"arn:aws:iam::702865854817:role/self-hosted-runner-role","assume_role_policy":"{\"Statement\":[{\"Action\":\"sts:AssumeRole\",\"Effect\":\"Allow\",\"Principal\":{\"Service\":\"ec2.amazonaws.com\"}}],\"Version\":\"2012-10-17\"}","create_date":"2025-11-25T09:22:28Z","description":"","force_detach_policies":false,"id":"self-hosted-runner-role","inline_policy":[{"name":"eks-access-policy","policy":"{\"Version\":\"2012-10-17\",\"Statement\":[{\"Action\":[\"eks:DescribeCluster\",\"eks:ListClusters\",\"eks:AccessKubernetesApi\",\"eks:DescribeClusterVersions\",\"cloudformation:ListStacks\",\"eks:ListNodegroups\",\"eks:DescribeNodegroup\",\"iam:GetOpenIDConnectProvider\",\"cloudformation:CreateStack\",\"cloudformation:DescribeStacks\",\"cloudformation:UpdateTerminationProtection\",\"cloudformation:DeleteStack\",\"cloudformation:UpdateStack\",\"iam:CreateRole\",\"iam:AttachRolePolicy\",\"iam:PutRolePolicy\",\"iam:DeleteRole\",\"iam:DetachRolePolicy\",\"iam:DeleteRolePolicy\",\"iam:ListRoles\",\"iam:GetRole\",\"iam:TagRole\",\"ec2imds: GetMetadata\"],\"Effect\":\"Allow\",\"Resource\":\"*\"}]}"}],"managed_policy_arns":["arn:aws:iam::aws:policy/AmazonEC2ContainerRegistryPowerUser","arn:aws:iam::aws:policy/AmazonSSMManagedInstanceCore"],"max_session_duration":3600,"name":"self-hosted-runner-role","name_prefix":"","path":"/","permissions_boundary":"","tags":{},"tags_all":{},"unique_id":"AROA2HJQR2FQ22DLIQBES"},"after_unknown":{},"before_sensitive":{"inline_policy":[{}],"managed_policy_arns":[false,false],"tags":{},"tags_all":{}},"after_sensitive":{"inline_policy":[{}],"managed_policy_arns":[false,false],"tags":{},"tags_all":{}}}},{"address":"module.ec2.aws_iam_role_policy.eks_access_policy","module_address":"module.ec2","mode":"managed","type":"aws_iam_role_policy","name":"eks_access_policy","provider_name":"registry.terraform.io/hashicorp/aws","change":{"actions":["no-op"],"before":{"id":"self-hosted-runner-role:eks-access-policy","name":"eks-access-policy","name_prefix":"","policy":"{\"Version\":\"2012-10-17\",\"Statement\":[{\"Action\":[\"eks:DescribeCluster\",\"eks:ListClusters\",\"eks:AccessKubernetesApi\",\"eks:DescribeClusterVersions\",\"cloudformation:ListStacks\",\"eks:ListNodegroups\",\"eks:DescribeNodegroup\",\"iam:GetOpenIDConnectProvider\",\"cloudformation:CreateStack\",\"cloudformation:DescribeStacks\",\"cloudformation:UpdateTerminationProtection\",\"cloudformation:DeleteStack\",\"cloudformation:UpdateStack\",\"iam:CreateRole\",\"iam:AttachRolePolicy\",\"iam:PutRolePolicy\",\"iam:DeleteRole\",\"iam:DetachRolePolicy\",\"iam:DeleteRolePolicy\",\"iam:ListRoles\",\"iam:GetRole\",\"iam:TagRole\",\"ec2imds: GetMetadata\"],\"Effect\":\"Allow\",\"Resource\":\"*\"}]}","role":"self-hosted-runner-role"},"after":{"id":"self-hosted-runner-role:eks-access-policy","name":"eks-access-policy","name_prefix":"","policy":"{\"Version\":\"2012-10-17\",\"Statement\":[{\"Action\":[\"eks:DescribeCluster\",\"eks:ListClusters\",\"eks:AccessKubernetesApi\",\"eks:DescribeClusterVersions\",\"cloudformation:ListStacks\",\"eks:ListNodegroups\",\"eks:DescribeNodegroup\",\"iam:GetOpenIDConnectProvider\",\"cloudformation:CreateStack\",\"cloudformation:DescribeStacks\",\"cloudformation:UpdateTerminationProtection\",\"cloudformation:DeleteStack\",\"cloudformation:UpdateStack\",\"iam:CreateRole\",\"iam:AttachRolePolicy\",\"iam:PutRolePolicy\",\"iam:DeleteRole\",\"iam:DetachRolePolicy\",\"iam:DeleteRolePolicy\",\"iam:ListRoles\",\"iam:GetRole\",\"iam:TagRole\",\"ec2imds: GetMetadata\"],\"Effect\":\"Allow\",\"Resource\":\"*\"}]}","role":"self-hosted-runner-role"},"after_unknown":{},"before_sensitive":{},"after_sensitive":{}}},{"address":"module.ec2.aws_iam_role_policy_attachment.ecr_policy","module_address":"module.ec2","mode":"managed","type":"aws_iam_role_policy_attachment","name":"ecr_policy","provider_name":"registry.terraform.io/hashicorp/aws","change":{"actions":["no-op"],"before":{"id":"self-hosted-runner-role-20251125092230163600000005","policy_arn":"arn:aws:iam::aws:policy/AmazonEC2ContainerRegistryPowerUser","role":"self-hosted-runner-role"},"after":{"id":"self-hosted-runner-role-20251125092230163600000005","policy_arn":"arn:aws:iam::aws:policy/AmazonEC2ContainerRegistryPowerUser","role":"self-hosted-runner-role"},"after_unknown":{},"before_sensitive":{},"after_sensitive":{}}},{"address":"module.ec2.aws_iam_role_policy_attachment.ssm_policy","module_address":"module.ec2","mode":"managed","type":"aws_iam_role_policy_attachment","name":"ssm_policy","provider_name":"registry.terraform.io/hashicorp/aws","change":{"actions":["no-op"],"before":{"id":"self-hosted-runner-role-20251125092230181100000006","policy_arn":"arn:aws:iam::aws:policy/AmazonSSMManagedInstanceCore","role":"self-hosted-runner-role"},"after":{"id":"self-hosted-runner-role-20251125092230181100000006","policy_arn":"arn:aws:iam::aws:policy/AmazonSSMManagedInstanceCore","role":"self-hosted-runner-role"},"after_unknown":{},"before_sensitive":{},"after_sensitive":{}}},{"address":"module.ec2.aws_instance.ec2_instance","module_address":"module.ec2","mode":"managed","type":"aws_instance","name":"ec2_instance","provider_name":"registry.terraform.io/hashicorp/aws","change":{"actions":["no-op"],"before":{"ami":"ami-0fa3fe0fa7920f68e","arn":"arn:aws:ec2:us-east-1:702865854817:instance/i-039e8acd7c17ce80b","associate_public_ip_address":true,"availability_zone":"us-east-1a","capacity_reservation_specification":[{"capacity_reservation_preference":"open","capacity_reservation_target":[]}],"cpu_core_count":1,"cpu_options":[{"amd_sev_snp":"","core_count":1,"threads_per_core":2}],"cpu_threads_per_core":2,"credit_specification":[{"cpu_credits":"unlimited"}],"disable_api_stop":false,"disable_api_termination":false,"ebs_block_device":[],"ebs_optimized":false,"enable_primary_ipv6":null,"enclave_options":[{"enabled":false}],"ephemeral_block_device":[],"get_password_data":false,"hibernation":false,"host_id":"","host_resource_group_arn":null,"iam_instance_profile":"self-hosted-runner-profile","id":"i-039e8acd7c17ce80b","instance_initiated_shutdown_behavior":"stop","instance_lifecycle":"","instance_market_options":[],"instance_state":"running","instance_type":"t3.micro","ipv6_address_count":0,"ipv6_addresses":[],"key_name":"eks-key","launch_template":[],"maintenance_options":[{"auto_recovery":"default"}],"metadata_options":[{"http_endpoint":"enabled","http_protocol_ipv6":"disabled","http_put_response_hop_limit":2,"http_tokens":"required","instance_metadata_tags":"disabled"}],"monitoring":false,"network_interface":[],"outpost_arn":"","password_data":"","placement_group":"","placement_partition_number":0,"primary_network_interface_id":"eni-08c8fac5a8e07493e","private_dns":"ip-10-0-0-227.ec2.internal","private_dns_name_options":[{"enable_resource_name_dns_a_record":false,"enable_resource_name_dns_aaaa_record":false,"hostname_type":"ip-name"}],"private_ip":"10.0.0.227","public_dns":"ec2-54-81-20-153.compute-1.amazonaws.com","public_ip":"54.81.20.153","root_block_device":[{"delete_on_termination":true,"device_name":"/dev/xvda","encrypted":false,"iops":3000,"kms_key_id":"","tags":{},"tags_all":{},"throughput":125,"volume_id":"vol-09041da869fbe1689","volume_size":25,"volume_type":"gp3"}],"secondary_private_ips":[],"security_groups":[],"source_dest_check":true,"spot_instance_request_id":"","subnet_id":"subnet-07fd067e0f1fd7c49","tags":{},"tags_all":{},"tenancy":"default","timeouts":null,"user_data":null,"user_data_base64":null,"user_data_replace_on_change":false,"volume_tags":null,"vpc_security_group_ids":["sg-085a08baf24e0c296"]},"after":{"ami":"ami-0fa3fe0fa7920f68e","arn":"arn:aws:ec2:us-east-1:702865854817:instance/i-039e8acd7c17ce80b","associate_public_ip_address":true,"availability_zone":"us-east-1a","capacity_reservation_specification":[{"capacity_reservation_preference":"open","capacity_reservation_target":[]}],"cpu_core_count":1,"cpu_options":[{"amd_sev_snp":"","core_count":1,"threads_per_core":2}],"cpu_threads_per_core":2,"credit_specification":[{"cpu_credits":"unlimited"}],"disable_api_stop":false,"disable_api_termination":false,"ebs_block_device":[],"ebs_optimized":false,"enable_primary_ipv6":null,"enclave_options":[{"enabled":false}],"ephemeral_block_device":[],"get_password_data":false,"hibernation":false,"host_id":"","host_resource_group_arn":null,"iam_instance_profile":"self-hosted-runner-profile","id":"i-039e8acd7c17ce80b","instance_initiated_shutdown_behavior":"stop","instance_lifecycle":"","instance_market_options":[],"instance_state":"running","instance_type":"t3.micro","ipv6_address_count":0,"ipv6_addresses":[],"key_name":"eks-key","launch_template":[],"maintenance_options":[{"auto_recovery":"default"}],"metadata_options":[{"http_endpoint":"enabled","http_protocol_ipv6":"disabled","http_put_response_hop_limit":2,"http_tokens":"required","instance_metadata_tags":"disabled"}],"monitoring":false,"network_interface":[],"outpost_arn":"","password_data":"","placement_group":"","placement_partition_number":0,"primary_network_interface_id":"eni-08c8fac5a8e07493e","private_dns":"ip-10-0-0-227.ec2.internal","private_dns_name_options":[{"enable_resource_name_dns_a_record":false,"enable_resource_name_dns_aaaa_record":false,"hostname_type":"ip-name"}],"private_ip":"10.0.0.227","public_dns":"ec2-54-81-20-153.compute-1.amazonaws.com","public_ip":"54.81.20.153","root_block_device":[{"delete_on_termination":true,"device_name":"/dev/xvda","encrypted":false,"iops":3000,"kms_key_id":"","tags":{},"tags_all":{},"throughput":125,"volume_id":"vol-09041da869fbe1689","volume_size":25,"volume_type":"gp3"}],"secondary_private_ips":[],"security_groups":[],"source_dest_check":true,"spot_instance_request_id":"","subnet_id":"subnet-07fd067e0f1fd7c49","tags":{},"tags_all":{},"tenancy":"default","timeouts":null,"user_data":null,"user_data_base64":null,"user_data_replace_on_change":false,"volume_tags":null,"vpc_security_group_ids":["sg-085a08baf24e0c296"]},"after_unknown":{},"before_sensitive":{"capacity_reservation_specification":[{"capacity_reservation_target":[]}],"cpu_options":[{}],"credit_specification":[{}],"ebs_block_device":[],"enclave_options":[{}],"ephemeral_block_device":[],"instance_market_options":[],"ipv6_addresses":[],"launch_template":[],"maintenance_options":[{}],"metadata_options":[{}],"network_interface":[],"private_dns_name_options":[{}],"root_block_device":[{"tags":{},"tags_all":{}}],"secondary_private_ips":[],"security_groups":[],"tags":{},"tags_all":{},"vpc_security_group_ids":[false]},"after_sensitive":{"capacity_reservation_specification":[{"capacity_reservation_target":[]}],"cpu_options":[{}],"credit_specification":[{}],"ebs_block_device":[],"enclave_options":[{}],"ephemeral_block_device":[],"instance_market_options":[],"ipv6_addresses":[],"launch_template":[],"maintenance_options":[{}],"metadata_options":[{}],"network_interface":[],"private_dns_name_options":[{}],"root_block_device":[{"tags":{},"tags_all":{}}],"secondary_private_ips":[],"security_groups":[],"tags":{},"tags_all":{},"vpc_security_group_ids":[false]}}},{"address":"module.ec2.aws_security_group.ec2_sg[0]","module_address":"module.ec2","mode":"managed","type":"aws_security_group","name":"ec2_sg","index":0,"provider_name":"registry.terraform.io/hashicorp/aws","change":{"actions":["no-op"],"before":{"arn":"arn:aws:ec2:us-east-1:702865854817:security-group/sg-085a08baf24e0c296","description":"Security Group for instance","egress":[{"cidr_blocks":["0.0.0.0/0"],"description":"","from_port":0,"ipv6_cidr_blocks":[],"prefix_list_ids":[],"protocol":"-1","security_groups":[],"self":false,"to_port":0}],"id":"sg-085a08baf24e0c296","ingress":[{"cidr_blocks":["0.0.0.0/0"],"description":"Allow HTTP","from_port":80,"ipv6_cidr_blocks":[],"prefix_list_ids":[],"protocol":"tcp","security_groups":[],"self":false,"to_port":80},{"cidr_blocks":["0.0.0.0/0"],"description":"Allow HTTPS","from_port":443,"ipv6_cidr_blocks":[],"prefix_list_ids":[],"protocol":"tcp","security_groups":[],"self":false,"to_port":443},{"cidr_blocks":["0.0.0.0/0"],"description":"Allow SSH","from_port":22,"ipv6_cidr_blocks":[],"prefix_list_ids":[],"protocol":"tcp","security_groups":[],"self":false,"to_port":22}],"name":"ec2-sg","name_prefix":"","owner_id":"702865854817","revoke_rules_on_delete":false,"tags":{},"tags_all":{},"timeouts":null,"vpc_id":"vpc-0545578f6f72b4ecc"},"after":{"arn":"arn:aws:ec2:us-east-1:702865854817:security-group/sg-085a08baf24e0c296","description":"Security Group for instance","egress":[{"cidr_blocks":["0.0.0.0/0"],"description":"","from_port":0,"ipv6_cidr_blocks":[],"prefix_list_ids":[],"protocol":"-1","security_groups":[],"self":false,"to_port":0}],"id":"sg-085a08baf24e0c296","ingress":[{"cidr_blocks":["0.0.0.0/0"],"description":"Allow HTTP","from_port":80,"ipv6_cidr_blocks":[],"prefix_list_ids":[],"protocol":"tcp","security_groups":[],"self":false,"to_port":80},{"cidr_blocks":["0.0.0.0/0"],"description":"Allow HTTPS","from_port":443,"ipv6_cidr_blocks":[],"prefix_list_ids":[],"protocol":"tcp","security_groups":[],"self":false,"to_port":443},{"cidr_blocks":["0.0.0.0/0"],"description":"Allow SSH","from_port":22,"ipv6_cidr_blocks":[],"prefix_list_ids":[],"protocol":"tcp","security_groups":[],"self":false,"to_port":22}],"name":"ec2-sg","name_prefix":"","owner_id":"702865854817","revoke_rules_on_delete":false,"tags":{},"tags_all":{},"timeouts":null,"vpc_id":"vpc-0545578f6f72b4ecc"},"after_unknown":{},"before_sensitive":{"egress":[{"cidr_blocks":[false],"ipv6_cidr_blocks":[],"prefix_list_ids":[],"security_groups":[]}],"ingress":[{"cidr_blocks":[false],"ipv6_cidr_blocks":[],"prefix_list_ids":[],"security_groups":[]},{"cidr_blocks":[false],"ipv6_cidr_blocks":[],"prefix_list_ids":[],"security_groups":[]},{"cidr_blocks":[false],"ipv6_cidr_blocks":[],"prefix_list_ids":[],"security_groups":[]}],"tags":{},"tags_all":{}},"after_sensitive":{"egress":[{"cidr_blocks":[false],"ipv6_cidr_blocks":[],"prefix_list_ids":[],"security_groups":[]}],"ingress":[{"cidr_blocks":[false],"ipv6_cidr_blocks":[],"prefix_list_ids":[],"security_groups":[]},{"cidr_blocks":[false],"ipv6_cidr_blocks":[],"prefix_list_ids":[],"security_groups":[]},{"cidr_blocks":[false],"ipv6_cidr_blocks":[],"prefix_list_ids":[],"security_groups":[]}],"tags":{},"tags_all":{}}}},{"address":"module.eks.data.aws_eks_cluster.eks","module_address":"module.eks","mode":"data","type":"aws_eks_cluster","name":"eks","provider_name":"registry.terraform.io/hashicorp/aws","change":{"actions":["read"],"before":null,"after":{"name":"ase-eks-cluster"},"after_unknown":{"access_config":true,"arn":true,"certificate_authority":true,"cluster_id":true,"compute_config":true,"created_at":true,"enabled_cluster_log_types":true,"endpoint":true,"id":true,"identity":true,"kubernetes_network_config":true,"outpost_config":true,"platform_version":true,"remote_network_config":true,"role_arn":true,"status":true,"storage_config":true,"tags":true,"upgrade_policy":true,"version":true,"vpc_config":true,"zonal_shift_config":true},"before_sensitive":false,"after_sensitive":{"access_config":[],"certificate_authority":[],"compute_config":[],"enabled_cluster_log_types":[],"identity":[],"kubernetes_network_config":[],"outpost_config":[],"remote_network_config":[],"storage_config":[],"tags":{},"upgrade_policy":[],"vpc_config":[],"zonal_shift_config":[]}},"action_reason":"read_because_dependency_pending"},{"address":"module.eks.data.tls_certificate.oidc","module_address":"module.eks","mode":"data","type":"tls_certificate","name":"oidc","provider_name":"registry.terraform.io/hashicorp/tls","change":{"actions":["read"],"before":null,"after":{"content":null,"verify_chain":null},"after_unknown":{"certificates":true,"id":true,"url":true},"before_sensitive":false,"after_sensitive":{"certificates":[]}},"action_reason":"read_because_config_unknown"},{"address":"module.eks.aws_eks_access_entry.eks_access_entry[\"arn:aws:iam::702865854817:role/bastion-iam-role\"]","module_address":"module.eks","mode":"managed","type":"aws_eks_access_entry","name":"eks_access_entry","index":"arn:aws:iam::702865854817:role/bastion-iam-role","provider_name":"registry.terraform.io/hashicorp/aws","change":{"actions":["no-op"],"before":{"access_entry_arn":"arn:aws:eks:us-east-1:702865854817:access-entry/ase-eks-cluster/role/702865854817/bastion-iam-role/4acd6292-620b-8923-530f-ace5f601dc51","cluster_name":"ase-eks-cluster","created_at":"2025-11-27T11:48:32Z","id":"ase-eks-cluster:arn:aws:iam::702865854817:role/bastion-iam-role","kubernetes_groups":[],"modified_at":"2025-11-27T11:48:32Z","principal_arn":"arn:aws:iam::702865854817:role/bastion-iam-role","tags":{},"tags_all":{},"timeouts":null,"type":"STANDARD","user_name":"arn:aws:sts::702865854817:assumed-role/bastion-iam-role/{{SessionName}}"},"after":{"access_entry_arn":"arn:aws:eks:us-east-1:702865854817:access-entry/ase-eks-cluster/role/702865854817/bastion-iam-role/4acd6292-620b-8923-530f-ace5f601dc51","cluster_name":"ase-eks-cluster","created_at":"2025-11-27T11:48:32Z","id":"ase-eks-cluster:arn:aws:iam::702865854817:role/bastion-iam-role","kubernetes_groups":[],"modified_at":"2025-11-27T11:48:32Z","principal_arn":"arn:aws:iam::702865854817:role/bastion-iam-role","tags":{},"tags_all":{},"timeouts":null,"type":"STANDARD","user_name":"arn:aws:sts::702865854817:assumed-role/bastion-iam-role/{{SessionName}}"},"after_unknown":{},"before_sensitive":{"kubernetes_groups":[],"tags":{},"tags_all":{}},"after_sensitive":{"kubernetes_groups":[],"tags":{},"tags_all":{}}}},{"address":"module.eks.aws_eks_access_entry.eks_access_entry[\"arn:aws:iam::702865854817:role/ec2-instance-role-amrit\"]","module_address":"module.eks","mode":"managed","type":"aws_eks_access_entry","name":"eks_access_entry","index":"arn:aws:iam::702865854817:role/ec2-instance-role-amrit","provider_name":"registry.terraform.io/hashicorp/aws","change":{"actions":["no-op"],"before":{"access_entry_arn":"arn:aws:eks:us-east-1:702865854817:access-entry/ase-eks-cluster/role/702865854817/ec2-instance-role-amrit/60cd6293-6cd3-0789-5b70-b57c64f84739","cluster_name":"ase-eks-cluster","created_at":"2025-11-27T11:50:49Z","id":"ase-eks-cluster:arn:aws:iam::702865854817:role/ec2-instance-role-amrit","kubernetes_groups":[],"modified_at":"2025-11-27T11:50:49Z","principal_arn":"arn:aws:iam::702865854817:role/ec2-instance-role-amrit","tags":{},"tags_all":{},"timeouts":null,"type":"STANDARD","user_name":"arn:aws:sts::702865854817:assumed-role/ec2-instance-role-amrit/{{SessionName}}"},"after":{"access_entry_arn":"arn:aws:eks:us-east-1:702865854817:access-entry/ase-eks-cluster/role/702865854817/ec2-instance-role-amrit/60cd6293-6cd3-0789-5b70-b57c64f84739","cluster_name":"ase-eks-cluster","created_at":"2025-11-27T11:50:49Z","id":"ase-eks-cluster:arn:aws:iam::702865854817:role/ec2-instance-role-amrit","kubernetes_groups":[],"modified_at":"2025-11-27T11:50:49Z","principal_arn":"arn:aws:iam::702865854817:role/ec2-instance-role-amrit","tags":{},"tags_all":{},"timeouts":null,"type":"STANDARD","user_name":"arn:aws:sts::702865854817:assumed-role/ec2-instance-role-amrit/{{SessionName}}"},"after_unknown":{},"before_sensitive":{"kubernetes_groups":[],"tags":{},"tags_all":{}},"after_sensitive":{"kubernetes_groups":[],"tags":{},"tags_all":{}}}},{"address":"module.eks.aws_eks_access_entry.eks_access_entry[\"arn:aws:iam::702865854817:role/madhu-iam-role\"]","module_address":"module.eks","mode":"managed","type":"aws_eks_access_entry","name":"eks_access_entry","index":"arn:aws:iam::702865854817:role/madhu-iam-role","provider_name":"registry.terraform.io/hashicorp/aws","change":{"actions":["no-op"],"before":{"access_entry_arn":"arn:aws:eks:us-east-1:702865854817:access-entry/ase-eks-cluster/role/702865854817/madhu-iam-role/dacd67d5-202f-bad6-ac32-e6d8f7421d9b","cluster_name":"ase-eks-cluster","created_at":"2025-11-29T12:50:32Z","id":"ase-eks-cluster:arn:aws:iam::702865854817:role/madhu-iam-role","kubernetes_groups":[],"modified_at":"2025-11-29T12:50:32Z","principal_arn":"arn:aws:iam::702865854817:role/madhu-iam-role","tags":{},"tags_all":{},"timeouts":null,"type":"STANDARD","user_name":"arn:aws:sts::702865854817:assumed-role/madhu-iam-role/{{SessionName}}"},"after":{"access_entry_arn":"arn:aws:eks:us-east-1:702865854817:access-entry/ase-eks-cluster/role/702865854817/madhu-iam-role/dacd67d5-202f-bad6-ac32-e6d8f7421d9b","cluster_name":"ase-eks-cluster","created_at":"2025-11-29T12:50:32Z","id":"ase-eks-cluster:arn:aws:iam::702865854817:role/madhu-iam-role","kubernetes_groups":[],"modified_at":"2025-11-29T12:50:32Z","principal_arn":"arn:aws:iam::702865854817:role/madhu-iam-role","tags":{},"tags_all":{},"timeouts":null,"type":"STANDARD","user_name":"arn:aws:sts::702865854817:assumed-role/madhu-iam-role/{{SessionName}}"},"after_unknown":{},"before_sensitive":{"kubernetes_groups":[],"tags":{},"tags_all":{}},"after_sensitive":{"kubernetes_groups":[],"tags":{},"tags_all":{}}}},{"address":"module.eks.aws_eks_access_entry.eks_access_entry[\"arn:aws:iam::702865854817:role/mejan-self-hosted-runner-bastion-role\"]","module_address":"module.eks","mode":"managed","type":"aws_eks_access_entry","name":"eks_access_entry","index":"arn:aws:iam::702865854817:role/mejan-self-hosted-runner-bastion-role","provider_name":"registry.terraform.io/hashicorp/aws","change":{"actions":["no-op"],"before":{"access_entry_arn":"arn:aws:eks:us-east-1:702865854817:access-entry/ase-eks-cluster/role/702865854817/mejan-self-hosted-runner-bastion-role/72cd6292-6212-c99b-b92d-576733ab3e80","cluster_name":"ase-eks-cluster","created_at":"2025-11-27T11:48:32Z","id":"ase-eks-cluster:arn:aws:iam::702865854817:role/mejan-self-hosted-runner-bastion-role","kubernetes_groups":[],"modified_at":"2025-11-27T11:48:32Z","principal_arn":"arn:aws:iam::702865854817:role/mejan-self-hosted-runner-bastion-role","tags":{},"tags_all":{},"timeouts":null,"type":"STANDARD","user_name":"arn:aws:sts::702865854817:assumed-role/mejan-self-hosted-runner-bastion-role/{{SessionName}}"},"after":{"access_entry_arn":"arn:aws:eks:us-east-1:702865854817:access-entry/ase-eks-cluster/role/702865854817/mejan-self-hosted-runner-bastion-role/72cd6292-6212-c99b-b92d-576733ab3e80","cluster_name":"ase-eks-cluster","created_at":"2025-11-27T11:48:32Z","id":"ase-eks-cluster:arn:aws:iam::702865854817:role/mejan-self-hosted-runner-bastion-role","kubernetes_groups":[],"modified_at":"2025-11-27T11:48:32Z","principal_arn":"arn:aws:iam::702865854817:role/mejan-self-hosted-runner-bastion-role","tags":{},"tags_all":{},"timeouts":null,"type":"STANDARD","user_name":"arn:aws:sts::702865854817:assumed-role/mejan-self-hosted-runner-bastion-role/{{SessionName}}"},"after_unknown":{},"before_sensitive":{"kubernetes_groups":[],"tags":{},"tags_all":{}},"after_sensitive":{"kubernetes_groups":[],"tags":{},"tags_all":{}}}},{"address":"module.eks.aws_eks_access_policy_association.eks_access_policy_association[\"arn:aws:iam::702865854817:role/bastion-iam-role\"]","module_address":"module.eks","mode":"managed","type":"aws_eks_access_policy_association","name":"eks_access_policy_association","index":"arn:aws:iam::702865854817:role/bastion-iam-role","provider_name":"registry.terraform.io/hashicorp/aws","change":{"actions":["no-op"],"before":{"access_scope":[{"namespaces":[],"type":"cluster"}],"associated_at":"2025-11-27 11:48:33.086 +0000 UTC","cluster_name":"ase-eks-cluster","id":"ase-eks-cluster#arn:aws:iam::702865854817:role/bastion-iam-role#arn:aws:eks::aws:cluster-access-policy/AmazonEKSClusterAdminPolicy","modified_at":"2025-11-27 11:48:33.086 +0000 UTC","policy_arn":"arn:aws:eks::aws:cluster-access-policy/AmazonEKSClusterAdminPolicy","principal_arn":"arn:aws:iam::702865854817:role/bastion-iam-role","timeouts":null},"after":{"access_scope":[{"namespaces":[],"type":"cluster"}],"associated_at":"2025-11-27 11:48:33.086 +0000 UTC","cluster_name":"ase-eks-cluster","id":"ase-eks-cluster#arn:aws:iam::702865854817:role/bastion-iam-role#arn:aws:eks::aws:cluster-access-policy/AmazonEKSClusterAdminPolicy","modified_at":"2025-11-27 11:48:33.086 +0000 UTC","policy_arn":"arn:aws:eks::aws:cluster-access-policy/AmazonEKSClusterAdminPolicy","principal_arn":"arn:aws:iam::702865854817:role/bastion-iam-role","timeouts":null},"after_unknown":{},"before_sensitive":{"access_scope":[{"namespaces":[]}]},"after_sensitive":{"access_scope":[{"namespaces":[]}]}}},{"address":"module.eks.aws_eks_access_policy_association.eks_access_policy_association[\"arn:aws:iam::702865854817:role/ec2-instance-role-amrit\"]","module_address":"module.eks","mode":"managed","type":"aws_eks_access_policy_association","name":"eks_access_policy_association","index":"arn:aws:iam::702865854817:role/ec2-instance-role-amrit","provider_name":"registry.terraform.io/hashicorp/aws","change":{"actions":["no-op"],"before":{"access_scope":[{"namespaces":[],"type":"cluster"}],"associated_at":"2025-11-27 11:50:49.147 +0000 UTC","cluster_name":"ase-eks-cluster","id":"ase-eks-cluster#arn:aws:iam::702865854817:role/ec2-instance-role-amrit#arn:aws:eks::aws:cluster-access-policy/AmazonEKSClusterAdminPolicy","modified_at":"2025-11-27 11:50:49.147 +0000 UTC","policy_arn":"arn:aws:eks::aws:cluster-access-policy/AmazonEKSClusterAdminPolicy","principal_arn":"arn:aws:iam::702865854817:role/ec2-instance-role-amrit","timeouts":null},"after":{"access_scope":[{"namespaces":[],"type":"cluster"}],"associated_at":"2025-11-27 11:50:49.147 +0000 UTC","cluster_name":"ase-eks-cluster","id":"ase-eks-cluster#arn:aws:iam::702865854817:role/ec2-instance-role-amrit#arn:aws:eks::aws:cluster-access-policy/AmazonEKSClusterAdminPolicy","modified_at":"2025-11-27 11:50:49.147 +0000 UTC","policy_arn":"arn:aws:eks::aws:cluster-access-policy/AmazonEKSClusterAdminPolicy","principal_arn":"arn:aws:iam::702865854817:role/ec2-instance-role-amrit","timeouts":null},"after_unknown":{},"before_sensitive":{"access_scope":[{"namespaces":[]}]},"after_sensitive":{"access_scope":[{"namespaces":[]}]}}},{"address":"module.eks.aws_eks_access_policy_association.eks_access_policy_association[\"arn:aws:iam::702865854817:role/madhu-iam-role\"]","module_address":"module.eks","mode":"managed","type":"aws_eks_access_policy_association","name":"eks_access_policy_association","index":"arn:aws:iam::702865854817:role/madhu-iam-role","provider_name":"registry.terraform.io/hashicorp/aws","change":{"actions":["no-op"],"before":{"access_scope":[{"namespaces":[],"type":"cluster"}],"associated_at":"2025-11-29 12:50:32.834 +0000 UTC","cluster_name":"ase-eks-cluster","id":"ase-eks-cluster#arn:aws:iam::702865854817:role/madhu-iam-role#arn:aws:eks::aws:cluster-access-policy/AmazonEKSClusterAdminPolicy","modified_at":"2025-11-29 12:50:32.834 +0000 UTC","policy_arn":"arn:aws:eks::aws:cluster-access-policy/AmazonEKSClusterAdminPolicy","principal_arn":"arn:aws:iam::702865854817:role/madhu-iam-role","timeouts":null},"after":{"access_scope":[{"namespaces":[],"type":"cluster"}],"associated_at":"2025-11-29 12:50:32.834 +0000 UTC","cluster_name":"ase-eks-cluster","id":"ase-eks-cluster#arn:aws:iam::702865854817:role/madhu-iam-role#arn:aws:eks::aws:cluster-access-policy/AmazonEKSClusterAdminPolicy","modified_at":"2025-11-29 12:50:32.834 +0000 UTC","policy_arn":"arn:aws:eks::aws:cluster-access-policy/AmazonEKSClusterAdminPolicy","principal_arn":"arn:aws:iam::702865854817:role/madhu-iam-role","timeouts":null},"after_unknown":{},"before_sensitive":{"access_scope":[{"namespaces":[]}]},"after_sensitive":{"access_scope":[{"namespaces":[]}]}}},{"address":"module.eks.aws_eks_access_policy_association.eks_access_policy_association[\"arn:aws:iam::702865854817:role/mejan-self-hosted-runner-bastion-role\"]","module_address":"module.eks","mode":"managed","type":"aws_eks_access_policy_association","name":"eks_access_policy_association","index":"arn:aws:iam::702865854817:role/mejan-self-hosted-runner-bastion-role","provider_name":"registry.terraform.io/hashicorp/aws","change":{"actions":["no-op"],"before":{"access_scope":[{"namespaces":[],"type":"cluster"}],"associated_at":"2025-11-27 11:48:32.987 +0000 UTC","cluster_name":"ase-eks-cluster","id":"ase-eks-cluster#arn:aws:iam::702865854817:role/mejan-self-hosted-runner-bastion-role#arn:aws:eks::aws:cluster-access-policy/AmazonEKSClusterAdminPolicy","modified_at":"2025-11-27 11:48:32.987 +0000 UTC","policy_arn":"arn:aws:eks::aws:cluster-access-policy/AmazonEKSClusterAdminPolicy","principal_arn":"arn:aws:iam::702865854817:role/mejan-self-hosted-runner-bastion-role","timeouts":null},"after":{"access_scope":[{"namespaces":[],"type":"cluster"}],"associated_at":"2025-11-27 11:48:32.987 +0000 UTC","cluster_name":"ase-eks-cluster","id":"ase-eks-cluster#arn:aws:iam::702865854817:role/mejan-self-hosted-runner-bastion-role#arn:aws:eks::aws:cluster-access-policy/AmazonEKSClusterAdminPolicy","modified_at":"2025-11-27 11:48:32.987 +0000 UTC","policy_arn":"arn:aws:eks::aws:cluster-access-policy/AmazonEKSClusterAdminPolicy","principal_arn":"arn:aws:iam::702865854817:role/mejan-self-hosted-runner-bastion-role","timeouts":null},"after_unknown":{},"before_sensitive":{"access_scope":[{"namespaces":[]}]},"after_sensitive":{"access_scope":[{"namespaces":[]}]}}},{"address":"module.eks.aws_eks_addon.core_dns","module_address":"module.eks","mode":"managed","type":"aws_eks_addon","name":"core_dns","provider_name":"registry.terraform.io/hashicorp/aws","change":{"actions":["create"],"before":null,"after":{"addon_name":"core-dns","addon_version":"v1.12.3-eksbuild.1","cluster_name":"ase-eks-cluster","pod_identity_association":[],"preserve":null,"resolve_conflicts":null,"resolve_conflicts_on_create":null,"resolve_conflicts_on_update":null,"service_account_role_arn":null,"tags":null,"timeouts":null},"after_unknown":{"arn":true,"configuration_values":true,"created_at":true,"id":true,"modified_at":true,"pod_identity_association":[],"tags_all":true},"before_sensitive":false,"after_sensitive":{"pod_identity_association":[],"tags_all":{}}}},{"address":"module.eks.aws_eks_addon.kube_proxy","module_address":"module.eks","mode":"managed","type":"aws_eks_addon","name":"kube_proxy","provider_name":"registry.terraform.io/hashicorp/aws","change":{"actions":["create"],"before":null,"after":{"addon_name":"kube-proxy","addon_version":"v1.34.1-eksbuild.2","cluster_name":"ase-eks-cluster","pod_identity_association":[],"preserve":null,"resolve_conflicts":null,"resolve_conflicts_on_create":null,"resolve_conflicts_on_update":null,"service_account_role_arn":null,"tags":null,"timeouts":null},"after_unknown":{"arn":true,"configuration_values":true,"created_at":true,"id":true,"modified_at":true,"pod_identity_association":[],"tags_all":true},"before_sensitive":false,"after_sensitive":{"pod_identity_association":[],"tags_all":{}}}},{"address":"module.eks.aws_eks_addon.metrics_server","module_address":"module.eks","mode":"managed","type":"aws_eks_addon","name":"metrics_server","provider_name":"registry.terraform.io/hashicorp/aws","change":{"actions":["create"],"before":null,"after":{"addon_name":"metrics-server","addon_version":"v0.8.0-eksbuild.5","cluster_name":"ase-eks-cluster","pod_identity_association":[],"preserve":null,"resolve_conflicts":null,"resolve_conflicts_on_create":null,"resolve_conflicts_on_update":null,"service_account_role_arn":null,"tags":null,"timeouts":null},"after_unknown":{"arn":true,"configuration_values":true,"created_at":true,"id":true,"modified_at":true,"pod_identity_association":[],"tags_all":true},"before_sensitive":false,"after_sensitive":{"pod_identity_association":[],"tags_all":{}}}},{"address":"module.eks.aws_eks_cluster.eks_cluster","module_address":"module.eks","mode":"managed","type":"aws_eks_cluster","name":"eks_cluster","provider_name":"registry.terraform.io/hashicorp/aws","change":{"actions":["delete","create"],"before":{"access_config":[{"authentication_mode":"API_AND_CONFIG_MAP","bootstrap_cluster_creator_admin_permissions":true}],"arn":"arn:aws:eks:us-east-1:702865854817:cluster/ase-eks-cluster","bootstrap_self_managed_addons":true,"certificate_authority":[{"data":"LS0tLS1CRUdJTiBDRVJUSUZJQ0FURS0tLS0tCk1JSURCVENDQWUyZ0F3SUJBZ0lJVmpsbmczTlJwSVV3RFFZSktvWklodmNOQVFFTEJRQXdGVEVUTUJFR0ExVUUKQXhNS2EzVmlaWEp1WlhSbGN6QWVGdzB5TlRFeE1qVXdPVEkwTURsYUZ3MHpOVEV4TWpNd09USTVNRGxhTUJVeApFekFSQmdOVkJBTVRDbXQxWW1WeWJtVjBaWE13Z2dFaU1BMEdDU3FHU0liM0RRRUJBUVVBQTRJQkR3QXdnZ0VLCkFvSUJBUURIRHBaSjdHaHdMVHNVSytiVzFOSGU5KzJOUWRWdkpHaVBncWhWUC9zQ0NUOXZpRERlNkJucmRhb3QKNGgzS1NnR00xRHVjdk1iQ21qRGJHUTZ3anVYZ1RGTTFRVXNEUlRqVng4c3BIMER4V1Y1MFNxM1BNRkJnbmRUagowVHJBTFFXV0NkRDZiOWVkSEltOCtBMDhEK0UySnVHVTBFZjY3NU54WStJQ3JvTllHNGZLRWduYmFpYnd4WFVaCmErMjUvdXl4YzVlZUdkY3RCOTRvcDZ4aWRPWmRtRWpmWlFiRzRKM2ZROEpzNmU4OWdXUkNOMzk1SHJKREJsT2sKdXdFZnJpNitJU00ySzhDM2h1amltSG5xNy9yQW9OK3NjcCt3eklPL2ZBN0hyYlcrTkhOWkdSY0lNM3hSZTJMVgpRdG12ZHFYNzlWZXFxZ1NLZnFOZmVHNDN0OE9aQWdNQkFBR2pXVEJYTUE0R0ExVWREd0VCL3dRRUF3SUNwREFQCkJnTlZIUk1CQWY4RUJUQURBUUgvTUIwR0ExVWREZ1FXQkJRY3dxRnZnbzZnSFoxaVQwTkFyZ0hFUmxxV29UQVYKQmdOVkhSRUVEakFNZ2dwcmRXSmxjbTVsZEdWek1BMEdDU3FHU0liM0RRRUJDd1VBQTRJQkFRQi8yVmRCWDhnVgp2VmNxaUNsblZyWmVTSkFPQUVmWlk4ZTlqV1pqcmlOMzJOQ0dYV1RZczd0STNqOGFZdW5jalAzQjUvelNMUHBVCjVZZUNyNFUzeW9jc2ptVWk4MkF2Q3F0cklMTXJCR3dxZUVENDBSQWRoMnAyUCt2U1NXMDF2MkNUZ0RYTTkxUlQKeUhkVWgySHRJbUpRdkVyaW94R1Q2dGVjVW5Xd2Qrc2pNSHFFbE9IeVdmTng3bTRNSEFlUkVWWUhhTmd3UnY4QQpmWHEyZ2lFblJ1c3pMQlNWNmRzak80RUs5L0xSQ1ZodVFSbitBV2tzOUJCRk8vNzZtN0hjOUdPam5BcXR5ZVlyCkdHaVQvVXhBbzBVMGhTVXZRUFEySG5uTGZ0L3loT2w3VFJqR3F3bXc4dzBXTFRTTlQ0dDREV0p5YW9yZGEwWGUKTnFDZ21BN1BKMHZhCi0tLS0tRU5EIENFUlRJRklDQVRFLS0tLS0K"}],"cluster_id":null,"compute_config":[],"created_at":"2025-11-25T09:22:59Z","enabled_cluster_log_types":[],"encryption_config":[],"endpoint":"https://00AA4093A6A86482B4C136A782B55B33.gr7.us-east-1.eks.amazonaws.com","force_update_version":null,"id":"ase-eks-cluster","identity":[{"oidc":[{"issuer":"https://oidc.eks.us-east-1.amazonaws.com/id/00AA4093A6A86482B4C136A782B55B33"}]}],"kubernetes_network_config":[{"elastic_load_balancing":[{"enabled":false}],"ip_family":"ipv4","service_ipv4_cidr":"172.20.0.0/16","service_ipv6_cidr":""}],"name":"ase-eks-cluster","outpost_config":[],"platform_version":"eks.9","remote_network_config":[],"role_arn":"arn:aws:iam::702865854817:role/ase-eks-cluster-eks-cluster-role","status":"ACTIVE","storage_config":[],"tags":{"Name":"ase-eks-cluster"},"tags_all":{"Name":"ase-eks-cluster"},"timeouts":null,"upgrade_policy":[{"support_type":"EXTENDED"}],"version":"1.34","vpc_config":[{"cluster_security_group_id":"sg-00703db57aba423a7","endpoint_private_access":true,"endpoint_public_access":false,"public_access_cidrs":[],"security_group_ids":[],"subnet_ids":["subnet-012449a54f5a918c4","subnet-0c5272bcf564c56e5"],"vpc_id":"vpc-0545578f6f72b4ecc"}],"zonal_shift_config":[]},"after":{"access_config":[{"authentication_mode":"API_AND_CONFIG_MAP","bootstrap_cluster_creator_admin_permissions":true}],"bootstrap_self_managed_addons":false,"compute_config":[],"enabled_cluster_log_types":null,"encryption_config":[],"force_update_version":null,"name":"ase-eks-cluster","outpost_config":[],"remote_network_config":[],"role_arn":"arn:aws:iam::702865854817:role/ase-eks-cluster-eks-cluster-role","storage_config":[],"tags":{"Name":"ase-eks-cluster"},"tags_all":{"Name":"ase-eks-cluster"},"timeouts":null,"vpc_config":[{"endpoint_private_access":true,"endpoint_public_access":false,"security_group_ids":null,"subnet_ids":["subnet-012449a54f5a918c4","subnet-0c5272bcf564c56e5"]}],"zonal_shift_config":[]},"after_unknown":{"access_config":[{}],"arn":true,"certificate_authority":true,"cluster_id":true,"compute_config":[],"created_at":true,"encryption_config":[],"endpoint":true,"id":true,"identity":true,"kubernetes_network_config":true,"outpost_config":[],"platform_version":true,"remote_network_config":[],"status":true,"storage_config":[],"tags":{},"tags_all":{},"upgrade_policy":true,"version":true,"vpc_config":[{"cluster_security_group_id":true,"public_access_cidrs":true,"subnet_ids":[false,false],"vpc_id":true}],"zonal_shift_config":[]},"before_sensitive":{"access_config":[{}],"certificate_authority":[{}],"compute_config":[],"enabled_cluster_log_types":[],"encryption_config":[],"identity":[{"oidc":[{}]}],"kubernetes_network_config":[{"elastic_load_balancing":[{}]}],"outpost_config":[],"remote_network_config":[],"storage_config":[],"tags":{},"tags_all":{},"upgrade_policy":[{}],"vpc_config":[{"public_access_cidrs":[],"security_group_ids":[],"subnet_ids":[false,false]}],"zonal_shift_config":[]},"after_sensitive":{"access_config":[{}],"certificate_authority":[],"compute_config":[],"encryption_config":[],"identity":[],"kubernetes_network_config":[],"outpost_config":[],"remote_network_config":[],"storage_config":[],"tags":{},"tags_all":{},"upgrade_policy":[],"vpc_config":[{"public_access_cidrs":[],"subnet_ids":[false,false]}],"zonal_shift_config":[]},"replace_paths":[["bootstrap_self_managed_addons"]]},"action_reason":"replace_because_cannot_update"},{"address":"module.eks.aws_eks_node_group.node_group","module_address":"module.eks","mode":"managed","type":"aws_eks_node_group","name":"node_group","provider_name":"registry.terraform.io/hashicorp/aws","change":{"actions":["no-op"],"before":{"ami_type":"AL2023_x86_64_STANDARD","arn":"arn:aws:eks:us-east-1:702865854817:nodegroup/ase-eks-cluster/ase-eks-cluster-node-group/48cd5d2e-20f7-dc8e-76d9-f7da1ea1a610","capacity_type":"ON_DEMAND","cluster_name":"ase-eks-cluster","disk_size":20,"force_update_version":null,"id":"ase-eks-cluster:ase-eks-cluster-node-group","instance_types":["t3.medium"],"labels":{},"launch_template":[],"node_group_name":"ase-eks-cluster-node-group","node_group_name_prefix":"","node_repair_config":[],"node_role_arn":"arn:aws:iam::702865854817:role/ase-eks-cluster-eks-node-group-role","release_version":"1.34.2-20251120","remote_access":[],"resources":[{"autoscaling_groups":[{"name":"eks-ase-eks-cluster-node-group-48cd5d2e-20f7-dc8e-76d9-f7da1ea1a610"}],"remote_access_security_group_id":""}],"scaling_config":[{"desired_size":2,"max_size":2,"min_size":2}],"status":"ACTIVE","subnet_ids":["subnet-012449a54f5a918c4","subnet-0c5272bcf564c56e5"],"tags":{"Name":"ase-eks-cluster-node-group"},"tags_all":{"Name":"ase-eks-cluster-node-group"},"taint":[],"timeouts":null,"update_config":[{"max_unavailable":1,"max_unavailable_percentage":0}],"version":"1.34"},"after":{"ami_type":"AL2023_x86_64_STANDARD","arn":"arn:aws:eks:us-east-1:702865854817:nodegroup/ase-eks-cluster/ase-eks-cluster-node-group/48cd5d2e-20f7-dc8e-76d9-f7da1ea1a610","capacity_type":"ON_DEMAND","cluster_name":"ase-eks-cluster","disk_size":20,"force_update_version":null,"id":"ase-eks-cluster:ase-eks-cluster-node-group","instance_types":["t3.medium"],"labels":{},"launch_template":[],"node_group_name":"ase-eks-cluster-node-group","node_group_name_prefix":"","node_repair_config":[],"node_role_arn":"arn:aws:iam::702865854817:role/ase-eks-cluster-eks-node-group-role","release_version":"1.34.2-20251120","remote_access":[],"resources":[{"autoscaling_groups":[{"name":"eks-ase-eks-cluster-node-group-48cd5d2e-20f7-dc8e-76d9-f7da1ea1a610"}],"remote_access_security_group_id":""}],"scaling_config":[{"desired_size":2,"max_size":2,"min_size":2}],"status":"ACTIVE","subnet_ids":["subnet-012449a54f5a918c4","subnet-0c5272bcf564c56e5"],"tags":{"Name":"ase-eks-cluster-node-group"},"tags_all":{"Name":"ase-eks-cluster-node-group"},"taint":[],"timeouts":null,"update_config":[{"max_unavailable":1,"max_unavailable_percentage":0}],"version":"1.34"},"after_unknown":{},"before_sensitive":{"instance_types":[false],"labels":{},"launch_template":[],"node_repair_config":[],"remote_access":[],"resources":[{"autoscaling_groups":[{}]}],"scaling_config":[{}],"subnet_ids":[false,false],"tags":{},"tags_all":{},"taint":[],"update_config":[{}]},"after_sensitive":{"instance_types":[false],"labels":{},"launch_template":[],"node_repair_config":[],"remote_access":[],"resources":[{"autoscaling_groups":[{}]}],"scaling_config":[{}],"subnet_ids":[false,false],"tags":{},"tags_all":{},"taint":[],"update_config":[{}]}}},{"address":"module.eks.aws_iam_instance_profile.node_group","module_address":"module.eks","mode":"managed","type":"aws_iam_instance_profile","name":"node_group","provider_name":"registry.terraform.io/hashicorp/aws","change":{"actions":["create"],"before":null,"after":{"name":"ase-eks-cluster-eks-node-group-instance-profile","path":"/","role":"ase-eks-cluster-eks-node-group-role","tags":null},"after_unknown":{"arn":true,"create_date":true,"id":true,"name_prefix":true,"tags_all":true,"unique_id":true},"before_sensitive":false,"after_sensitive":{"tags_all":{}}}},{"address":"module.eks.aws_iam_openid_connect_provider.eks_oidc","module_address":"module.eks","mode":"managed","type":"aws_iam_openid_connect_provider","name":"eks_oidc","provider_name":"registry.terraform.io/hashicorp/aws","change":{"actions":["delete","create"],"before":{"arn":"arn:aws:iam::702865854817:oidc-provider/oidc.eks.us-east-1.amazonaws.com/id/00AA4093A6A86482B4C136A782B55B33","client_id_list":["sts.amazonaws.com"],"id":"arn:aws:iam::702865854817:oidc-provider/oidc.eks.us-east-1.amazonaws.com/id/00AA4093A6A86482B4C136A782B55B33","tags":{},"tags_all":{},"thumbprint_list":["06b25927c42a721631c1efd9431e648fa62e1e39"],"url":"oidc.eks.us-east-1.amazonaws.com/id/00AA4093A6A86482B4C136A782B55B33"},"after":{"client_id_list":["sts.amazonaws.com"],"tags":null},"after_unknown":{"arn":true,"client_id_list":[false],"id":true,"tags_all":true,"thumbprint_list":true,"url":true},"before_sensitive":{"client_id_list":[false],"tags":{},"tags_all":{},"thumbprint_list":[false]},"after_sensitive":{"client_id_list":[false],"tags_all":{},"thumbprint_list":[]},"replace_paths":[["url"]]},"action_reason":"replace_because_cannot_update"},{"address":"module.eks.aws_iam_policy.alb_controller_policy","module_address":"module.eks","mode":"managed","type":"aws_iam_policy","name":"alb_controller_policy","provider_name":"registry.terraform.io/hashicorp/aws","change":{"actions":["no-op"],"before":{"arn":"arn:aws:iam::702865854817:policy/AWSLoadBalancerControllerIAMPolicy","attachment_count":2,"description":"IAM policy for ALB controller","id":"arn:aws:iam::702865854817:policy/AWSLoadBalancerControllerIAMPolicy","name":"AWSLoadBalancerControllerIAMPolicy","name_prefix":"","path":"/","policy":"{\"Statement\":[{\"Action\":[\"iam:CreateServiceLinkedRole\"],\"Condition\":{\"StringEquals\":{\"iam:AWSServiceName\":\"elasticloadbalancing.amazonaws.com\"}},\"Effect\":\"Allow\",\"Resource\":\"*\"},{\"Action\":[\"ec2:DescribeAccountAttributes\",\"ec2:DescribeAddresses\",\"ec2:DescribeAvailabilityZones\",\"ec2:DescribeInternetGateways\",\"ec2:DescribeVpcs\",\"ec2:DescribeVpcPeeringConnections\",\"ec2:DescribeSubnets\",\"ec2:DescribeSecurityGroups\",\"ec2:DescribeInstances\",\"ec2:DescribeNetworkInterfaces\",\"ec2:DescribeTags\",\"ec2:GetCoipPoolUsage\",\"ec2:DescribeCoipPools\",\"ec2:GetSecurityGroupsForVpc\",\"ec2:DescribeIpamPools\",\"ec2:DescribeRouteTables\",\"elasticloadbalancing:DescribeLoadBalancers\",\"elasticloadbalancing:DescribeLoadBalancerAttributes\",\"elasticloadbalancing:DescribeListeners\",\"elasticloadbalancing:DescribeListenerCertificates\",\"elasticloadbalancing:DescribeSSLPolicies\",\"elasticloadbalancing:DescribeRules\",\"elasticloadbalancing:DescribeTargetGroups\",\"elasticloadbalancing:DescribeTargetGroupAttributes\",\"elasticloadbalancing:DescribeTargetHealth\",\"elasticloadbalancing:DescribeTags\",\"elasticloadbalancing:DescribeTrustStores\",\"elasticloadbalancing:DescribeListenerAttributes\",\"elasticloadbalancing:DescribeCapacityReservation\"],\"Effect\":\"Allow\",\"Resource\":\"*\"},{\"Action\":[\"cognito-idp:DescribeUserPoolClient\",\"acm:ListCertificates\",\"acm:DescribeCertificate\",\"iam:ListServerCertificates\",\"iam:GetServerCertificate\",\"waf-regional:GetWebACL\",\"waf-regional:GetWebACLForResource\",\"waf-regional:AssociateWebACL\",\"waf-regional:DisassociateWebACL\",\"wafv2:GetWebACL\",\"wafv2:GetWebACLForResource\",\"wafv2:AssociateWebACL\",\"wafv2:DisassociateWebACL\",\"shield:GetSubscriptionState\",\"shield:DescribeProtection\",\"shield:CreateProtection\",\"shield:DeleteProtection\"],\"Effect\":\"Allow\",\"Resource\":\"*\"},{\"Action\":[\"ec2:AuthorizeSecurityGroupIngress\",\"ec2:RevokeSecurityGroupIngress\"],\"Effect\":\"Allow\",\"Resource\":\"*\"},{\"Action\":[\"ec2:CreateSecurityGroup\"],\"Effect\":\"Allow\",\"Resource\":\"*\"},{\"Action\":[\"ec2:CreateTags\"],\"Condition\":{\"Null\":{\"aws:RequestTag/elbv2.k8s.aws/cluster\":\"false\"},\"StringEquals\":{\"ec2:CreateAction\":\"CreateSecurityGroup\"}},\"Effect\":\"Allow\",\"Resource\":\"arn:aws:ec2:*:*:security-group/*\"},{\"Action\":[\"ec2:CreateTags\",\"ec2:DeleteTags\"],\"Condition\":{\"Null\":{\"aws:RequestTag/elbv2.k8s.aws/cluster\":\"true\",\"aws:ResourceTag/elbv2.k8s.aws/cluster\":\"false\"}},\"Effect\":\"Allow\",\"Resource\":\"arn:aws:ec2:*:*:security-group/*\"},{\"Action\":[\"ec2:AuthorizeSecurityGroupIngress\",\"ec2:RevokeSecurityGroupIngress\",\"ec2:DeleteSecurityGroup\"],\"Condition\":{\"Null\":{\"aws:ResourceTag/elbv2.k8s.aws/cluster\":\"false\"}},\"Effect\":\"Allow\",\"Resource\":\"*\"},{\"Action\":[\"elasticloadbalancing:CreateLoadBalancer\",\"elasticloadbalancing:CreateTargetGroup\"],\"Condition\":{\"Null\":{\"aws:RequestTag/elbv2.k8s.aws/cluster\":\"false\"}},\"Effect\":\"Allow\",\"Resource\":\"*\"},{\"Action\":[\"elasticloadbalancing:CreateListener\",\"elasticloadbalancing:DeleteListener\",\"elasticloadbalancing:CreateRule\",\"elasticloadbalancing:DeleteRule\"],\"Effect\":\"Allow\",\"Resource\":\"*\"},{\"Action\":[\"elasticloadbalancing:AddTags\",\"elasticloadbalancing:RemoveTags\"],\"Condition\":{\"Null\":{\"aws:RequestTag/elbv2.k8s.aws/cluster\":\"true\",\"aws:ResourceTag/elbv2.k8s.aws/cluster\":\"false\"}},\"Effect\":\"Allow\",\"Resource\":[\"arn:aws:elasticloadbalancing:*:*:targetgroup/*/*\",\"arn:aws:elasticloadbalancing:*:*:loadbalancer/net/*/*\",\"arn:aws:elasticloadbalancing:*:*:loadbalancer/app/*/*\"]},{\"Action\":[\"elasticloadbalancing:AddTags\",\"elasticloadbalancing:RemoveTags\"],\"Effect\":\"Allow\",\"Resource\":[\"arn:aws:elasticloadbalancing:*:*:listener/net/*/*/*\",\"arn:aws:elasticloadbalancing:*:*:listener/app/*/*/*\",\"arn:aws:elasticloadbalancing:*:*:listener-rule/net/*/*/*\",\"arn:aws:elasticloadbalancing:*:*:listener-rule/app/*/*/*\"]},{\"Action\":[\"elasticloadbalancing:ModifyLoadBalancerAttributes\",\"elasticloadbalancing:SetIpAddressType\",\"elasticloadbalancing:SetSecurityGroups\",\"elasticloadbalancing:SetSubnets\",\"elasticloadbalancing:DeleteLoadBalancer\",\"elasticloadbalancing:ModifyTargetGroup\",\"elasticloadbalancing:ModifyTargetGroupAttributes\",\"elasticloadbalancing:DeleteTargetGroup\",\"elasticloadbalancing:ModifyListenerAttributes\",\"elasticloadbalancing:ModifyCapacityReservation\",\"elasticloadbalancing:ModifyIpPools\"],\"Condition\":{\"Null\":{\"aws:ResourceTag/elbv2.k8s.aws/cluster\":\"false\"}},\"Effect\":\"Allow\",\"Resource\":\"*\"},{\"Action\":[\"elasticloadbalancing:AddTags\"],\"Condition\":{\"Null\":{\"aws:RequestTag/elbv2.k8s.aws/cluster\":\"false\"},\"StringEquals\":{\"elasticloadbalancing:CreateAction\":[\"CreateTargetGroup\",\"CreateLoadBalancer\"]}},\"Effect\":\"Allow\",\"Resource\":[\"arn:aws:elasticloadbalancing:*:*:targetgroup/*/*\",\"arn:aws:elasticloadbalancing:*:*:loadbalancer/net/*/*\",\"arn:aws:elasticloadbalancing:*:*:loadbalancer/app/*/*\"]},{\"Action\":[\"elasticloadbalancing:RegisterTargets\",\"elasticloadbalancing:DeregisterTargets\"],\"Effect\":\"Allow\",\"Resource\":\"arn:aws:elasticloadbalancing:*:*:targetgroup/*/*\"},{\"Action\":[\"elasticloadbalancing:SetWebAcl\",\"elasticloadbalancing:ModifyListener\",\"elasticloadbalancing:AddListenerCertificates\",\"elasticloadbalancing:RemoveListenerCertificates\",\"elasticloadbalancing:ModifyRule\",\"elasticloadbalancing:SetRulePriorities\"],\"Effect\":\"Allow\",\"Resource\":\"*\"}],\"Version\":\"2012-10-17\"}","policy_id":"ANPA2HJQR2FQZGL6BTVDQ","tags":{},"tags_all":{}},"after":{"arn":"arn:aws:iam::702865854817:policy/AWSLoadBalancerControllerIAMPolicy","attachment_count":2,"description":"IAM policy for ALB controller","id":"arn:aws:iam::702865854817:policy/AWSLoadBalancerControllerIAMPolicy","name":"AWSLoadBalancerControllerIAMPolicy","name_prefix":"","path":"/","policy":"{\"Statement\":[{\"Action\":[\"iam:CreateServiceLinkedRole\"],\"Condition\":{\"StringEquals\":{\"iam:AWSServiceName\":\"elasticloadbalancing.amazonaws.com\"}},\"Effect\":\"Allow\",\"Resource\":\"*\"},{\"Action\":[\"ec2:DescribeAccountAttributes\",\"ec2:DescribeAddresses\",\"ec2:DescribeAvailabilityZones\",\"ec2:DescribeInternetGateways\",\"ec2:DescribeVpcs\",\"ec2:DescribeVpcPeeringConnections\",\"ec2:DescribeSubnets\",\"ec2:DescribeSecurityGroups\",\"ec2:DescribeInstances\",\"ec2:DescribeNetworkInterfaces\",\"ec2:DescribeTags\",\"ec2:GetCoipPoolUsage\",\"ec2:DescribeCoipPools\",\"ec2:GetSecurityGroupsForVpc\",\"ec2:DescribeIpamPools\",\"ec2:DescribeRouteTables\",\"elasticloadbalancing:DescribeLoadBalancers\",\"elasticloadbalancing:DescribeLoadBalancerAttributes\",\"elasticloadbalancing:DescribeListeners\",\"elasticloadbalancing:DescribeListenerCertificates\",\"elasticloadbalancing:DescribeSSLPolicies\",\"elasticloadbalancing:DescribeRules\",\"elasticloadbalancing:DescribeTargetGroups\",\"elasticloadbalancing:DescribeTargetGroupAttributes\",\"elasticloadbalancing:DescribeTargetHealth\",\"elasticloadbalancing:DescribeTags\",\"elasticloadbalancing:DescribeTrustStores\",\"elasticloadbalancing:DescribeListenerAttributes\",\"elasticloadbalancing:DescribeCapacityReservation\"],\"Effect\":\"Allow\",\"Resource\":\"*\"},{\"Action\":[\"cognito-idp:DescribeUserPoolClient\",\"acm:ListCertificates\",\"acm:DescribeCertificate\",\"iam:ListServerCertificates\",\"iam:GetServerCertificate\",\"waf-regional:GetWebACL\",\"waf-regional:GetWebACLForResource\",\"waf-regional:AssociateWebACL\",\"waf-regional:DisassociateWebACL\",\"wafv2:GetWebACL\",\"wafv2:GetWebACLForResource\",\"wafv2:AssociateWebACL\",\"wafv2:DisassociateWebACL\",\"shield:GetSubscriptionState\",\"shield:DescribeProtection\",\"shield:CreateProtection\",\"shield:DeleteProtection\"],\"Effect\":\"Allow\",\"Resource\":\"*\"},{\"Action\":[\"ec2:AuthorizeSecurityGroupIngress\",\"ec2:RevokeSecurityGroupIngress\"],\"Effect\":\"Allow\",\"Resource\":\"*\"},{\"Action\":[\"ec2:CreateSecurityGroup\"],\"Effect\":\"Allow\",\"Resource\":\"*\"},{\"Action\":[\"ec2:CreateTags\"],\"Condition\":{\"Null\":{\"aws:RequestTag/elbv2.k8s.aws/cluster\":\"false\"},\"StringEquals\":{\"ec2:CreateAction\":\"CreateSecurityGroup\"}},\"Effect\":\"Allow\",\"Resource\":\"arn:aws:ec2:*:*:security-group/*\"},{\"Action\":[\"ec2:CreateTags\",\"ec2:DeleteTags\"],\"Condition\":{\"Null\":{\"aws:RequestTag/elbv2.k8s.aws/cluster\":\"true\",\"aws:ResourceTag/elbv2.k8s.aws/cluster\":\"false\"}},\"Effect\":\"Allow\",\"Resource\":\"arn:aws:ec2:*:*:security-group/*\"},{\"Action\":[\"ec2:AuthorizeSecurityGroupIngress\",\"ec2:RevokeSecurityGroupIngress\",\"ec2:DeleteSecurityGroup\"],\"Condition\":{\"Null\":{\"aws:ResourceTag/elbv2.k8s.aws/cluster\":\"false\"}},\"Effect\":\"Allow\",\"Resource\":\"*\"},{\"Action\":[\"elasticloadbalancing:CreateLoadBalancer\",\"elasticloadbalancing:CreateTargetGroup\"],\"Condition\":{\"Null\":{\"aws:RequestTag/elbv2.k8s.aws/cluster\":\"false\"}},\"Effect\":\"Allow\",\"Resource\":\"*\"},{\"Action\":[\"elasticloadbalancing:CreateListener\",\"elasticloadbalancing:DeleteListener\",\"elasticloadbalancing:CreateRule\",\"elasticloadbalancing:DeleteRule\"],\"Effect\":\"Allow\",\"Resource\":\"*\"},{\"Action\":[\"elasticloadbalancing:AddTags\",\"elasticloadbalancing:RemoveTags\"],\"Condition\":{\"Null\":{\"aws:RequestTag/elbv2.k8s.aws/cluster\":\"true\",\"aws:ResourceTag/elbv2.k8s.aws/cluster\":\"false\"}},\"Effect\":\"Allow\",\"Resource\":[\"arn:aws:elasticloadbalancing:*:*:targetgroup/*/*\",\"arn:aws:elasticloadbalancing:*:*:loadbalancer/net/*/*\",\"arn:aws:elasticloadbalancing:*:*:loadbalancer/app/*/*\"]},{\"Action\":[\"elasticloadbalancing:AddTags\",\"elasticloadbalancing:RemoveTags\"],\"Effect\":\"Allow\",\"Resource\":[\"arn:aws:elasticloadbalancing:*:*:listener/net/*/*/*\",\"arn:aws:elasticloadbalancing:*:*:listener/app/*/*/*\",\"arn:aws:elasticloadbalancing:*:*:listener-rule/net/*/*/*\",\"arn:aws:elasticloadbalancing:*:*:listener-rule/app/*/*/*\"]},{\"Action\":[\"elasticloadbalancing:ModifyLoadBalancerAttributes\",\"elasticloadbalancing:SetIpAddressType\",\"elasticloadbalancing:SetSecurityGroups\",\"elasticloadbalancing:SetSubnets\",\"elasticloadbalancing:DeleteLoadBalancer\",\"elasticloadbalancing:ModifyTargetGroup\",\"elasticloadbalancing:ModifyTargetGroupAttributes\",\"elasticloadbalancing:DeleteTargetGroup\",\"elasticloadbalancing:ModifyListenerAttributes\",\"elasticloadbalancing:ModifyCapacityReservation\",\"elasticloadbalancing:ModifyIpPools\"],\"Condition\":{\"Null\":{\"aws:ResourceTag/elbv2.k8s.aws/cluster\":\"false\"}},\"Effect\":\"Allow\",\"Resource\":\"*\"},{\"Action\":[\"elasticloadbalancing:AddTags\"],\"Condition\":{\"Null\":{\"aws:RequestTag/elbv2.k8s.aws/cluster\":\"false\"},\"StringEquals\":{\"elasticloadbalancing:CreateAction\":[\"CreateTargetGroup\",\"CreateLoadBalancer\"]}},\"Effect\":\"Allow\",\"Resource\":[\"arn:aws:elasticloadbalancing:*:*:targetgroup/*/*\",\"arn:aws:elasticloadbalancing:*:*:loadbalancer/net/*/*\",\"arn:aws:elasticloadbalancing:*:*:loadbalancer/app/*/*\"]},{\"Action\":[\"elasticloadbalancing:RegisterTargets\",\"elasticloadbalancing:DeregisterTargets\"],\"Effect\":\"Allow\",\"Resource\":\"arn:aws:elasticloadbalancing:*:*:targetgroup/*/*\"},{\"Action\":[\"elasticloadbalancing:SetWebAcl\",\"elasticloadbalancing:ModifyListener\",\"elasticloadbalancing:AddListenerCertificates\",\"elasticloadbalancing:RemoveListenerCertificates\",\"elasticloadbalancing:ModifyRule\",\"elasticloadbalancing:SetRulePriorities\"],\"Effect\":\"Allow\",\"Resource\":\"*\"}],\"Version\":\"2012-10-17\"}","policy_id":"ANPA2HJQR2FQZGL6BTVDQ","tags":{},"tags_all":{}},"after_unknown":{},"before_sensitive":{"tags":{},"tags_all":{}},"after_sensitive":{"tags":{},"tags_all":{}}}},{"address":"module.eks.aws_iam_role.alb_controller_role","module_address":"module.eks","mode":"managed","type":"aws_iam_role","name":"alb_controller_role","provider_name":"registry.terraform.io/hashicorp/aws","change":{"actions":["update"],"before":{"arn":"arn:aws:iam::702865854817:role/ase-eks-cluster-eks-alb-controller-role","assume_role_policy":"{\"Statement\":[{\"Action\":\"sts:AssumeRoleWithWebIdentity\",\"Condition\":{\"StringEquals\":{\"oidc.eks.us-east-1.amazonaws.com/id/00AA4093A6A86482B4C136A782B55B33:sub\":\"system:serviceaccount:kube-system:aws-load-balancer-controller\"}},\"Effect\":\"Allow\",\"Principal\":{\"Federated\":\"arn:aws:iam::702865854817:oidc-provider/oidc.eks.us-east-1.amazonaws.com/id/00AA4093A6A86482B4C136A782B55B33\"}}],\"Version\":\"2012-10-17\"}","create_date":"2025-11-25T09:33:22Z","description":"","force_detach_policies":false,"id":"ase-eks-cluster-eks-alb-controller-role","inline_policy":[],"managed_policy_arns":["arn:aws:iam::702865854817:policy/AWSLoadBalancerControllerIAMPolicy"],"max_session_duration":3600,"name":"ase-eks-cluster-eks-alb-controller-role","name_prefix":"","path":"/","permissions_boundary":"","tags":{},"tags_all":{},"unique_id":"AROA2HJQR2FQ4IFSDBAOI"},"after":{"arn":"arn:aws:iam::702865854817:role/ase-eks-cluster-eks-alb-controller-role","create_date":"2025-11-25T09:33:22Z","description":"","force_detach_policies":false,"id":"ase-eks-cluster-eks-alb-controller-role","inline_policy":[],"managed_policy_arns":["arn:aws:iam::702865854817:policy/AWSLoadBalancerControllerIAMPolicy"],"max_session_duration":3600,"name":"ase-eks-cluster-eks-alb-controller-role","name_prefix":"","path":"/","permissions_boundary":"","tags":{},"tags_all":{},"unique_id":"AROA2HJQR2FQ4IFSDBAOI"},"after_unknown":{"assume_role_policy":true,"inline_policy":[],"managed_policy_arns":[false],"tags":{},"tags_all":{}},"before_sensitive":{"inline_policy":[],"managed_policy_arns":[false],"tags":{},"tags_all":{}},"after_sensitive":{"inline_policy":[],"managed_policy_arns":[false],"tags":{},"tags_all":{}}}},{"address":"module.eks.aws_iam_role.cluster","module_address":"module.eks","mode":"managed","type":"aws_iam_role","name":"cluster","provider_name":"registry.terraform.io/hashicorp/aws","change":{"actions":["no-op"],"before":{"arn":"arn:aws:iam::702865854817:role/ase-eks-cluster-eks-cluster-role","assume_role_policy":"{\"Statement\":[{\"Action\":[\"sts:AssumeRole\",\"sts:TagSession\"],\"Effect\":\"Allow\",\"Principal\":{\"Service\":\"eks.amazonaws.com\"}}],\"Version\":\"2012-10-17\"}","create_date":"2025-11-25T09:22:28Z","description":"","force_detach_policies":false,"id":"ase-eks-cluster-eks-cluster-role","inline_policy":[],"managed_policy_arns":["arn:aws:iam::aws:policy/AmazonEKSClusterPolicy"],"max_session_duration":3600,"name":"ase-eks-cluster-eks-cluster-role","name_prefix":"","path":"/","permissions_boundary":"","tags":{},"tags_all":{},"unique_id":"AROA2HJQR2FQZFIELSH7V"},"after":{"arn":"arn:aws:iam::702865854817:role/ase-eks-cluster-eks-cluster-role","assume_role_policy":"{\"Statement\":[{\"Action\":[\"sts:AssumeRole\",\"sts:TagSession\"],\"Effect\":\"Allow\",\"Principal\":{\"Service\":\"eks.amazonaws.com\"}}],\"Version\":\"2012-10-17\"}","create_date":"2025-11-25T09:22:28Z","description":"","force_detach_policies":false,"id":"ase-eks-cluster-eks-cluster-role","inline_policy":[],"managed_policy_arns":["arn:aws:iam::aws:policy/AmazonEKSClusterPolicy"],"max_session_duration":3600,"name":"ase-eks-cluster-eks-cluster-role","name_prefix":"","path":"/","permissions_boundary":"","tags":{},"tags_all":{},"unique_id":"AROA2HJQR2FQZFIELSH7V"},"after_unknown":{},"before_sensitive":{"inline_policy":[],"managed_policy_arns":[false],"tags":{},"tags_all":{}},"after_sensitive":{"inline_policy":[],"managed_policy_arns":[false],"tags":{},"tags_all":{}}}},{"address":"module.eks.aws_iam_role.irsa_role","module_address":"module.eks","mode":"managed","type":"aws_iam_role","name":"irsa_role","provider_name":"registry.terraform.io/hashicorp/aws","change":{"actions":["update"],"before":{"arn":"arn:aws:iam::702865854817:role/eks-training-example-irsa-role","assume_role_policy":"{\"Statement\":[{\"Action\":\"sts:AssumeRoleWithWebIdentity\",\"Condition\":{\"StringEquals\":{\"oidc.eks.us-east-1.amazonaws.com/id/00AA4093A6A86482B4C136A782B55B33:sub\":\"system:serviceaccount:default:eks-serviceaccount\"}},\"Effect\":\"Allow\",\"Principal\":{\"Federated\":\"arn:aws:iam::702865854817:oidc-provider/oidc.eks.us-east-1.amazonaws.com/id/00AA4093A6A86482B4C136A782B55B33\"}}],\"Version\":\"2012-10-17\"}","create_date":"2025-11-25T09:33:23Z","description":"","force_detach_policies":false,"id":"eks-training-example-irsa-role","inline_policy":[],"managed_policy_arns":[],"max_session_duration":3600,"name":"eks-training-example-irsa-role","name_prefix":"","path":"/","permissions_boundary":"","tags":{},"tags_all":{},"unique_id":"AROA2HJQR2FQTBOGDO7ES"},"after":{"arn":"arn:aws:iam::702865854817:role/eks-training-example-irsa-role","create_date":"2025-11-25T09:33:23Z","description":"","force_detach_policies":false,"id":"eks-training-example-irsa-role","inline_policy":[],"managed_policy_arns":[],"max_session_duration":3600,"name":"eks-training-example-irsa-role","name_prefix":"","path":"/","permissions_boundary":"","tags":{},"tags_all":{},"unique_id":"AROA2HJQR2FQTBOGDO7ES"},"after_unknown":{"assume_role_policy":true,"inline_policy":[],"managed_policy_arns":[],"tags":{},"tags_all":{}},"before_sensitive":{"inline_policy":[],"managed_policy_arns":[],"tags":{},"tags_all":{}},"after_sensitive":{"inline_policy":[],"managed_policy_arns":[],"tags":{},"tags_all":{}}}},{"address":"module.eks.aws_iam_role.node_group","module_address":"module.eks","mode":"managed","type":"aws_iam_role","name":"node_group","provider_name":"registry.terraform.io/hashicorp/aws","change":{"actions":["no-op"],"before":{"arn":"arn:aws:iam::702865854817:role/ase-eks-cluster-eks-node-group-role","assume_role_policy":"{\"Statement\":[{\"Action\":\"sts:AssumeRole\",\"Effect\":\"Allow\",\"Principal\":{\"Service\":\"ec2.amazonaws.com\"}}],\"Version\":\"2012-10-17\"}","create_date":"2025-11-25T09:22:28Z","description":"","force_detach_policies":false,"id":"ase-eks-cluster-eks-node-group-role","inline_policy":[],"managed_policy_arns":["arn:aws:iam::aws:policy/AmazonEC2ContainerRegistryReadOnly","arn:aws:iam::aws:policy/AmazonEKSWorkerNodePolicy","arn:aws:iam::aws:policy/AmazonEKS_CNI_Policy"],"max_session_duration":3600,"name":"ase-eks-cluster-eks-node-group-role","name_prefix":"","path":"/","permissions_boundary":"","tags":{},"tags_all":{},"unique_id":"AROA2HJQR2FQZKO36OK4P"},"after":{"arn":"arn:aws:iam::702865854817:role/ase-eks-cluster-eks-node-group-role","assume_role_policy":"{\"Statement\":[{\"Action\":\"sts:AssumeRole\",\"Effect\":\"Allow\",\"Principal\":{\"Service\":\"ec2.amazonaws.com\"}}],\"Version\":\"2012-10-17\"}","create_date":"2025-11-25T09:22:28Z","description":"","force_detach_policies":false,"id":"ase-eks-cluster-eks-node-group-role","inline_policy":[],"managed_policy_arns":["arn:aws:iam::aws:policy/AmazonEC2ContainerRegistryReadOnly","arn:aws:iam::aws:policy/AmazonEKSWorkerNodePolicy","arn:aws:iam::aws:policy/AmazonEKS_CNI_Policy"],"max_session_duration":3600,"name":"ase-eks-cluster-eks-node-group-role","name_prefix":"","path":"/","permissions_boundary":"","tags":{},"tags_all":{},"unique_id":"AROA2HJQR2FQZKO36OK4P"},"after_unknown":{},"before_sensitive":{"inline_policy":[],"managed_policy_arns":[false,false,false],"tags":{},"tags_all":{}},"after_sensitive":{"inline_policy":[],"managed_policy_arns":[false,false,false],"tags":{},"tags_all":{}}}},{"address":"module.eks.aws_iam_role_policy_attachment.alb_controller_attach","module_address":"module.eks","mode":"managed","type":"aws_iam_role_policy_attachment","name":"alb_controller_attach","provider_name":"registry.terraform.io/hashicorp/aws","change":{"actions":["no-op"],"before":{"id":"ase-eks-cluster-eks-alb-controller-role-2025112509332468970000000f","policy_arn":"arn:aws:iam::702865854817:policy/AWSLoadBalancerControllerIAMPolicy","role":"ase-eks-cluster-eks-alb-controller-role"},"after":{"id":"ase-eks-cluster-eks-alb-controller-role-2025112509332468970000000f","policy_arn":"arn:aws:iam::702865854817:policy/AWSLoadBalancerControllerIAMPolicy","role":"ase-eks-cluster-eks-alb-controller-role"},"after_unknown":{},"before_sensitive":{},"after_sensitive":{}}},{"address":"module.eks.aws_iam_role_policy_attachment.eks_cluster_policy","module_address":"module.eks","mode":"managed","type":"aws_iam_role_policy_attachment","name":"eks_cluster_policy","provider_name":"registry.terraform.io/hashicorp/aws","change":{"actions":["no-op"],"before":{"id":"ase-eks-cluster-eks-cluster-role-20251125092229772200000001","policy_arn":"arn:aws:iam::aws:policy/AmazonEKSClusterPolicy","role":"ase-eks-cluster-eks-cluster-role"},"after":{"id":"ase-eks-cluster-eks-cluster-role-20251125092229772200000001","policy_arn":"arn:aws:iam::aws:policy/AmazonEKSClusterPolicy","role":"ase-eks-cluster-eks-cluster-role"},"after_unknown":{},"before_sensitive":{},"after_sensitive":{}}},{"address":"module.eks.aws_iam_role_policy_attachment.node_group-AmazonEC2ContainerRegistryReadOnly","module_address":"module.eks","mode":"managed","type":"aws_iam_role_policy_attachment","name":"node_group-AmazonEC2ContainerRegistryReadOnly","provider_name":"registry.terraform.io/hashicorp/aws","change":{"actions":["no-op"],"before":{"id":"ase-eks-cluster-eks-node-group-role-20251125092229794400000002","policy_arn":"arn:aws:iam::aws:policy/AmazonEC2ContainerRegistryReadOnly","role":"ase-eks-cluster-eks-node-group-role"},"after":{"id":"ase-eks-cluster-eks-node-group-role-20251125092229794400000002","policy_arn":"arn:aws:iam::aws:policy/AmazonEC2ContainerRegistryReadOnly","role":"ase-eks-cluster-eks-node-group-role"},"after_unknown":{},"before_sensitive":{},"after_sensitive":{}}},{"address":"module.eks.aws_iam_role_policy_attachment.node_group-AmazonEKSWorkerNodePolicy","module_address":"module.eks","mode":"managed","type":"aws_iam_role_policy_attachment","name":"node_group-AmazonEKSWorkerNodePolicy","provider_name":"registry.terraform.io/hashicorp/aws","change":{"actions":["no-op"],"before":{"id":"ase-eks-cluster-eks-node-group-role-20251125092229822300000004","policy_arn":"arn:aws:iam::aws:policy/AmazonEKSWorkerNodePolicy","role":"ase-eks-cluster-eks-node-group-role"},"after":{"id":"ase-eks-cluster-eks-node-group-role-20251125092229822300000004","policy_arn":"arn:aws:iam::aws:policy/AmazonEKSWorkerNodePolicy","role":"ase-eks-cluster-eks-node-group-role"},"after_unknown":{},"before_sensitive":{},"after_sensitive":{}}},{"address":"module.eks.aws_iam_role_policy_attachment.node_group-AmazonEKS_CNI_Policy","module_address":"module.eks","mode":"managed","type":"aws_iam_role_policy_attachment","name":"node_group-AmazonEKS_CNI_Policy","provider_name":"registry.terraform.io/hashicorp/aws","change":{"actions":["no-op"],"before":{"id":"ase-eks-cluster-eks-node-group-role-20251125092229816700000003","policy_arn":"arn:aws:iam::aws:policy/AmazonEKS_CNI_Policy","role":"ase-eks-cluster-eks-node-group-role"},"after":{"id":"ase-eks-cluster-eks-node-group-role-20251125092229816700000003","policy_arn":"arn:aws:iam::aws:policy/AmazonEKS_CNI_Policy","role":"ase-eks-cluster-eks-node-group-role"},"after_unknown":{},"before_sensitive":{},"after_sensitive":{}}},{"address":"module.eks.aws_kms_key.eks_launch_template_cmk","module_address":"module.eks","mode":"managed","type":"aws_kms_key","name":"eks_launch_template_cmk","provider_name":"registry.terraform.io/hashicorp/aws","change":{"actions":["create"],"before":null,"after":{"bypass_policy_lockout_safety_check":false,"custom_key_store_id":null,"customer_master_key_spec":"SYMMETRIC_DEFAULT","deletion_window_in_days":20,"description":"KMS key for EKS Launch Template EBS volume encryption","enable_key_rotation":true,"is_enabled":true,"key_usage":"ENCRYPT_DECRYPT","policy":"{\"Id\":\"key-default-1\",\"Statement\":[{\"Action\":\"kms:*\",\"Effect\":\"Allow\",\"Principal\":{\"AWS\":\"arn:aws:iam::702865854817:root\"},\"Resource\":\"*\",\"Sid\":\"Enable IAM User Permissions\"},{\"Action\":[\"kms:ReplicateKey\",\"kms:Create*\",\"kms:Describe*\",\"kms:Enable*\",\"kms:List*\",\"kms:Put*\",\"kms:Update*\",\"kms:Revoke*\",\"kms:Disable*\",\"kms:Get*\",\"kms:Delete*\",\"kms:ScheduleKeyDeletion\",\"kms:CancelKeyDeletion\"],\"Effect\":\"Allow\",\"Principal\":{\"AWS\":\"arn:aws:iam::702865854817:user/*\"},\"Resource\":\"*\",\"Sid\":\"Allow administration of the key\"},{\"Action\":[\"kms:DescribeKey\",\"kms:Encrypt\",\"kms:Decrypt\",\"kms:ReEncrypt*\",\"kms:GenerateDataKey\",\"kms:GenerateDataKeyWithoutPlaintext\"],\"Effect\":\"Allow\",\"Principal\":{\"AWS\":\"arn:aws:iam::702865854817:user/*\"},\"Resource\":\"*\",\"Sid\":\"Allow use of the key\"},{\"Action\":[\"kms:Encrypt\",\"kms:Decrypt\",\"kms:ReEncrypt*\",\"kms:GenerateDataKey*\",\"kms:DescribeKey\"],\"Effect\":\"Allow\",\"Principal\":{\"Service\":\"ec2.amazonaws.com\"},\"Resource\":\"*\",\"Sid\":\"Allow EBS to use the key\"}],\"Version\":\"2012-10-17\"}","tags":null,"timeouts":null,"xks_key_id":null},"after_unknown":{"arn":true,"id":true,"key_id":true,"multi_region":true,"rotation_period_in_days":true,"tags_all":true},"before_sensitive":false,"after_sensitive":{"tags_all":{}}}},{"address":"module.eks.aws_launch_template.eks_launch_template","module_address":"module.eks","mode":"managed","type":"aws_launch_template","name":"eks_launch_template","provider_name":"registry.terraform.io/hashicorp/aws","change":{"actions":["create"],"before":null,"after":{"block_device_mappings":[{"device_name":"/dev/sdf","ebs":[{"delete_on_termination":null,"encrypted":"true","snapshot_id":null,"volume_size":30}],"no_device":null,"virtual_name":null}],"capacity_reservation_specification":[{"capacity_reservation_preference":"open","capacity_reservation_target":[]}],"cpu_options":[{"amd_sev_snp":null,"core_count":2,"threads_per_core":1}],"credit_specification":[{"cpu_credits":"standard"}],"description":null,"disable_api_stop":true,"disable_api_termination":true,"ebs_optimized":"true","elastic_gpu_specifications":[],"elastic_inference_accelerator":[],"enclave_options":[],"hibernation_options":[],"iam_instance_profile":[{"arn":null,"name":"ase-eks-cluster-eks-node-group-instance-profile"}],"image_id":"ami-0fa3fe0fa7920f68e","instance_initiated_shutdown_behavior":"terminate","instance_market_options":[{"market_type":"spot","spot_options":[]}],"instance_requirements":[],"instance_type":"t3.medium","kernel_id":null,"key_name":"eks-key","license_specification":[],"maintenance_options":[],"metadata_options":[{"http_endpoint":"enabled","http_put_response_hop_limit":1,"http_tokens":"required","instance_metadata_tags":"enabled"}],"monitoring":[{"enabled":true}],"name":"ase-eks-cluster-launch-template","network_interfaces":[{"associate_carrier_ip_address":null,"associate_public_ip_address":"false","connection_tracking_specification":[],"delete_on_termination":null,"description":null,"device_index":null,"ena_srd_specification":[],"interface_type":null,"ipv4_address_count":null,"ipv4_addresses":null,"ipv4_prefix_count":null,"ipv4_prefixes":null,"ipv6_address_count":null,"ipv6_addresses":null,"ipv6_prefix_count":null,"ipv6_prefixes":null,"network_card_index":null,"network_interface_id":null,"primary_ipv6":null,"private_ip_address":null,"security_groups":null,"subnet_id":null}],"placement":[{"affinity":null,"availability_zone":"us-east-1a","group_name":null,"host_id":null,"host_resource_group_arn":null,"partition_number":null,"spread_domain":null,"tenancy":null}],"private_dns_name_options":[],"ram_disk_id":null,"security_group_names":null,"tag_specifications":[{"resource_type":"instance","tags":{"Name":"ase-eks-cluster-launch-template"}}],"tags":null,"update_default_version":null,"user_data":null},"after_unknown":{"arn":true,"block_device_mappings":[{"ebs":[{"iops":true,"kms_key_id":true,"throughput":true,"volume_initialization_rate":true,"volume_type":true}]}],"capacity_reservation_specification":[{"capacity_reservation_target":[]}],"cpu_options":[{}],"credit_specification":[{}],"default_version":true,"elastic_gpu_specifications":[],"elastic_inference_accelerator":[],"enclave_options":[],"hibernation_options":[],"iam_instance_profile":[{}],"id":true,"instance_market_options":[{"spot_options":[]}],"instance_requirements":[],"latest_version":true,"license_specification":[],"maintenance_options":[],"metadata_options":[{"http_protocol_ipv6":true}],"monitoring":[{}],"name_prefix":true,"network_interfaces":[{"connection_tracking_specification":[],"ena_srd_specification":[]}],"placement":[{}],"private_dns_name_options":[],"tag_specifications":[{"tags":{}}],"tags_all":true,"vpc_security_group_ids":true},"before_sensitive":false,"after_sensitive":{"block_device_mappings":[{"ebs":[{}]}],"capacity_reservation_specification":[{"capacity_reservation_target":[]}],"cpu_options":[{}],"credit_specification":[{}],"elastic_gpu_specifications":[],"elastic_inference_accelerator":[],"enclave_options":[],"hibernation_options":[],"iam_instance_profile":[{}],"instance_market_options":[{"spot_options":[]}],"instance_requirements":[],"license_specification":[],"maintenance_options":[],"metadata_options":[{}],"monitoring":[{}],"network_interfaces":[{"connection_tracking_specification":[],"ena_srd_specification":[]}],"placement":[{}],"private_dns_name_options":[],"tag_specifications":[{"tags":{}}],"tags_all":{},"vpc_security_group_ids":[]}}},{"address":"module.rds_mysql[0].aws_db_instance.main[0]","module_address":"module.rds_mysql[0]","mode":"managed","type":"aws_db_instance","name":"main","index":0,"provider_name":"registry.terraform.io/hashicorp/aws","change":{"actions":["no-op"],"before":{"address":"eks-shared-infra-prod-db.cmfqow4ewt10.us-east-1.rds.amazonaws.com","allocated_storage":20,"allow_major_version_upgrade":null,"apply_immediately":false,"arn":"arn:aws:rds:us-east-1:702865854817:db:eks-shared-infra-prod-db","auto_minor_version_upgrade":true,"availability_zone":"us-east-1a","backup_retention_period":0,"backup_target":"region","backup_window":"03:36-04:06","blue_green_update":[],"ca_cert_identifier":"rds-ca-rsa2048-g1","character_set_name":"","copy_tags_to_snapshot":false,"custom_iam_instance_profile":"","customer_owned_ip_enabled":false,"database_insights_mode":"standard","db_name":"webappdb","db_subnet_group_name":"eks-shared-infra-prod-sng","dedicated_log_volume":false,"delete_automated_backups":true,"deletion_protection":false,"domain":"","domain_auth_secret_arn":"","domain_dns_ips":[],"domain_fqdn":"","domain_iam_role_name":"","domain_ou":"","enabled_cloudwatch_logs_exports":[],"endpoint":"eks-shared-infra-prod-db.cmfqow4ewt10.us-east-1.rds.amazonaws.com:3306","engine":"mysql","engine_lifecycle_support":"open-source-rds-extended-support","engine_version":"8.0.43","engine_version_actual":"8.0.43","final_snapshot_identifier":null,"hosted_zone_id":"Z2R2ITUGPM61AM","iam_database_authentication_enabled":false,"id":"db-BST3PTDLVH2NUEXIMGPIYLLHDY","identifier":"eks-shared-infra-prod-db","identifier_prefix":"","instance_class":"db.t3.micro","iops":0,"kms_key_id":"","latest_restorable_time":"","license_model":"general-public-license","listener_endpoint":[],"maintenance_window":"wed:09:07-wed:09:37","manage_master_user_password":null,"master_user_secret":[],"master_user_secret_kms_key_id":null,"max_allocated_storage":0,"monitoring_interval":0,"monitoring_role_arn":"","multi_az":false,"nchar_character_set_name":"","network_type":"IPV4","option_group_name":"default:mysql-8-0","parameter_group_name":"default.mysql8.0","password":";T*9D!K#OM~P.X)?","password_wo":null,"password_wo_version":null,"performance_insights_enabled":false,"performance_insights_kms_key_id":"","performance_insights_retention_period":0,"port":3306,"publicly_accessible":false,"replica_mode":"","replicas":[],"replicate_source_db":"","resource_id":"db-BST3PTDLVH2NUEXIMGPIYLLHDY","restore_to_point_in_time":[],"s3_import":[],"skip_final_snapshot":true,"snapshot_identifier":null,"status":"available","storage_encrypted":false,"storage_throughput":0,"storage_type":"gp2","tags":{"Environment":"prod","Name":"eks-shared-infra-prod-db","Project":"eks-shared-infra"},"tags_all":{"Environment":"prod","Name":"eks-shared-infra-prod-db","Project":"eks-shared-infra"},"timeouts":null,"timezone":"","upgrade_storage_config":null,"username":"postgresadmin","vpc_security_group_ids":["sg-01374f25740781e8c"]},"after":{"address":"eks-shared-infra-prod-db.cmfqow4ewt10.us-east-1.rds.amazonaws.com","allocated_storage":20,"allow_major_version_upgrade":null,"apply_immediately":false,"arn":"arn:aws:rds:us-east-1:702865854817:db:eks-shared-infra-prod-db","auto_minor_version_upgrade":true,"availability_zone":"us-east-1a","backup_retention_period":0,"backup_target":"region","backup_window":"03:36-04:06","blue_green_update":[],"ca_cert_identifier":"rds-ca-rsa2048-g1","character_set_name":"","copy_tags_to_snapshot":false,"custom_iam_instance_profile":"","customer_owned_ip_enabled":false,"database_insights_mode":"standard","db_name":"webappdb","db_subnet_group_name":"eks-shared-infra-prod-sng","dedicated_log_volume":false,"delete_automated_backups":true,"deletion_protection":false,"domain":"","domain_auth_secret_arn":"","domain_dns_ips":[],"domain_fqdn":"","domain_iam_role_name":"","domain_ou":"","enabled_cloudwatch_logs_exports":[],"endpoint":"eks-shared-infra-prod-db.cmfqow4ewt10.us-east-1.rds.amazonaws.com:3306","engine":"mysql","engine_lifecycle_support":"open-source-rds-extended-support","engine_version":"8.0.43","engine_version_actual":"8.0.43","final_snapshot_identifier":null,"hosted_zone_id":"Z2R2ITUGPM61AM","iam_database_authentication_enabled":false,"id":"db-BST3PTDLVH2NUEXIMGPIYLLHDY","identifier":"eks-shared-infra-prod-db","identifier_prefix":"","instance_class":"db.t3.micro","iops":0,"kms_key_id":"","latest_restorable_time":"","license_model":"general-public-license","listener_endpoint":[],"maintenance_window":"wed:09:07-wed:09:37","manage_master_user_password":null,"master_user_secret":[],"master_user_secret_kms_key_id":null,"max_allocated_storage":0,"monitoring_interval":0,"monitoring_role_arn":"","multi_az":false,"nchar_character_set_name":"","network_type":"IPV4","option_group_name":"default:mysql-8-0","parameter_group_name":"default.mysql8.0","password":";T*9D!K#OM~P.X)?","password_wo":null,"password_wo_version":null,"performance_insights_enabled":false,"performance_insights_kms_key_id":"","performance_insights_retention_period":0,"port":3306,"publicly_accessible":false,"replica_mode":"","replicas":[],"replicate_source_db":"","resource_id":"db-BST3PTDLVH2NUEXIMGPIYLLHDY","restore_to_point_in_time":[],"s3_import":[],"skip_final_snapshot":true,"snapshot_identifier":null,"status":"available","storage_encrypted":false,"storage_throughput":0,"storage_type":"gp2","tags":{"Environment":"prod","Name":"eks-shared-infra-prod-db","Project":"eks-shared-infra"},"tags_all":{"Environment":"prod","Name":"eks-shared-infra-prod-db","Project":"eks-shared-infra"},"timeouts":null,"timezone":"","upgrade_storage_config":null,"username":"postgresadmin","vpc_security_group_ids":["sg-01374f25740781e8c"]},"after_unknown":{},"before_sensitive":{"blue_green_update":[],"domain_dns_ips":[],"enabled_cloudwatch_logs_exports":[],"listener_endpoint":[],"master_user_secret":[],"password":true,"password_wo":true,"replicas":[],"restore_to_point_in_time":[],"s3_import":[],"tags":{},"tags_all":{},"username":true,"vpc_security_group_ids":[false]},"after_sensitive":{"blue_green_update":[],"domain_dns_ips":[],"enabled_cloudwatch_logs_exports":[],"listener_endpoint":[],"master_user_secret":[],"password":true,"password_wo":true,"replicas":[],"restore_to_point_in_time":[],"s3_import":[],"tags":{},"tags_all":{},"username":true,"vpc_security_group_ids":[false]}}},{"address":"module.rds_mysql[0].aws_db_subnet_group.main[0]","module_address":"module.rds_mysql[0]","mode":"managed","type":"aws_db_subnet_group","name":"main","index":0,"provider_name":"registry.terraform.io/hashicorp/aws","change":{"actions":["no-op"],"before":{"arn":"arn:aws:rds:us-east-1:702865854817:subgrp:eks-shared-infra-prod-sng","description":"Managed by Terraform","id":"eks-shared-infra-prod-sng","name":"eks-shared-infra-prod-sng","name_prefix":"","subnet_ids":["subnet-012449a54f5a918c4","subnet-0c5272bcf564c56e5"],"supported_network_types":["IPV4"],"tags":{"Environment":"prod","Name":"eks-shared-infra-prod-sng","Project":"eks-shared-infra"},"tags_all":{"Environment":"prod","Name":"eks-shared-infra-prod-sng","Project":"eks-shared-infra"},"vpc_id":"vpc-0545578f6f72b4ecc"},"after":{"arn":"arn:aws:rds:us-east-1:702865854817:subgrp:eks-shared-infra-prod-sng","description":"Managed by Terraform","id":"eks-shared-infra-prod-sng","name":"eks-shared-infra-prod-sng","name_prefix":"","subnet_ids":["subnet-012449a54f5a918c4","subnet-0c5272bcf564c56e5"],"supported_network_types":["IPV4"],"tags":{"Environment":"prod","Name":"eks-shared-infra-prod-sng","Project":"eks-shared-infra"},"tags_all":{"Environment":"prod","Name":"eks-shared-infra-prod-sng","Project":"eks-shared-infra"},"vpc_id":"vpc-0545578f6f72b4ecc"},"after_unknown":{},"before_sensitive":{"subnet_ids":[false,false],"supported_network_types":[false],"tags":{},"tags_all":{}},"after_sensitive":{"subnet_ids":[false,false],"supported_network_types":[false],"tags":{},"tags_all":{}}}},{"address":"module.rds_mysql[0].aws_secretsmanager_secret.db_credentials[0]","module_address":"module.rds_mysql[0]","mode":"managed","type":"aws_secretsmanager_secret","name":"db_credentials","index":0,"provider_name":"registry.terraform.io/hashicorp/aws","change":{"actions":["no-op"],"before":{"arn":"arn:aws:secretsmanager:us-east-1:702865854817:secret:eks-shared-infra-prod-db-credentials-8VGv8r","description":"","force_overwrite_replica_secret":false,"id":"arn:aws:secretsmanager:us-east-1:702865854817:secret:eks-shared-infra-prod-db-credentials-8VGv8r","kms_key_id":"","name":"eks-shared-infra-prod-db-credentials","name_prefix":"","policy":"","recovery_window_in_days":30,"replica":[],"tags":{"Environment":"prod","Project":"eks-shared-infra"},"tags_all":{"Environment":"prod","Project":"eks-shared-infra"}},"after":{"arn":"arn:aws:secretsmanager:us-east-1:702865854817:secret:eks-shared-infra-prod-db-credentials-8VGv8r","description":"","force_overwrite_replica_secret":false,"id":"arn:aws:secretsmanager:us-east-1:702865854817:secret:eks-shared-infra-prod-db-credentials-8VGv8r","kms_key_id":"","name":"eks-shared-infra-prod-db-credentials","name_prefix":"","policy":"","recovery_window_in_days":30,"replica":[],"tags":{"Environment":"prod","Project":"eks-shared-infra"},"tags_all":{"Environment":"prod","Project":"eks-shared-infra"}},"after_unknown":{},"before_sensitive":{"replica":[],"tags":{},"tags_all":{}},"after_sensitive":{"replica":[],"tags":{},"tags_all":{}}}},{"address":"module.rds_mysql[0].aws_secretsmanager_secret_version.db_credentials[0]","module_address":"module.rds_mysql[0]","mode":"managed","type":"aws_secretsmanager_secret_version","name":"db_credentials","index":0,"provider_name":"registry.terraform.io/hashicorp/aws","change":{"actions":["no-op"],"before":{"arn":"arn:aws:secretsmanager:us-east-1:702865854817:secret:eks-shared-infra-prod-db-credentials-8VGv8r","has_secret_string_wo":null,"id":"arn:aws:secretsmanager:us-east-1:702865854817:secret:eks-shared-infra-prod-db-credentials-8VGv8r|terraform-20251125093514975300000011","secret_binary":"","secret_id":"arn:aws:secretsmanager:us-east-1:702865854817:secret:eks-shared-infra-prod-db-credentials-8VGv8r","secret_string":"{\"password\":\";T*9D!K#OM~P.X)?\",\"username\":\"postgresadmin\"}","secret_string_wo":null,"secret_string_wo_version":null,"version_id":"terraform-20251125093514975300000011","version_stages":[]},"after":{"arn":"arn:aws:secretsmanager:us-east-1:702865854817:secret:eks-shared-infra-prod-db-credentials-8VGv8r","has_secret_string_wo":null,"id":"arn:aws:secretsmanager:us-east-1:702865854817:secret:eks-shared-infra-prod-db-credentials-8VGv8r|terraform-20251125093514975300000011","secret_binary":"","secret_id":"arn:aws:secretsmanager:us-east-1:702865854817:secret:eks-shared-infra-prod-db-credentials-8VGv8r","secret_string":"{\"password\":\";T*9D!K#OM~P.X)?\",\"username\":\"postgresadmin\"}","secret_string_wo":null,"secret_string_wo_version":null,"version_id":"terraform-20251125093514975300000011","version_stages":[]},"after_unknown":{},"before_sensitive":{"secret_binary":true,"secret_string":true,"secret_string_wo":true,"version_stages":[]},"after_sensitive":{"secret_binary":true,"secret_string":true,"secret_string_wo":true,"version_stages":[]}}},{"address":"module.rds_mysql[0].random_password.db_password[0]","module_address":"module.rds_mysql[0]","mode":"managed","type":"random_password","name":"db_password","index":0,"provider_name":"registry.terraform.io/hashicorp/random","change":{"actions":["no-op"],"before":{"bcrypt_hash":"$2a$10$WAa1sFcZ96AGHoZVjofOF.CIa75QZKX4Zib86NocZg4w/gNlmFh7C","id":"none","keepers":null,"length":16,"lower":true,"min_lower":0,"min_numeric":0,"min_special":0,"min_upper":0,"number":true,"numeric":true,"override_special":"!#$%\u0026'()*+,-.:;\u003c=\u003e?[]^_`{|}~","result":";T*9D!K#OM~P.X)?","special":true,"upper":true},"after":{"bcrypt_hash":"$2a$10$WAa1sFcZ96AGHoZVjofOF.CIa75QZKX4Zib86NocZg4w/gNlmFh7C","id":"none","keepers":null,"length":16,"lower":true,"min_lower":0,"min_numeric":0,"min_special":0,"min_upper":0,"number":true,"numeric":true,"override_special":"!#$%\u0026'()*+,-.:;\u003c=\u003e?[]^_`{|}~","result":";T*9D!K#OM~P.X)?","special":true,"upper":true},"after_unknown":{},"before_sensitive":{"bcrypt_hash":true,"result":true},"after_sensitive":{"bcrypt_hash":true,"result":true}}},{"address":"module.vpc.aws_eip.nat[\"us-east-1a\"]","module_address":"module.vpc","mode":"managed","type":"aws_eip","name":"nat","index":"us-east-1a","provider_name":"registry.terraform.io/hashicorp/aws","change":{"actions":["no-op"],"before":{"address":null,"allocation_id":"eipalloc-0a4e2929936277259","arn":"arn:aws:ec2:us-east-1:702865854817:elastic-ip/eipalloc-0a4e2929936277259","associate_with_private_ip":null,"association_id":"eipassoc-00ee07a2a761d5068","carrier_ip":"","customer_owned_ip":"","customer_owned_ipv4_pool":"","domain":"vpc","id":"eipalloc-0a4e2929936277259","instance":"","ipam_pool_id":null,"network_border_group":"us-east-1","network_interface":"eni-051edc96e13deca89","private_dns":"ip-10-0-0-210.ec2.internal","private_ip":"10.0.0.210","ptr_record":"","public_dns":"ec2-98-87-203-11.compute-1.amazonaws.com","public_ip":"98.87.203.11","public_ipv4_pool":"amazon","tags":{"Name":"nat-eip-us-east-1a"},"tags_all":{"Name":"nat-eip-us-east-1a"},"timeouts":null,"vpc":true},"after":{"address":null,"allocation_id":"eipalloc-0a4e2929936277259","arn":"arn:aws:ec2:us-east-1:702865854817:elastic-ip/eipalloc-0a4e2929936277259","associate_with_private_ip":null,"association_id":"eipassoc-00ee07a2a761d5068","carrier_ip":"","customer_owned_ip":"","customer_owned_ipv4_pool":"","domain":"vpc","id":"eipalloc-0a4e2929936277259","instance":"","ipam_pool_id":null,"network_border_group":"us-east-1","network_interface":"eni-051edc96e13deca89","private_dns":"ip-10-0-0-210.ec2.internal","private_ip":"10.0.0.210","ptr_record":"","public_dns":"ec2-98-87-203-11.compute-1.amazonaws.com","public_ip":"98.87.203.11","public_ipv4_pool":"amazon","tags":{"Name":"nat-eip-us-east-1a"},"tags_all":{"Name":"nat-eip-us-east-1a"},"timeouts":null,"vpc":true},"after_unknown":{},"before_sensitive":{"tags":{},"tags_all":{}},"after_sensitive":{"tags":{},"tags_all":{}}}},{"address":"module.vpc.aws_eip.nat[\"us-east-1b\"]","module_address":"module.vpc","mode":"managed","type":"aws_eip","name":"nat","index":"us-east-1b","provider_name":"registry.terraform.io/hashicorp/aws","change":{"actions":["no-op"],"before":{"address":null,"allocation_id":"eipalloc-06ba0311a75553d23","arn":"arn:aws:ec2:us-east-1:702865854817:elastic-ip/eipalloc-06ba0311a75553d23","associate_with_private_ip":null,"association_id":"eipassoc-0ea505efd2f2d2fcb","carrier_ip":"","customer_owned_ip":"","customer_owned_ipv4_pool":"","domain":"vpc","id":"eipalloc-06ba0311a75553d23","instance":"","ipam_pool_id":null,"network_border_group":"us-east-1","network_interface":"eni-03607c184a9e96c01","private_dns":"ip-10-0-2-74.ec2.internal","private_ip":"10.0.2.74","ptr_record":"","public_dns":"ec2-54-84-5-18.compute-1.amazonaws.com","public_ip":"54.84.5.18","public_ipv4_pool":"amazon","tags":{"Name":"nat-eip-us-east-1b"},"tags_all":{"Name":"nat-eip-us-east-1b"},"timeouts":null,"vpc":true},"after":{"address":null,"allocation_id":"eipalloc-06ba0311a75553d23","arn":"arn:aws:ec2:us-east-1:702865854817:elastic-ip/eipalloc-06ba0311a75553d23","associate_with_private_ip":null,"association_id":"eipassoc-0ea505efd2f2d2fcb","carrier_ip":"","customer_owned_ip":"","customer_owned_ipv4_pool":"","domain":"vpc","id":"eipalloc-06ba0311a75553d23","instance":"","ipam_pool_id":null,"network_border_group":"us-east-1","network_interface":"eni-03607c184a9e96c01","private_dns":"ip-10-0-2-74.ec2.internal","private_ip":"10.0.2.74","ptr_record":"","public_dns":"ec2-54-84-5-18.compute-1.amazonaws.com","public_ip":"54.84.5.18","public_ipv4_pool":"amazon","tags":{"Name":"nat-eip-us-east-1b"},"tags_all":{"Name":"nat-eip-us-east-1b"},"timeouts":null,"vpc":true},"after_unknown":{},"before_sensitive":{"tags":{},"tags_all":{}},"after_sensitive":{"tags":{},"tags_all":{}}}},{"address":"module.vpc.aws_internet_gateway.igw[0]","module_address":"module.vpc","mode":"managed","type":"aws_internet_gateway","name":"igw","index":0,"provider_name":"registry.terraform.io/hashicorp/aws","change":{"actions":["no-op"],"before":{"arn":"arn:aws:ec2:us-east-1:702865854817:internet-gateway/igw-058535bc61458d3bb","id":"igw-058535bc61458d3bb","owner_id":"702865854817","tags":{"Name":"igw"},"tags_all":{"Name":"igw"},"timeouts":null,"vpc_id":"vpc-0545578f6f72b4ecc"},"after":{"arn":"arn:aws:ec2:us-east-1:702865854817:internet-gateway/igw-058535bc61458d3bb","id":"igw-058535bc61458d3bb","owner_id":"702865854817","tags":{"Name":"igw"},"tags_all":{"Name":"igw"},"timeouts":null,"vpc_id":"vpc-0545578f6f72b4ecc"},"after_unknown":{},"before_sensitive":{"tags":{},"tags_all":{}},"after_sensitive":{"tags":{},"tags_all":{}}}},{"address":"module.vpc.aws_nat_gateway.nat[\"us-east-1a\"]","module_address":"module.vpc","mode":"managed","type":"aws_nat_gateway","name":"nat","index":"us-east-1a","provider_name":"registry.terraform.io/hashicorp/aws","change":{"actions":["no-op"],"before":{"allocation_id":"eipalloc-0a4e2929936277259","association_id":"eipassoc-00ee07a2a761d5068","connectivity_type":"public","id":"nat-0f7efbd336d689533","network_interface_id":"eni-051edc96e13deca89","private_ip":"10.0.0.210","public_ip":"98.87.203.11","secondary_allocation_ids":[],"secondary_private_ip_address_count":0,"secondary_private_ip_addresses":[],"subnet_id":"subnet-07fd067e0f1fd7c49","tags":{"Name":"nat-gw-us-east-1a"},"tags_all":{"Name":"nat-gw-us-east-1a"},"timeouts":null},"after":{"allocation_id":"eipalloc-0a4e2929936277259","association_id":"eipassoc-00ee07a2a761d5068","connectivity_type":"public","id":"nat-0f7efbd336d689533","network_interface_id":"eni-051edc96e13deca89","private_ip":"10.0.0.210","public_ip":"98.87.203.11","secondary_allocation_ids":[],"secondary_private_ip_address_count":0,"secondary_private_ip_addresses":[],"subnet_id":"subnet-07fd067e0f1fd7c49","tags":{"Name":"nat-gw-us-east-1a"},"tags_all":{"Name":"nat-gw-us-east-1a"},"timeouts":null},"after_unknown":{},"before_sensitive":{"secondary_allocation_ids":[],"secondary_private_ip_addresses":[],"tags":{},"tags_all":{}},"after_sensitive":{"secondary_allocation_ids":[],"secondary_private_ip_addresses":[],"tags":{},"tags_all":{}}}},{"address":"module.vpc.aws_nat_gateway.nat[\"us-east-1b\"]","module_address":"module.vpc","mode":"managed","type":"aws_nat_gateway","name":"nat","index":"us-east-1b","provider_name":"registry.terraform.io/hashicorp/aws","change":{"actions":["no-op"],"before":{"allocation_id":"eipalloc-06ba0311a75553d23","association_id":"eipassoc-0ea505efd2f2d2fcb","connectivity_type":"public","id":"nat-03891fec7393f41d9","network_interface_id":"eni-03607c184a9e96c01","private_ip":"10.0.2.74","public_ip":"54.84.5.18","secondary_allocation_ids":[],"secondary_private_ip_address_count":0,"secondary_private_ip_addresses":[],"subnet_id":"subnet-0c99340e104ab7bf0","tags":{"Name":"nat-gw-us-east-1b"},"tags_all":{"Name":"nat-gw-us-east-1b"},"timeouts":null},"after":{"allocation_id":"eipalloc-06ba0311a75553d23","association_id":"eipassoc-0ea505efd2f2d2fcb","connectivity_type":"public","id":"nat-03891fec7393f41d9","network_interface_id":"eni-03607c184a9e96c01","private_ip":"10.0.2.74","public_ip":"54.84.5.18","secondary_allocation_ids":[],"secondary_private_ip_address_count":0,"secondary_private_ip_addresses":[],"subnet_id":"subnet-0c99340e104ab7bf0","tags":{"Name":"nat-gw-us-east-1b"},"tags_all":{"Name":"nat-gw-us-east-1b"},"timeouts":null},"after_unknown":{},"before_sensitive":{"secondary_allocation_ids":[],"secondary_private_ip_addresses":[],"tags":{},"tags_all":{}},"after_sensitive":{"secondary_allocation_ids":[],"secondary_private_ip_addresses":[],"tags":{},"tags_all":{}}}},{"address":"module.vpc.aws_route.private_nat_gw[\"us-east-1a\"]","module_address":"module.vpc","mode":"managed","type":"aws_route","name":"private_nat_gw","index":"us-east-1a","provider_name":"registry.terraform.io/hashicorp/aws","change":{"actions":["no-op"],"before":{"carrier_gateway_id":"","core_network_arn":"","destination_cidr_block":"0.0.0.0/0","destination_ipv6_cidr_block":"","destination_prefix_list_id":"","egress_only_gateway_id":"","gateway_id":"","id":"r-rtb-087f5e58deee89ae21080289494","instance_id":"","instance_owner_id":"","local_gateway_id":"","nat_gateway_id":"nat-0f7efbd336d689533","network_interface_id":"","origin":"CreateRoute","route_table_id":"rtb-087f5e58deee89ae2","state":"active","timeouts":null,"transit_gateway_id":"","vpc_endpoint_id":"","vpc_peering_connection_id":""},"after":{"carrier_gateway_id":"","core_network_arn":"","destination_cidr_block":"0.0.0.0/0","destination_ipv6_cidr_block":"","destination_prefix_list_id":"","egress_only_gateway_id":"","gateway_id":"","id":"r-rtb-087f5e58deee89ae21080289494","instance_id":"","instance_owner_id":"","local_gateway_id":"","nat_gateway_id":"nat-0f7efbd336d689533","network_interface_id":"","origin":"CreateRoute","route_table_id":"rtb-087f5e58deee89ae2","state":"active","timeouts":null,"transit_gateway_id":"","vpc_endpoint_id":"","vpc_peering_connection_id":""},"after_unknown":{},"before_sensitive":{},"after_sensitive":{}}},{"address":"module.vpc.aws_route.private_nat_gw[\"us-east-1b\"]","module_address":"module.vpc","mode":"managed","type":"aws_route","name":"private_nat_gw","index":"us-east-1b","provider_name":"registry.terraform.io/hashicorp/aws","change":{"actions":["no-op"],"before":{"carrier_gateway_id":"","core_network_arn":"","destination_cidr_block":"0.0.0.0/0","destination_ipv6_cidr_block":"","destination_prefix_list_id":"","egress_only_gateway_id":"","gateway_id":"","id":"r-rtb-05c80660d5601821f1080289494","instance_id":"","instance_owner_id":"","local_gateway_id":"","nat_gateway_id":"nat-03891fec7393f41d9","network_interface_id":"","origin":"CreateRoute","route_table_id":"rtb-05c80660d5601821f","state":"active","timeouts":null,"transit_gateway_id":"","vpc_endpoint_id":"","vpc_peering_connection_id":""},"after":{"carrier_gateway_id":"","core_network_arn":"","destination_cidr_block":"0.0.0.0/0","destination_ipv6_cidr_block":"","destination_prefix_list_id":"","egress_only_gateway_id":"","gateway_id":"","id":"r-rtb-05c80660d5601821f1080289494","instance_id":"","instance_owner_id":"","local_gateway_id":"","nat_gateway_id":"nat-03891fec7393f41d9","network_interface_id":"","origin":"CreateRoute","route_table_id":"rtb-05c80660d5601821f","state":"active","timeouts":null,"transit_gateway_id":"","vpc_endpoint_id":"","vpc_peering_connection_id":""},"after_unknown":{},"before_sensitive":{},"after_sensitive":{}}},{"address":"module.vpc.aws_route.public_internet[\"us-east-1a\"]","module_address":"module.vpc","mode":"managed","type":"aws_route","name":"public_internet","index":"us-east-1a","provider_name":"registry.terraform.io/hashicorp/aws","change":{"actions":["no-op"],"before":{"carrier_gateway_id":"","core_network_arn":"","destination_cidr_block":"0.0.0.0/0","destination_ipv6_cidr_block":"","destination_prefix_list_id":"","egress_only_gateway_id":"","gateway_id":"igw-058535bc61458d3bb","id":"r-rtb-02ee5f7fd5f8a06191080289494","instance_id":"","instance_owner_id":"","local_gateway_id":"","nat_gateway_id":"","network_interface_id":"","origin":"CreateRoute","route_table_id":"rtb-02ee5f7fd5f8a0619","state":"active","timeouts":null,"transit_gateway_id":"","vpc_endpoint_id":"","vpc_peering_connection_id":""},"after":{"carrier_gateway_id":"","core_network_arn":"","destination_cidr_block":"0.0.0.0/0","destination_ipv6_cidr_block":"","destination_prefix_list_id":"","egress_only_gateway_id":"","gateway_id":"igw-058535bc61458d3bb","id":"r-rtb-02ee5f7fd5f8a06191080289494","instance_id":"","instance_owner_id":"","local_gateway_id":"","nat_gateway_id":"","network_interface_id":"","origin":"CreateRoute","route_table_id":"rtb-02ee5f7fd5f8a0619","state":"active","timeouts":null,"transit_gateway_id":"","vpc_endpoint_id":"","vpc_peering_connection_id":""},"after_unknown":{},"before_sensitive":{},"after_sensitive":{}}},{"address":"module.vpc.aws_route.public_internet[\"us-east-1b\"]","module_address":"module.vpc","mode":"managed","type":"aws_route","name":"public_internet","index":"us-east-1b","provider_name":"registry.terraform.io/hashicorp/aws","change":{"actions":["no-op"],"before":{"carrier_gateway_id":"","core_network_arn":"","destination_cidr_block":"0.0.0.0/0","destination_ipv6_cidr_block":"","destination_prefix_list_id":"","egress_only_gateway_id":"","gateway_id":"igw-058535bc61458d3bb","id":"r-rtb-0f07e261d5bb05e7a1080289494","instance_id":"","instance_owner_id":"","local_gateway_id":"","nat_gateway_id":"","network_interface_id":"","origin":"CreateRoute","route_table_id":"rtb-0f07e261d5bb05e7a","state":"active","timeouts":null,"transit_gateway_id":"","vpc_endpoint_id":"","vpc_peering_connection_id":""},"after":{"carrier_gateway_id":"","core_network_arn":"","destination_cidr_block":"0.0.0.0/0","destination_ipv6_cidr_block":"","destination_prefix_list_id":"","egress_only_gateway_id":"","gateway_id":"igw-058535bc61458d3bb","id":"r-rtb-0f07e261d5bb05e7a1080289494","instance_id":"","instance_owner_id":"","local_gateway_id":"","nat_gateway_id":"","network_interface_id":"","origin":"CreateRoute","route_table_id":"rtb-0f07e261d5bb05e7a","state":"active","timeouts":null,"transit_gateway_id":"","vpc_endpoint_id":"","vpc_peering_connection_id":""},"after_unknown":{},"before_sensitive":{},"after_sensitive":{}}},{"address":"module.vpc.aws_route_table.private[\"us-east-1a\"]","module_address":"module.vpc","mode":"managed","type":"aws_route_table","name":"private","index":"us-east-1a","provider_name":"registry.terraform.io/hashicorp/aws","change":{"actions":["no-op"],"before":{"arn":"arn:aws:ec2:us-east-1:702865854817:route-table/rtb-087f5e58deee89ae2","id":"rtb-087f5e58deee89ae2","owner_id":"702865854817","propagating_vgws":[],"route":[{"carrier_gateway_id":"","cidr_block":"0.0.0.0/0","core_network_arn":"","destination_prefix_list_id":"","egress_only_gateway_id":"","gateway_id":"","ipv6_cidr_block":"","local_gateway_id":"","nat_gateway_id":"nat-0f7efbd336d689533","network_interface_id":"","transit_gateway_id":"","vpc_endpoint_id":"","vpc_peering_connection_id":""}],"tags":{"Name":"private-rt-us-east-1a"},"tags_all":{"Name":"private-rt-us-east-1a"},"timeouts":null,"vpc_id":"vpc-0545578f6f72b4ecc"},"after":{"arn":"arn:aws:ec2:us-east-1:702865854817:route-table/rtb-087f5e58deee89ae2","id":"rtb-087f5e58deee89ae2","owner_id":"702865854817","propagating_vgws":[],"route":[{"carrier_gateway_id":"","cidr_block":"0.0.0.0/0","core_network_arn":"","destination_prefix_list_id":"","egress_only_gateway_id":"","gateway_id":"","ipv6_cidr_block":"","local_gateway_id":"","nat_gateway_id":"nat-0f7efbd336d689533","network_interface_id":"","transit_gateway_id":"","vpc_endpoint_id":"","vpc_peering_connection_id":""}],"tags":{"Name":"private-rt-us-east-1a"},"tags_all":{"Name":"private-rt-us-east-1a"},"timeouts":null,"vpc_id":"vpc-0545578f6f72b4ecc"},"after_unknown":{},"before_sensitive":{"propagating_vgws":[],"route":[{}],"tags":{},"tags_all":{}},"after_sensitive":{"propagating_vgws":[],"route":[{}],"tags":{},"tags_all":{}}}},{"address":"module.vpc.aws_route_table.private[\"us-east-1b\"]","module_address":"module.vpc","mode":"managed","type":"aws_route_table","name":"private","index":"us-east-1b","provider_name":"registry.terraform.io/hashicorp/aws","change":{"actions":["no-op"],"before":{"arn":"arn:aws:ec2:us-east-1:702865854817:route-table/rtb-05c80660d5601821f","id":"rtb-05c80660d5601821f","owner_id":"702865854817","propagating_vgws":[],"route":[{"carrier_gateway_id":"","cidr_block":"0.0.0.0/0","core_network_arn":"","destination_prefix_list_id":"","egress_only_gateway_id":"","gateway_id":"","ipv6_cidr_block":"","local_gateway_id":"","nat_gateway_id":"nat-03891fec7393f41d9","network_interface_id":"","transit_gateway_id":"","vpc_endpoint_id":"","vpc_peering_connection_id":""}],"tags":{"Name":"private-rt-us-east-1b"},"tags_all":{"Name":"private-rt-us-east-1b"},"timeouts":null,"vpc_id":"vpc-0545578f6f72b4ecc"},"after":{"arn":"arn:aws:ec2:us-east-1:702865854817:route-table/rtb-05c80660d5601821f","id":"rtb-05c80660d5601821f","owner_id":"702865854817","propagating_vgws":[],"route":[{"carrier_gateway_id":"","cidr_block":"0.0.0.0/0","core_network_arn":"","destination_prefix_list_id":"","egress_only_gateway_id":"","gateway_id":"","ipv6_cidr_block":"","local_gateway_id":"","nat_gateway_id":"nat-03891fec7393f41d9","network_interface_id":"","transit_gateway_id":"","vpc_endpoint_id":"","vpc_peering_connection_id":""}],"tags":{"Name":"private-rt-us-east-1b"},"tags_all":{"Name":"private-rt-us-east-1b"},"timeouts":null,"vpc_id":"vpc-0545578f6f72b4ecc"},"after_unknown":{},"before_sensitive":{"propagating_vgws":[],"route":[{}],"tags":{},"tags_all":{}},"after_sensitive":{"propagating_vgws":[],"route":[{}],"tags":{},"tags_all":{}}}},{"address":"module.vpc.aws_route_table.public[\"us-east-1a\"]","module_address":"module.vpc","mode":"managed","type":"aws_route_table","name":"public","index":"us-east-1a","provider_name":"registry.terraform.io/hashicorp/aws","change":{"actions":["no-op"],"before":{"arn":"arn:aws:ec2:us-east-1:702865854817:route-table/rtb-02ee5f7fd5f8a0619","id":"rtb-02ee5f7fd5f8a0619","owner_id":"702865854817","propagating_vgws":[],"route":[{"carrier_gateway_id":"","cidr_block":"0.0.0.0/0","core_network_arn":"","destination_prefix_list_id":"","egress_only_gateway_id":"","gateway_id":"igw-058535bc61458d3bb","ipv6_cidr_block":"","local_gateway_id":"","nat_gateway_id":"","network_interface_id":"","transit_gateway_id":"","vpc_endpoint_id":"","vpc_peering_connection_id":""}],"tags":{"Name":"public-rt-us-east-1a"},"tags_all":{"Name":"public-rt-us-east-1a"},"timeouts":null,"vpc_id":"vpc-0545578f6f72b4ecc"},"after":{"arn":"arn:aws:ec2:us-east-1:702865854817:route-table/rtb-02ee5f7fd5f8a0619","id":"rtb-02ee5f7fd5f8a0619","owner_id":"702865854817","propagating_vgws":[],"route":[{"carrier_gateway_id":"","cidr_block":"0.0.0.0/0","core_network_arn":"","destination_prefix_list_id":"","egress_only_gateway_id":"","gateway_id":"igw-058535bc61458d3bb","ipv6_cidr_block":"","local_gateway_id":"","nat_gateway_id":"","network_interface_id":"","transit_gateway_id":"","vpc_endpoint_id":"","vpc_peering_connection_id":""}],"tags":{"Name":"public-rt-us-east-1a"},"tags_all":{"Name":"public-rt-us-east-1a"},"timeouts":null,"vpc_id":"vpc-0545578f6f72b4ecc"},"after_unknown":{},"before_sensitive":{"propagating_vgws":[],"route":[{}],"tags":{},"tags_all":{}},"after_sensitive":{"propagating_vgws":[],"route":[{}],"tags":{},"tags_all":{}}}},{"address":"module.vpc.aws_route_table.public[\"us-east-1b\"]","module_address":"module.vpc","mode":"managed","type":"aws_route_table","name":"public","index":"us-east-1b","provider_name":"registry.terraform.io/hashicorp/aws","change":{"actions":["no-op"],"before":{"arn":"arn:aws:ec2:us-east-1:702865854817:route-table/rtb-0f07e261d5bb05e7a","id":"rtb-0f07e261d5bb05e7a","owner_id":"702865854817","propagating_vgws":[],"route":[{"carrier_gateway_id":"","cidr_block":"0.0.0.0/0","core_network_arn":"","destination_prefix_list_id":"","egress_only_gateway_id":"","gateway_id":"igw-058535bc61458d3bb","ipv6_cidr_block":"","local_gateway_id":"","nat_gateway_id":"","network_interface_id":"","transit_gateway_id":"","vpc_endpoint_id":"","vpc_peering_connection_id":""}],"tags":{"Name":"public-rt-us-east-1b"},"tags_all":{"Name":"public-rt-us-east-1b"},"timeouts":null,"vpc_id":"vpc-0545578f6f72b4ecc"},"after":{"arn":"arn:aws:ec2:us-east-1:702865854817:route-table/rtb-0f07e261d5bb05e7a","id":"rtb-0f07e261d5bb05e7a","owner_id":"702865854817","propagating_vgws":[],"route":[{"carrier_gateway_id":"","cidr_block":"0.0.0.0/0","core_network_arn":"","destination_prefix_list_id":"","egress_only_gateway_id":"","gateway_id":"igw-058535bc61458d3bb","ipv6_cidr_block":"","local_gateway_id":"","nat_gateway_id":"","network_interface_id":"","transit_gateway_id":"","vpc_endpoint_id":"","vpc_peering_connection_id":""}],"tags":{"Name":"public-rt-us-east-1b"},"tags_all":{"Name":"public-rt-us-east-1b"},"timeouts":null,"vpc_id":"vpc-0545578f6f72b4ecc"},"after_unknown":{},"before_sensitive":{"propagating_vgws":[],"route":[{}],"tags":{},"tags_all":{}},"after_sensitive":{"propagating_vgws":[],"route":[{}],"tags":{},"tags_all":{}}}},{"address":"module.vpc.aws_route_table_association.private[\"us-east-1a\"]","module_address":"module.vpc","mode":"managed","type":"aws_route_table_association","name":"private","index":"us-east-1a","provider_name":"registry.terraform.io/hashicorp/aws","change":{"actions":["no-op"],"before":{"gateway_id":"","id":"rtbassoc-0210afd9a18e8fa4a","route_table_id":"rtb-087f5e58deee89ae2","subnet_id":"subnet-012449a54f5a918c4","timeouts":null},"after":{"gateway_id":"","id":"rtbassoc-0210afd9a18e8fa4a","route_table_id":"rtb-087f5e58deee89ae2","subnet_id":"subnet-012449a54f5a918c4","timeouts":null},"after_unknown":{},"before_sensitive":{},"after_sensitive":{}}},{"address":"module.vpc.aws_route_table_association.private[\"us-east-1b\"]","module_address":"module.vpc","mode":"managed","type":"aws_route_table_association","name":"private","index":"us-east-1b","provider_name":"registry.terraform.io/hashicorp/aws","change":{"actions":["no-op"],"before":{"gateway_id":"","id":"rtbassoc-0906ae509a0e13691","route_table_id":"rtb-05c80660d5601821f","subnet_id":"subnet-0c5272bcf564c56e5","timeouts":null},"after":{"gateway_id":"","id":"rtbassoc-0906ae509a0e13691","route_table_id":"rtb-05c80660d5601821f","subnet_id":"subnet-0c5272bcf564c56e5","timeouts":null},"after_unknown":{},"before_sensitive":{},"after_sensitive":{}}},{"address":"module.vpc.aws_route_table_association.public[\"us-east-1a\"]","module_address":"module.vpc","mode":"managed","type":"aws_route_table_association","name":"public","index":"us-east-1a","provider_name":"registry.terraform.io/hashicorp/aws","change":{"actions":["no-op"],"before":{"gateway_id":"","id":"rtbassoc-08c5a2e1942a34aee","route_table_id":"rtb-02ee5f7fd5f8a0619","subnet_id":"subnet-07fd067e0f1fd7c49","timeouts":null},"after":{"gateway_id":"","id":"rtbassoc-08c5a2e1942a34aee","route_table_id":"rtb-02ee5f7fd5f8a0619","subnet_id":"subnet-07fd067e0f1fd7c49","timeouts":null},"after_unknown":{},"before_sensitive":{},"after_sensitive":{}}},{"address":"module.vpc.aws_route_table_association.public[\"us-east-1b\"]","module_address":"module.vpc","mode":"managed","type":"aws_route_table_association","name":"public","index":"us-east-1b","provider_name":"registry.terraform.io/hashicorp/aws","change":{"actions":["no-op"],"before":{"gateway_id":"","id":"rtbassoc-0c95cfd1bb667f681","route_table_id":"rtb-0f07e261d5bb05e7a","subnet_id":"subnet-0c99340e104ab7bf0","timeouts":null},"after":{"gateway_id":"","id":"rtbassoc-0c95cfd1bb667f681","route_table_id":"rtb-0f07e261d5bb05e7a","subnet_id":"subnet-0c99340e104ab7bf0","timeouts":null},"after_unknown":{},"before_sensitive":{},"after_sensitive":{}}},{"address":"module.vpc.aws_subnet.private[\"us-east-1a\"]","module_address":"module.vpc","mode":"managed","type":"aws_subnet","name":"private","index":"us-east-1a","provider_name":"registry.terraform.io/hashicorp/aws","change":{"actions":["no-op"],"before":{"arn":"arn:aws:ec2:us-east-1:702865854817:subnet/subnet-012449a54f5a918c4","assign_ipv6_address_on_creation":false,"availability_zone":"us-east-1a","availability_zone_id":"use1-az6","cidr_block":"10.0.1.0/24","customer_owned_ipv4_pool":"","enable_dns64":false,"enable_lni_at_device_index":0,"enable_resource_name_dns_a_record_on_launch":false,"enable_resource_name_dns_aaaa_record_on_launch":false,"id":"subnet-012449a54f5a918c4","ipv6_cidr_block":"","ipv6_cidr_block_association_id":"","ipv6_native":false,"map_customer_owned_ip_on_launch":false,"map_public_ip_on_launch":false,"outpost_arn":"","owner_id":"702865854817","private_dns_hostname_type_on_launch":"ip-name","tags":{"Name":"private-us-east-1a"},"tags_all":{"Name":"private-us-east-1a"},"timeouts":null,"vpc_id":"vpc-0545578f6f72b4ecc"},"after":{"arn":"arn:aws:ec2:us-east-1:702865854817:subnet/subnet-012449a54f5a918c4","assign_ipv6_address_on_creation":false,"availability_zone":"us-east-1a","availability_zone_id":"use1-az6","cidr_block":"10.0.1.0/24","customer_owned_ipv4_pool":"","enable_dns64":false,"enable_lni_at_device_index":0,"enable_resource_name_dns_a_record_on_launch":false,"enable_resource_name_dns_aaaa_record_on_launch":false,"id":"subnet-012449a54f5a918c4","ipv6_cidr_block":"","ipv6_cidr_block_association_id":"","ipv6_native":false,"map_customer_owned_ip_on_launch":false,"map_public_ip_on_launch":false,"outpost_arn":"","owner_id":"702865854817","private_dns_hostname_type_on_launch":"ip-name","tags":{"Name":"private-us-east-1a"},"tags_all":{"Name":"private-us-east-1a"},"timeouts":null,"vpc_id":"vpc-0545578f6f72b4ecc"},"after_unknown":{},"before_sensitive":{"tags":{},"tags_all":{}},"after_sensitive":{"tags":{},"tags_all":{}}}},{"address":"module.vpc.aws_subnet.private[\"us-east-1b\"]","module_address":"module.vpc","mode":"managed","type":"aws_subnet","name":"private","index":"us-east-1b","provider_name":"registry.terraform.io/hashicorp/aws","change":{"actions":["no-op"],"before":{"arn":"arn:aws:ec2:us-east-1:702865854817:subnet/subnet-0c5272bcf564c56e5","assign_ipv6_address_on_creation":false,"availability_zone":"us-east-1b","availability_zone_id":"use1-az1","cidr_block":"10.0.3.0/24","customer_owned_ipv4_pool":"","enable_dns64":false,"enable_lni_at_device_index":0,"enable_resource_name_dns_a_record_on_launch":false,"enable_resource_name_dns_aaaa_record_on_launch":false,"id":"subnet-0c5272bcf564c56e5","ipv6_cidr_block":"","ipv6_cidr_block_association_id":"","ipv6_native":false,"map_customer_owned_ip_on_launch":false,"map_public_ip_on_launch":false,"outpost_arn":"","owner_id":"702865854817","private_dns_hostname_type_on_launch":"ip-name","tags":{"Name":"private-us-east-1b"},"tags_all":{"Name":"private-us-east-1b"},"timeouts":null,"vpc_id":"vpc-0545578f6f72b4ecc"},"after":{"arn":"arn:aws:ec2:us-east-1:702865854817:subnet/subnet-0c5272bcf564c56e5","assign_ipv6_address_on_creation":false,"availability_zone":"us-east-1b","availability_zone_id":"use1-az1","cidr_block":"10.0.3.0/24","customer_owned_ipv4_pool":"","enable_dns64":false,"enable_lni_at_device_index":0,"enable_resource_name_dns_a_record_on_launch":false,"enable_resource_name_dns_aaaa_record_on_launch":false,"id":"subnet-0c5272bcf564c56e5","ipv6_cidr_block":"","ipv6_cidr_block_association_id":"","ipv6_native":false,"map_customer_owned_ip_on_launch":false,"map_public_ip_on_launch":false,"outpost_arn":"","owner_id":"702865854817","private_dns_hostname_type_on_launch":"ip-name","tags":{"Name":"private-us-east-1b"},"tags_all":{"Name":"private-us-east-1b"},"timeouts":null,"vpc_id":"vpc-0545578f6f72b4ecc"},"after_unknown":{},"before_sensitive":{"tags":{},"tags_all":{}},"after_sensitive":{"tags":{},"tags_all":{}}}},{"address":"module.vpc.aws_subnet.public[\"us-east-1a\"]","module_address":"module.vpc","mode":"managed","type":"aws_subnet","name":"public","index":"us-east-1a","provider_name":"registry.terraform.io/hashicorp/aws","change":{"actions":["no-op"],"before":{"arn":"arn:aws:ec2:us-east-1:702865854817:subnet/subnet-07fd067e0f1fd7c49","assign_ipv6_address_on_creation":false,"availability_zone":"us-east-1a","availability_zone_id":"use1-az6","cidr_block":"10.0.0.0/24","customer_owned_ipv4_pool":"","enable_dns64":false,"enable_lni_at_device_index":0,"enable_resource_name_dns_a_record_on_launch":false,"enable_resource_name_dns_aaaa_record_on_launch":false,"id":"subnet-07fd067e0f1fd7c49","ipv6_cidr_block":"","ipv6_cidr_block_association_id":"","ipv6_native":false,"map_customer_owned_ip_on_launch":false,"map_public_ip_on_launch":true,"outpost_arn":"","owner_id":"702865854817","private_dns_hostname_type_on_launch":"ip-name","tags":{"Name":"public-us-east-1a"},"tags_all":{"Name":"public-us-east-1a"},"timeouts":null,"vpc_id":"vpc-0545578f6f72b4ecc"},"after":{"arn":"arn:aws:ec2:us-east-1:702865854817:subnet/subnet-07fd067e0f1fd7c49","assign_ipv6_address_on_creation":false,"availability_zone":"us-east-1a","availability_zone_id":"use1-az6","cidr_block":"10.0.0.0/24","customer_owned_ipv4_pool":"","enable_dns64":false,"enable_lni_at_device_index":0,"enable_resource_name_dns_a_record_on_launch":false,"enable_resource_name_dns_aaaa_record_on_launch":false,"id":"subnet-07fd067e0f1fd7c49","ipv6_cidr_block":"","ipv6_cidr_block_association_id":"","ipv6_native":false,"map_customer_owned_ip_on_launch":false,"map_public_ip_on_launch":true,"outpost_arn":"","owner_id":"702865854817","private_dns_hostname_type_on_launch":"ip-name","tags":{"Name":"public-us-east-1a"},"tags_all":{"Name":"public-us-east-1a"},"timeouts":null,"vpc_id":"vpc-0545578f6f72b4ecc"},"after_unknown":{},"before_sensitive":{"tags":{},"tags_all":{}},"after_sensitive":{"tags":{},"tags_all":{}}}},{"address":"module.vpc.aws_subnet.public[\"us-east-1b\"]","module_address":"module.vpc","mode":"managed","type":"aws_subnet","name":"public","index":"us-east-1b","provider_name":"registry.terraform.io/hashicorp/aws","change":{"actions":["no-op"],"before":{"arn":"arn:aws:ec2:us-east-1:702865854817:subnet/subnet-0c99340e104ab7bf0","assign_ipv6_address_on_creation":false,"availability_zone":"us-east-1b","availability_zone_id":"use1-az1","cidr_block":"10.0.2.0/24","customer_owned_ipv4_pool":"","enable_dns64":false,"enable_lni_at_device_index":0,"enable_resource_name_dns_a_record_on_launch":false,"enable_resource_name_dns_aaaa_record_on_launch":false,"id":"subnet-0c99340e104ab7bf0","ipv6_cidr_block":"","ipv6_cidr_block_association_id":"","ipv6_native":false,"map_customer_owned_ip_on_launch":false,"map_public_ip_on_launch":true,"outpost_arn":"","owner_id":"702865854817","private_dns_hostname_type_on_launch":"ip-name","tags":{"Name":"public-us-east-1b"},"tags_all":{"Name":"public-us-east-1b"},"timeouts":null,"vpc_id":"vpc-0545578f6f72b4ecc"},"after":{"arn":"arn:aws:ec2:us-east-1:702865854817:subnet/subnet-0c99340e104ab7bf0","assign_ipv6_address_on_creation":false,"availability_zone":"us-east-1b","availability_zone_id":"use1-az1","cidr_block":"10.0.2.0/24","customer_owned_ipv4_pool":"","enable_dns64":false,"enable_lni_at_device_index":0,"enable_resource_name_dns_a_record_on_launch":false,"enable_resource_name_dns_aaaa_record_on_launch":false,"id":"subnet-0c99340e104ab7bf0","ipv6_cidr_block":"","ipv6_cidr_block_association_id":"","ipv6_native":false,"map_customer_owned_ip_on_launch":false,"map_public_ip_on_launch":true,"outpost_arn":"","owner_id":"702865854817","private_dns_hostname_type_on_launch":"ip-name","tags":{"Name":"public-us-east-1b"},"tags_all":{"Name":"public-us-east-1b"},"timeouts":null,"vpc_id":"vpc-0545578f6f72b4ecc"},"after_unknown":{},"before_sensitive":{"tags":{},"tags_all":{}},"after_sensitive":{"tags":{},"tags_all":{}}}},{"address":"module.vpc.aws_vpc.main","module_address":"module.vpc","mode":"managed","type":"aws_vpc","name":"main","provider_name":"registry.terraform.io/hashicorp/aws","change":{"actions":["no-op"],"before":{"arn":"arn:aws:ec2:us-east-1:702865854817:vpc/vpc-0545578f6f72b4ecc","assign_generated_ipv6_cidr_block":false,"cidr_block":"10.0.0.0/16","default_network_acl_id":"acl-0f754e4a2da1e0b9d","default_route_table_id":"rtb-025bfc0092c836562","default_security_group_id":"sg-0172add3e786a4da9","dhcp_options_id":"dopt-0aa4395b0aed71d81","enable_dns_hostnames":true,"enable_dns_support":true,"enable_network_address_usage_metrics":false,"id":"vpc-0545578f6f72b4ecc","instance_tenancy":"default","ipv4_ipam_pool_id":null,"ipv4_netmask_length":null,"ipv6_association_id":"","ipv6_cidr_block":"","ipv6_cidr_block_network_border_group":"","ipv6_ipam_pool_id":"","ipv6_netmask_length":0,"main_route_table_id":"rtb-025bfc0092c836562","owner_id":"702865854817","tags":{"Name":"eks-shared-infra-vpc"},"tags_all":{"Name":"eks-shared-infra-vpc"}},"after":{"arn":"arn:aws:ec2:us-east-1:702865854817:vpc/vpc-0545578f6f72b4ecc","assign_generated_ipv6_cidr_block":false,"cidr_block":"10.0.0.0/16","default_network_acl_id":"acl-0f754e4a2da1e0b9d","default_route_table_id":"rtb-025bfc0092c836562","default_security_group_id":"sg-0172add3e786a4da9","dhcp_options_id":"dopt-0aa4395b0aed71d81","enable_dns_hostnames":true,"enable_dns_support":true,"enable_network_address_usage_metrics":false,"id":"vpc-0545578f6f72b4ecc","instance_tenancy":"default","ipv4_ipam_pool_id":null,"ipv4_netmask_length":null,"ipv6_association_id":"","ipv6_cidr_block":"","ipv6_cidr_block_network_border_group":"","ipv6_ipam_pool_id":"","ipv6_netmask_length":0,"main_route_table_id":"rtb-025bfc0092c836562","owner_id":"702865854817","tags":{"Name":"eks-shared-infra-vpc"},"tags_all":{"Name":"eks-shared-infra-vpc"}},"after_unknown":{},"before_sensitive":{"tags":{},"tags_all":{}},"after_sensitive":{"tags":{},"tags_all":{}}}}],"output_changes":{"availability_zones":{"actions":["no-op"],"before":["us-east-1a","us-east-1b"],"after":["us-east-1a","us-east-1b"],"after_unknown":false,"before_sensitive":false,"after_sensitive":false},"database_secret_arn":{"actions":["no-op"],"before":"arn:aws:secretsmanager:us-east-1:702865854817:secret:eks-shared-infra-prod-db-credentials-8VGv8r","after":"arn:aws:secretsmanager:us-east-1:702865854817:secret:eks-shared-infra-prod-db-credentials-8VGv8r","after_unknown":false,"before_sensitive":false,"after_sensitive":false},"private_subnet_ids":{"actions":["no-op"],"before":{"us-east-1a":"subnet-012449a54f5a918c4","us-east-1b":"subnet-0c5272bcf564c56e5"},"after":{"us-east-1a":"subnet-012449a54f5a918c4","us-east-1b":"subnet-0c5272bcf564c56e5"},"after_unknown":false,"before_sensitive":false,"after_sensitive":false},"public_subnet_ids":{"actions":["no-op"],"before":{"us-east-1a":"subnet-07fd067e0f1fd7c49","us-east-1b":"subnet-0c99340e104ab7bf0"},"after":{"us-east-1a":"subnet-07fd067e0f1fd7c49","us-east-1b":"subnet-0c99340e104ab7bf0"},"after_unknown":false,"before_sensitive":false,"after_sensitive":false},"rds_instance_endpoint":{"actions":["no-op"],"before":"eks-shared-infra-prod-db.cmfqow4ewt10.us-east-1.rds.amazonaws.com:3306","after":"eks-shared-infra-prod-db.cmfqow4ewt10.us-east-1.rds.amazonaws.com:3306","after_unknown":false,"before_sensitive":false,"after_sensitive":false},"vpc_cidr":{"actions":["no-op"],"before":"10.0.0.0/16","after":"10.0.0.0/16","after_unknown":false,"before_sensitive":false,"after_sensitive":false},"vpc_id":{"actions":["no-op"],"before":"vpc-0545578f6f72b4ecc","after":"vpc-0545578f6f72b4ecc","after_unknown":false,"before_sensitive":false,"after_sensitive":false}},"prior_state":{"format_version":"1.0","terraform_version":"1.13.5","values":{"outputs":{"availability_zones":{"sensitive":false,"value":["us-east-1a","us-east-1b"],"type":["list","string"]},"database_secret_arn":{"sensitive":false,"value":"arn:aws:secretsmanager:us-east-1:702865854817:secret:eks-shared-infra-prod-db-credentials-8VGv8r","type":"string"},"private_subnet_ids":{"sensitive":false,"value":{"us-east-1a":"subnet-012449a54f5a918c4","us-east-1b":"subnet-0c5272bcf564c56e5"},"type":["object",{"us-east-1a":"string","us-east-1b":"string"}]},"public_subnet_ids":{"sensitive":false,"value":{"us-east-1a":"subnet-07fd067e0f1fd7c49","us-east-1b":"subnet-0c99340e104ab7bf0"},"type":["object",{"us-east-1a":"string","us-east-1b":"string"}]},"rds_instance_endpoint":{"sensitive":false,"value":"eks-shared-infra-prod-db.cmfqow4ewt10.us-east-1.rds.amazonaws.com:3306","type":"string"},"vpc_cidr":{"sensitive":false,"value":"10.0.0.0/16","type":"string"},"vpc_id":{"sensitive":false,"value":"vpc-0545578f6f72b4ecc","type":"string"}},"root_module":{"resources":[{"address":"aws_security_group.eks_to_rds_prod[0]","mode":"managed","type":"aws_security_group","name":"eks_to_rds_prod","index":0,"provider_name":"registry.terraform.io/hashicorp/aws","schema_version":1,"values":{"arn":"arn:aws:ec2:us-east-1:702865854817:security-group/sg-01374f25740781e8c","description":"Allow EKS cluster to connect to RDS MySQL","egress":[{"cidr_blocks":["0.0.0.0/0"],"description":"","from_port":0,"ipv6_cidr_blocks":[],"prefix_list_ids":[],"protocol":"-1","security_groups":[],"self":false,"to_port":0}],"id":"sg-01374f25740781e8c","ingress":[{"cidr_blocks":["10.0.0.0/16"],"description":"Allow inbound MySQL from the EKS service","from_port":3306,"ipv6_cidr_blocks":[],"prefix_list_ids":[],"protocol":"tcp","security_groups":[],"self":false,"to_port":3306}],"name":"eks-to-rds-prod-0","name_prefix":"","owner_id":"702865854817","revoke_rules_on_delete":false,"tags":{"Name":"eks-to-rds-prod-0"},"tags_all":{"Name":"eks-to-rds-prod-0"},"timeouts":null,"vpc_id":"vpc-0545578f6f72b4ecc"},"sensitive_values":{"egress":[{"cidr_blocks":[false],"ipv6_cidr_blocks":[],"prefix_list_ids":[],"security_groups":[]}],"ingress":[{"cidr_blocks":[false],"ipv6_cidr_blocks":[],"prefix_list_ids":[],"security_groups":[]}],"tags":{},"tags_all":{}},"depends_on":["aws_security_group.eks_worker_node_sg","module.ec2.aws_iam_role.runner_role","module.eks.aws_eks_access_entry.eks_access_entry","module.eks.aws_eks_access_policy_association.eks_access_policy_association","module.eks.aws_eks_addon.core_dns","module.eks.aws_eks_addon.kube_proxy","module.eks.aws_eks_addon.metrics_server","module.eks.aws_eks_cluster.eks_cluster","module.eks.aws_eks_node_group.node_group","module.eks.aws_iam_instance_profile.node_group","module.eks.aws_iam_openid_connect_provider.eks_oidc","module.eks.aws_iam_policy.alb_controller_policy","module.eks.aws_iam_role.alb_controller_role","module.eks.aws_iam_role.cluster","module.eks.aws_iam_role.irsa_role","module.eks.aws_iam_role.node_group","module.eks.aws_iam_role_policy_attachment.alb_controller_attach","module.eks.aws_iam_role_policy_attachment.eks_cluster_policy","module.eks.aws_iam_role_policy_attachment.node_group-AmazonEC2ContainerRegistryReadOnly","module.eks.aws_iam_role_policy_attachment.node_group-AmazonEKSWorkerNodePolicy","module.eks.aws_iam_role_policy_attachment.node_group-AmazonEKS_CNI_Policy","module.eks.aws_kms_key.eks_launch_template_cmk","module.eks.aws_launch_template.eks_launch_template","module.eks.data.aws_caller_identity.current","module.eks.data.aws_eks_cluster.eks","module.eks.data.tls_certificate.oidc","module.vpc.aws_subnet.private","module.vpc.aws_vpc.main"]},{"address":"aws_security_group_rule.bastion_to_eks_controlplane","mode":"managed","type":"aws_security_group_rule","name":"bastion_to_eks_controlplane","provider_name":"registry.terraform.io/hashicorp/aws","schema_version":2,"values":{"cidr_blocks":["10.0.0.0/16"],"description":"Allow bastion to access EKS API endpoint","from_port":443,"id":"sgrule-4135913408","ipv6_cidr_blocks":null,"prefix_list_ids":null,"protocol":"tcp","security_group_id":"sg-00703db57aba423a7","security_group_rule_id":"sgr-024617f594730b649","self":false,"source_security_group_id":null,"timeouts":null,"to_port":443,"type":"ingress"},"sensitive_values":{"cidr_blocks":[false]},"depends_on":["module.eks.aws_eks_cluster.eks_cluster","module.eks.aws_iam_role.cluster","module.eks.aws_iam_role_policy_attachment.eks_cluster_policy","module.vpc.aws_subnet.private","module.vpc.aws_vpc.main"]}],"child_modules":[{"resources":[{"address":"module.ec2.aws_iam_instance_profile.runner_profile","mode":"managed","type":"aws_iam_instance_profile","name":"runner_profile","provider_name":"registry.terraform.io/hashicorp/aws","schema_version":0,"values":{"arn":"arn:aws:iam::702865854817:instance-profile/self-hosted-runner-profile","create_date":"2025-11-25T09:22:30Z","id":"self-hosted-runner-profile","name":"self-hosted-runner-profile","name_prefix":"","path":"/","role":"self-hosted-runner-role","tags":{},"tags_all":{},"unique_id":"AIPA2HJQR2FQUEDNFUUMP"},"sensitive_values":{"tags":{},"tags_all":{}},"depends_on":["module.ec2.aws_iam_role.runner_role"]},{"address":"module.ec2.aws_iam_role.runner_role","mode":"managed","type":"aws_iam_role","name":"runner_role","provider_name":"registry.terraform.io/hashicorp/aws","schema_version":0,"values":{"arn":"arn:aws:iam::702865854817:role/self-hosted-runner-role","assume_role_policy":"{\"Statement\":[{\"Action\":\"sts:AssumeRole\",\"Effect\":\"Allow\",\"Principal\":{\"Service\":\"ec2.amazonaws.com\"}}],\"Version\":\"2012-10-17\"}","create_date":"2025-11-25T09:22:28Z","description":"","force_detach_policies":false,"id":"self-hosted-runner-role","inline_policy":[{"name":"eks-access-policy","policy":"{\"Version\":\"2012-10-17\",\"Statement\":[{\"Action\":[\"eks:DescribeCluster\",\"eks:ListClusters\",\"eks:AccessKubernetesApi\",\"eks:DescribeClusterVersions\",\"cloudformation:ListStacks\",\"eks:ListNodegroups\",\"eks:DescribeNodegroup\",\"iam:GetOpenIDConnectProvider\",\"cloudformation:CreateStack\",\"cloudformation:DescribeStacks\",\"cloudformation:UpdateTerminationProtection\",\"cloudformation:DeleteStack\",\"cloudformation:UpdateStack\",\"iam:CreateRole\",\"iam:AttachRolePolicy\",\"iam:PutRolePolicy\",\"iam:DeleteRole\",\"iam:DetachRolePolicy\",\"iam:DeleteRolePolicy\",\"iam:ListRoles\",\"iam:GetRole\",\"iam:TagRole\",\"ec2imds: GetMetadata\"],\"Effect\":\"Allow\",\"Resource\":\"*\"}]}"}],"managed_policy_arns":["arn:aws:iam::aws:policy/AmazonEC2ContainerRegistryPowerUser","arn:aws:iam::aws:policy/AmazonSSMManagedInstanceCore"],"max_session_duration":3600,"name":"self-hosted-runner-role","name_prefix":"","path":"/","permissions_boundary":"","tags":{},"tags_all":{},"unique_id":"AROA2HJQR2FQ22DLIQBES"},"sensitive_values":{"inline_policy":[{}],"managed_policy_arns":[false,false],"tags":{},"tags_all":{}}},{"address":"module.ec2.aws_iam_role_policy.eks_access_policy","mode":"managed","type":"aws_iam_role_policy","name":"eks_access_policy","provider_name":"registry.terraform.io/hashicorp/aws","schema_version":0,"values":{"id":"self-hosted-runner-role:eks-access-policy","name":"eks-access-policy","name_prefix":"","policy":"{\"Version\":\"2012-10-17\",\"Statement\":[{\"Action\":[\"eks:DescribeCluster\",\"eks:ListClusters\",\"eks:AccessKubernetesApi\",\"eks:DescribeClusterVersions\",\"cloudformation:ListStacks\",\"eks:ListNodegroups\",\"eks:DescribeNodegroup\",\"iam:GetOpenIDConnectProvider\",\"cloudformation:CreateStack\",\"cloudformation:DescribeStacks\",\"cloudformation:UpdateTerminationProtection\",\"cloudformation:DeleteStack\",\"cloudformation:UpdateStack\",\"iam:CreateRole\",\"iam:AttachRolePolicy\",\"iam:PutRolePolicy\",\"iam:DeleteRole\",\"iam:DetachRolePolicy\",\"iam:DeleteRolePolicy\",\"iam:ListRoles\",\"iam:GetRole\",\"iam:TagRole\",\"ec2imds: GetMetadata\"],\"Effect\":\"Allow\",\"Resource\":\"*\"}]}","role":"self-hosted-runner-role"},"sensitive_values":{},"depends_on":["module.ec2.aws_iam_role.runner_role"]},{"address":"module.ec2.aws_iam_role_policy_attachment.ecr_policy","mode":"managed","type":"aws_iam_role_policy_attachment","name":"ecr_policy","provider_name":"registry.terraform.io/hashicorp/aws","schema_version":0,"values":{"id":"self-hosted-runner-role-20251125092230163600000005","policy_arn":"arn:aws:iam::aws:policy/AmazonEC2ContainerRegistryPowerUser","role":"self-hosted-runner-role"},"sensitive_values":{},"depends_on":["module.ec2.aws_iam_role.runner_role"]},{"address":"module.ec2.aws_iam_role_policy_attachment.ssm_policy","mode":"managed","type":"aws_iam_role_policy_attachment","name":"ssm_policy","provider_name":"registry.terraform.io/hashicorp/aws","schema_version":0,"values":{"id":"self-hosted-runner-role-20251125092230181100000006","policy_arn":"arn:aws:iam::aws:policy/AmazonSSMManagedInstanceCore","role":"self-hosted-runner-role"},"sensitive_values":{},"depends_on":["module.ec2.aws_iam_role.runner_role"]},{"address":"module.ec2.aws_instance.ec2_instance","mode":"managed","type":"aws_instance","name":"ec2_instance","provider_name":"registry.terraform.io/hashicorp/aws","schema_version":1,"values":{"ami":"ami-0fa3fe0fa7920f68e","arn":"arn:aws:ec2:us-east-1:702865854817:instance/i-039e8acd7c17ce80b","associate_public_ip_address":true,"availability_zone":"us-east-1a","capacity_reservation_specification":[{"capacity_reservation_preference":"open","capacity_reservation_target":[]}],"cpu_core_count":1,"cpu_options":[{"amd_sev_snp":"","core_count":1,"threads_per_core":2}],"cpu_threads_per_core":2,"credit_specification":[{"cpu_credits":"unlimited"}],"disable_api_stop":false,"disable_api_termination":false,"ebs_block_device":[],"ebs_optimized":false,"enable_primary_ipv6":null,"enclave_options":[{"enabled":false}],"ephemeral_block_device":[],"get_password_data":false,"hibernation":false,"host_id":"","host_resource_group_arn":null,"iam_instance_profile":"self-hosted-runner-profile","id":"i-039e8acd7c17ce80b","instance_initiated_shutdown_behavior":"stop","instance_lifecycle":"","instance_market_options":[],"instance_state":"running","instance_type":"t3.micro","ipv6_address_count":0,"ipv6_addresses":[],"key_name":"eks-key","launch_template":[],"maintenance_options":[{"auto_recovery":"default"}],"metadata_options":[{"http_endpoint":"enabled","http_protocol_ipv6":"disabled","http_put_response_hop_limit":2,"http_tokens":"required","instance_metadata_tags":"disabled"}],"monitoring":false,"network_interface":[],"outpost_arn":"","password_data":"","placement_group":"","placement_partition_number":0,"primary_network_interface_id":"eni-08c8fac5a8e07493e","private_dns":"ip-10-0-0-227.ec2.internal","private_dns_name_options":[{"enable_resource_name_dns_a_record":false,"enable_resource_name_dns_aaaa_record":false,"hostname_type":"ip-name"}],"private_ip":"10.0.0.227","public_dns":"ec2-54-81-20-153.compute-1.amazonaws.com","public_ip":"54.81.20.153","root_block_device":[{"delete_on_termination":true,"device_name":"/dev/xvda","encrypted":false,"iops":3000,"kms_key_id":"","tags":{},"tags_all":{},"throughput":125,"volume_id":"vol-09041da869fbe1689","volume_size":25,"volume_type":"gp3"}],"secondary_private_ips":[],"security_groups":[],"source_dest_check":true,"spot_instance_request_id":"","subnet_id":"subnet-07fd067e0f1fd7c49","tags":{},"tags_all":{},"tenancy":"default","timeouts":null,"user_data":null,"user_data_base64":null,"user_data_replace_on_change":false,"volume_tags":null,"vpc_security_group_ids":["sg-085a08baf24e0c296"]},"sensitive_values":{"capacity_reservation_specification":[{"capacity_reservation_target":[]}],"cpu_options":[{}],"credit_specification":[{}],"ebs_block_device":[],"enclave_options":[{}],"ephemeral_block_device":[],"instance_market_options":[],"ipv6_addresses":[],"launch_template":[],"maintenance_options":[{}],"metadata_options":[{}],"network_interface":[],"private_dns_name_options":[{}],"root_block_device":[{"tags":{},"tags_all":{}}],"secondary_private_ips":[],"security_groups":[],"tags":{},"tags_all":{},"vpc_security_group_ids":[false]},"depends_on":["module.ec2.aws_iam_instance_profile.runner_profile","module.ec2.aws_iam_role.runner_role","module.ec2.aws_security_group.ec2_sg","module.vpc.aws_subnet.public","module.vpc.aws_vpc.main"]},{"address":"module.ec2.aws_security_group.ec2_sg[0]","mode":"managed","type":"aws_security_group","name":"ec2_sg","index":0,"provider_name":"registry.terraform.io/hashicorp/aws","schema_version":1,"values":{"arn":"arn:aws:ec2:us-east-1:702865854817:security-group/sg-085a08baf24e0c296","description":"Security Group for instance","egress":[{"cidr_blocks":["0.0.0.0/0"],"description":"","from_port":0,"ipv6_cidr_blocks":[],"prefix_list_ids":[],"protocol":"-1","security_groups":[],"self":false,"to_port":0}],"id":"sg-085a08baf24e0c296","ingress":[{"cidr_blocks":["0.0.0.0/0"],"description":"Allow HTTP","from_port":80,"ipv6_cidr_blocks":[],"prefix_list_ids":[],"protocol":"tcp","security_groups":[],"self":false,"to_port":80},{"cidr_blocks":["0.0.0.0/0"],"description":"Allow HTTPS","from_port":443,"ipv6_cidr_blocks":[],"prefix_list_ids":[],"protocol":"tcp","security_groups":[],"self":false,"to_port":443},{"cidr_blocks":["0.0.0.0/0"],"description":"Allow SSH","from_port":22,"ipv6_cidr_blocks":[],"prefix_list_ids":[],"protocol":"tcp","security_groups":[],"self":false,"to_port":22}],"name":"ec2-sg","name_prefix":"","owner_id":"702865854817","revoke_rules_on_delete":false,"tags":{},"tags_all":{},"timeouts":null,"vpc_id":"vpc-0545578f6f72b4ecc"},"sensitive_values":{"egress":[{"cidr_blocks":[false],"ipv6_cidr_blocks":[],"prefix_list_ids":[],"security_groups":[]}],"ingress":[{"cidr_blocks":[false],"ipv6_cidr_blocks":[],"prefix_list_ids":[],"security_groups":[]},{"cidr_blocks":[false],"ipv6_cidr_blocks":[],"prefix_list_ids":[],"security_groups":[]},{"cidr_blocks":[false],"ipv6_cidr_blocks":[],"prefix_list_ids":[],"security_groups":[]}],"tags":{},"tags_all":{}},"depends_on":["module.vpc.aws_vpc.main"]}],"address":"module.ec2"},{"resources":[{"address":"module.eks.data.aws_caller_identity.current","mode":"data","type":"aws_caller_identity","name":"current","provider_name":"registry.terraform.io/hashicorp/aws","schema_version":0,"values":{"account_id":"702865854817","arn":"arn:aws:sts::702865854817:assumed-role/AWSReservedSSO_AdministratorAccess_1e38cb8cdd5d45ff/madhusharma@lftechnology.com","id":"702865854817","user_id":"AROA2HJQR2FQ7JT54X3QW:madhusharma@lftechnology.com"},"sensitive_values":{}},{"address":"module.eks.aws_eks_access_entry.eks_access_entry[\"arn:aws:iam::702865854817:role/bastion-iam-role\"]","mode":"managed","type":"aws_eks_access_entry","name":"eks_access_entry","index":"arn:aws:iam::702865854817:role/bastion-iam-role","provider_name":"registry.terraform.io/hashicorp/aws","schema_version":0,"values":{"access_entry_arn":"arn:aws:eks:us-east-1:702865854817:access-entry/ase-eks-cluster/role/702865854817/bastion-iam-role/4acd6292-620b-8923-530f-ace5f601dc51","cluster_name":"ase-eks-cluster","created_at":"2025-11-27T11:48:32Z","id":"ase-eks-cluster:arn:aws:iam::702865854817:role/bastion-iam-role","kubernetes_groups":[],"modified_at":"2025-11-27T11:48:32Z","principal_arn":"arn:aws:iam::702865854817:role/bastion-iam-role","tags":{},"tags_all":{},"timeouts":null,"type":"STANDARD","user_name":"arn:aws:sts::702865854817:assumed-role/bastion-iam-role/{{SessionName}}"},"sensitive_values":{"kubernetes_groups":[],"tags":{},"tags_all":{}},"depends_on":["module.eks.aws_eks_cluster.eks_cluster","module.eks.aws_iam_role.cluster","module.eks.aws_iam_role_policy_attachment.eks_cluster_policy","module.vpc.aws_subnet.private","module.vpc.aws_vpc.main"]},{"address":"module.eks.aws_eks_access_entry.eks_access_entry[\"arn:aws:iam::702865854817:role/ec2-instance-role-amrit\"]","mode":"managed","type":"aws_eks_access_entry","name":"eks_access_entry","index":"arn:aws:iam::702865854817:role/ec2-instance-role-amrit","provider_name":"registry.terraform.io/hashicorp/aws","schema_version":0,"values":{"access_entry_arn":"arn:aws:eks:us-east-1:702865854817:access-entry/ase-eks-cluster/role/702865854817/ec2-instance-role-amrit/60cd6293-6cd3-0789-5b70-b57c64f84739","cluster_name":"ase-eks-cluster","created_at":"2025-11-27T11:50:49Z","id":"ase-eks-cluster:arn:aws:iam::702865854817:role/ec2-instance-role-amrit","kubernetes_groups":[],"modified_at":"2025-11-27T11:50:49Z","principal_arn":"arn:aws:iam::702865854817:role/ec2-instance-role-amrit","tags":{},"tags_all":{},"timeouts":null,"type":"STANDARD","user_name":"arn:aws:sts::702865854817:assumed-role/ec2-instance-role-amrit/{{SessionName}}"},"sensitive_values":{"kubernetes_groups":[],"tags":{},"tags_all":{}},"depends_on":["module.eks.aws_eks_cluster.eks_cluster","module.eks.aws_iam_role.cluster","module.eks.aws_iam_role_policy_attachment.eks_cluster_policy","module.vpc.aws_subnet.private","module.vpc.aws_vpc.main"]},{"address":"module.eks.aws_eks_access_entry.eks_access_entry[\"arn:aws:iam::702865854817:role/madhu-iam-role\"]","mode":"managed","type":"aws_eks_access_entry","name":"eks_access_entry","index":"arn:aws:iam::702865854817:role/madhu-iam-role","provider_name":"registry.terraform.io/hashicorp/aws","schema_version":0,"values":{"access_entry_arn":"arn:aws:eks:us-east-1:702865854817:access-entry/ase-eks-cluster/role/702865854817/madhu-iam-role/dacd67d5-202f-bad6-ac32-e6d8f7421d9b","cluster_name":"ase-eks-cluster","created_at":"2025-11-29T12:50:32Z","id":"ase-eks-cluster:arn:aws:iam::702865854817:role/madhu-iam-role","kubernetes_groups":[],"modified_at":"2025-11-29T12:50:32Z","principal_arn":"arn:aws:iam::702865854817:role/madhu-iam-role","tags":{},"tags_all":{},"timeouts":null,"type":"STANDARD","user_name":"arn:aws:sts::702865854817:assumed-role/madhu-iam-role/{{SessionName}}"},"sensitive_values":{"kubernetes_groups":[],"tags":{},"tags_all":{}},"depends_on":["module.eks.aws_eks_cluster.eks_cluster","module.eks.aws_iam_role.cluster","module.eks.aws_iam_role_policy_attachment.eks_cluster_policy","module.vpc.aws_subnet.private","module.vpc.aws_vpc.main"]},{"address":"module.eks.aws_eks_access_entry.eks_access_entry[\"arn:aws:iam::702865854817:role/mejan-self-hosted-runner-bastion-role\"]","mode":"managed","type":"aws_eks_access_entry","name":"eks_access_entry","index":"arn:aws:iam::702865854817:role/mejan-self-hosted-runner-bastion-role","provider_name":"registry.terraform.io/hashicorp/aws","schema_version":0,"values":{"access_entry_arn":"arn:aws:eks:us-east-1:702865854817:access-entry/ase-eks-cluster/role/702865854817/mejan-self-hosted-runner-bastion-role/72cd6292-6212-c99b-b92d-576733ab3e80","cluster_name":"ase-eks-cluster","created_at":"2025-11-27T11:48:32Z","id":"ase-eks-cluster:arn:aws:iam::702865854817:role/mejan-self-hosted-runner-bastion-role","kubernetes_groups":[],"modified_at":"2025-11-27T11:48:32Z","principal_arn":"arn:aws:iam::702865854817:role/mejan-self-hosted-runner-bastion-role","tags":{},"tags_all":{},"timeouts":null,"type":"STANDARD","user_name":"arn:aws:sts::702865854817:assumed-role/mejan-self-hosted-runner-bastion-role/{{SessionName}}"},"sensitive_values":{"kubernetes_groups":[],"tags":{},"tags_all":{}},"depends_on":["module.eks.aws_eks_cluster.eks_cluster","module.eks.aws_iam_role.cluster","module.eks.aws_iam_role_policy_attachment.eks_cluster_policy","module.vpc.aws_subnet.private","module.vpc.aws_vpc.main"]},{"address":"module.eks.aws_eks_access_policy_association.eks_access_policy_association[\"arn:aws:iam::702865854817:role/bastion-iam-role\"]","mode":"managed","type":"aws_eks_access_policy_association","name":"eks_access_policy_association","index":"arn:aws:iam::702865854817:role/bastion-iam-role","provider_name":"registry.terraform.io/hashicorp/aws","schema_version":0,"values":{"access_scope":[{"namespaces":[],"type":"cluster"}],"associated_at":"2025-11-27 11:48:33.086 +0000 UTC","cluster_name":"ase-eks-cluster","id":"ase-eks-cluster#arn:aws:iam::702865854817:role/bastion-iam-role#arn:aws:eks::aws:cluster-access-policy/AmazonEKSClusterAdminPolicy","modified_at":"2025-11-27 11:48:33.086 +0000 UTC","policy_arn":"arn:aws:eks::aws:cluster-access-policy/AmazonEKSClusterAdminPolicy","principal_arn":"arn:aws:iam::702865854817:role/bastion-iam-role","timeouts":null},"sensitive_values":{"access_scope":[{"namespaces":[]}]},"depends_on":["module.eks.aws_eks_cluster.eks_cluster","module.eks.aws_iam_role.cluster","module.eks.aws_iam_role_policy_attachment.eks_cluster_policy","module.vpc.aws_subnet.private","module.vpc.aws_vpc.main"]},{"address":"module.eks.aws_eks_access_policy_association.eks_access_policy_association[\"arn:aws:iam::702865854817:role/ec2-instance-role-amrit\"]","mode":"managed","type":"aws_eks_access_policy_association","name":"eks_access_policy_association","index":"arn:aws:iam::702865854817:role/ec2-instance-role-amrit","provider_name":"registry.terraform.io/hashicorp/aws","schema_version":0,"values":{"access_scope":[{"namespaces":[],"type":"cluster"}],"associated_at":"2025-11-27 11:50:49.147 +0000 UTC","cluster_name":"ase-eks-cluster","id":"ase-eks-cluster#arn:aws:iam::702865854817:role/ec2-instance-role-amrit#arn:aws:eks::aws:cluster-access-policy/AmazonEKSClusterAdminPolicy","modified_at":"2025-11-27 11:50:49.147 +0000 UTC","policy_arn":"arn:aws:eks::aws:cluster-access-policy/AmazonEKSClusterAdminPolicy","principal_arn":"arn:aws:iam::702865854817:role/ec2-instance-role-amrit","timeouts":null},"sensitive_values":{"access_scope":[{"namespaces":[]}]},"depends_on":["module.eks.aws_eks_cluster.eks_cluster","module.eks.aws_iam_role.cluster","module.eks.aws_iam_role_policy_attachment.eks_cluster_policy","module.vpc.aws_subnet.private","module.vpc.aws_vpc.main"]},{"address":"module.eks.aws_eks_access_policy_association.eks_access_policy_association[\"arn:aws:iam::702865854817:role/madhu-iam-role\"]","mode":"managed","type":"aws_eks_access_policy_association","name":"eks_access_policy_association","index":"arn:aws:iam::702865854817:role/madhu-iam-role","provider_name":"registry.terraform.io/hashicorp/aws","schema_version":0,"values":{"access_scope":[{"namespaces":[],"type":"cluster"}],"associated_at":"2025-11-29 12:50:32.834 +0000 UTC","cluster_name":"ase-eks-cluster","id":"ase-eks-cluster#arn:aws:iam::702865854817:role/madhu-iam-role#arn:aws:eks::aws:cluster-access-policy/AmazonEKSClusterAdminPolicy","modified_at":"2025-11-29 12:50:32.834 +0000 UTC","policy_arn":"arn:aws:eks::aws:cluster-access-policy/AmazonEKSClusterAdminPolicy","principal_arn":"arn:aws:iam::702865854817:role/madhu-iam-role","timeouts":null},"sensitive_values":{"access_scope":[{"namespaces":[]}]},"depends_on":["module.eks.aws_eks_cluster.eks_cluster","module.eks.aws_iam_role.cluster","module.eks.aws_iam_role_policy_attachment.eks_cluster_policy","module.vpc.aws_subnet.private","module.vpc.aws_vpc.main"]},{"address":"module.eks.aws_eks_access_policy_association.eks_access_policy_association[\"arn:aws:iam::702865854817:role/mejan-self-hosted-runner-bastion-role\"]","mode":"managed","type":"aws_eks_access_policy_association","name":"eks_access_policy_association","index":"arn:aws:iam::702865854817:role/mejan-self-hosted-runner-bastion-role","provider_name":"registry.terraform.io/hashicorp/aws","schema_version":0,"values":{"access_scope":[{"namespaces":[],"type":"cluster"}],"associated_at":"2025-11-27 11:48:32.987 +0000 UTC","cluster_name":"ase-eks-cluster","id":"ase-eks-cluster#arn:aws:iam::702865854817:role/mejan-self-hosted-runner-bastion-role#arn:aws:eks::aws:cluster-access-policy/AmazonEKSClusterAdminPolicy","modified_at":"2025-11-27 11:48:32.987 +0000 UTC","policy_arn":"arn:aws:eks::aws:cluster-access-policy/AmazonEKSClusterAdminPolicy","principal_arn":"arn:aws:iam::702865854817:role/mejan-self-hosted-runner-bastion-role","timeouts":null},"sensitive_values":{"access_scope":[{"namespaces":[]}]},"depends_on":["module.eks.aws_eks_cluster.eks_cluster","module.eks.aws_iam_role.cluster","module.eks.aws_iam_role_policy_attachment.eks_cluster_policy","module.vpc.aws_subnet.private","module.vpc.aws_vpc.main"]},{"address":"module.eks.aws_eks_cluster.eks_cluster","mode":"managed","type":"aws_eks_cluster","name":"eks_cluster","provider_name":"registry.terraform.io/hashicorp/aws","schema_version":1,"values":{"access_config":[{"authentication_mode":"API_AND_CONFIG_MAP","bootstrap_cluster_creator_admin_permissions":true}],"arn":"arn:aws:eks:us-east-1:702865854817:cluster/ase-eks-cluster","bootstrap_self_managed_addons":true,"certificate_authority":[{"data":"LS0tLS1CRUdJTiBDRVJUSUZJQ0FURS0tLS0tCk1JSURCVENDQWUyZ0F3SUJBZ0lJVmpsbmczTlJwSVV3RFFZSktvWklodmNOQVFFTEJRQXdGVEVUTUJFR0ExVUUKQXhNS2EzVmlaWEp1WlhSbGN6QWVGdzB5TlRFeE1qVXdPVEkwTURsYUZ3MHpOVEV4TWpNd09USTVNRGxhTUJVeApFekFSQmdOVkJBTVRDbXQxWW1WeWJtVjBaWE13Z2dFaU1BMEdDU3FHU0liM0RRRUJBUVVBQTRJQkR3QXdnZ0VLCkFvSUJBUURIRHBaSjdHaHdMVHNVSytiVzFOSGU5KzJOUWRWdkpHaVBncWhWUC9zQ0NUOXZpRERlNkJucmRhb3QKNGgzS1NnR00xRHVjdk1iQ21qRGJHUTZ3anVYZ1RGTTFRVXNEUlRqVng4c3BIMER4V1Y1MFNxM1BNRkJnbmRUagowVHJBTFFXV0NkRDZiOWVkSEltOCtBMDhEK0UySnVHVTBFZjY3NU54WStJQ3JvTllHNGZLRWduYmFpYnd4WFVaCmErMjUvdXl4YzVlZUdkY3RCOTRvcDZ4aWRPWmRtRWpmWlFiRzRKM2ZROEpzNmU4OWdXUkNOMzk1SHJKREJsT2sKdXdFZnJpNitJU00ySzhDM2h1amltSG5xNy9yQW9OK3NjcCt3eklPL2ZBN0hyYlcrTkhOWkdSY0lNM3hSZTJMVgpRdG12ZHFYNzlWZXFxZ1NLZnFOZmVHNDN0OE9aQWdNQkFBR2pXVEJYTUE0R0ExVWREd0VCL3dRRUF3SUNwREFQCkJnTlZIUk1CQWY4RUJUQURBUUgvTUIwR0ExVWREZ1FXQkJRY3dxRnZnbzZnSFoxaVQwTkFyZ0hFUmxxV29UQVYKQmdOVkhSRUVEakFNZ2dwcmRXSmxjbTVsZEdWek1BMEdDU3FHU0liM0RRRUJDd1VBQTRJQkFRQi8yVmRCWDhnVgp2VmNxaUNsblZyWmVTSkFPQUVmWlk4ZTlqV1pqcmlOMzJOQ0dYV1RZczd0STNqOGFZdW5jalAzQjUvelNMUHBVCjVZZUNyNFUzeW9jc2ptVWk4MkF2Q3F0cklMTXJCR3dxZUVENDBSQWRoMnAyUCt2U1NXMDF2MkNUZ0RYTTkxUlQKeUhkVWgySHRJbUpRdkVyaW94R1Q2dGVjVW5Xd2Qrc2pNSHFFbE9IeVdmTng3bTRNSEFlUkVWWUhhTmd3UnY4QQpmWHEyZ2lFblJ1c3pMQlNWNmRzak80RUs5L0xSQ1ZodVFSbitBV2tzOUJCRk8vNzZtN0hjOUdPam5BcXR5ZVlyCkdHaVQvVXhBbzBVMGhTVXZRUFEySG5uTGZ0L3loT2w3VFJqR3F3bXc4dzBXTFRTTlQ0dDREV0p5YW9yZGEwWGUKTnFDZ21BN1BKMHZhCi0tLS0tRU5EIENFUlRJRklDQVRFLS0tLS0K"}],"cluster_id":null,"compute_config":[],"created_at":"2025-11-25T09:22:59Z","enabled_cluster_log_types":[],"encryption_config":[],"endpoint":"https://00AA4093A6A86482B4C136A782B55B33.gr7.us-east-1.eks.amazonaws.com","force_update_version":null,"id":"ase-eks-cluster","identity":[{"oidc":[{"issuer":"https://oidc.eks.us-east-1.amazonaws.com/id/00AA4093A6A86482B4C136A782B55B33"}]}],"kubernetes_network_config":[{"elastic_load_balancing":[{"enabled":false}],"ip_family":"ipv4","service_ipv4_cidr":"172.20.0.0/16","service_ipv6_cidr":""}],"name":"ase-eks-cluster","outpost_config":[],"platform_version":"eks.9","remote_network_config":[],"role_arn":"arn:aws:iam::702865854817:role/ase-eks-cluster-eks-cluster-role","status":"ACTIVE","storage_config":[],"tags":{"Name":"ase-eks-cluster"},"tags_all":{"Name":"ase-eks-cluster"},"timeouts":null,"upgrade_policy":[{"support_type":"EXTENDED"}],"version":"1.34","vpc_config":[{"cluster_security_group_id":"sg-00703db57aba423a7","endpoint_private_access":true,"endpoint_public_access":false,"public_access_cidrs":[],"security_group_ids":[],"subnet_ids":["subnet-012449a54f5a918c4","subnet-0c5272bcf564c56e5"],"vpc_id":"vpc-0545578f6f72b4ecc"}],"zonal_shift_config":[]},"sensitive_values":{"access_config":[{}],"certificate_authority":[{}],"compute_config":[],"enabled_cluster_log_types":[],"encryption_config":[],"identity":[{"oidc":[{}]}],"kubernetes_network_config":[{"elastic_load_balancing":[{}]}],"outpost_config":[],"remote_network_config":[],"storage_config":[],"tags":{},"tags_all":{},"upgrade_policy":[{}],"vpc_config":[{"public_access_cidrs":[],"security_group_ids":[],"subnet_ids":[false,false]}],"zonal_shift_config":[]},"depends_on":["module.eks.aws_iam_role.cluster","module.eks.aws_iam_role_policy_attachment.eks_cluster_policy","module.vpc.aws_subnet.private","module.vpc.aws_vpc.main"]},{"address":"module.eks.aws_eks_node_group.node_group","mode":"managed","type":"aws_eks_node_group","name":"node_group","provider_name":"registry.terraform.io/hashicorp/aws","schema_version":0,"values":{"ami_type":"AL2023_x86_64_STANDARD","arn":"arn:aws:eks:us-east-1:702865854817:nodegroup/ase-eks-cluster/ase-eks-cluster-node-group/48cd5d2e-20f7-dc8e-76d9-f7da1ea1a610","capacity_type":"ON_DEMAND","cluster_name":"ase-eks-cluster","disk_size":20,"force_update_version":null,"id":"ase-eks-cluster:ase-eks-cluster-node-group","instance_types":["t3.medium"],"labels":{},"launch_template":[],"node_group_name":"ase-eks-cluster-node-group","node_group_name_prefix":"","node_repair_config":[],"node_role_arn":"arn:aws:iam::702865854817:role/ase-eks-cluster-eks-node-group-role","release_version":"1.34.2-20251120","remote_access":[],"resources":[{"autoscaling_groups":[{"name":"eks-ase-eks-cluster-node-group-48cd5d2e-20f7-dc8e-76d9-f7da1ea1a610"}],"remote_access_security_group_id":""}],"scaling_config":[{"desired_size":2,"max_size":2,"min_size":2}],"status":"ACTIVE","subnet_ids":["subnet-012449a54f5a918c4","subnet-0c5272bcf564c56e5"],"tags":{"Name":"ase-eks-cluster-node-group"},"tags_all":{"Name":"ase-eks-cluster-node-group"},"taint":[],"timeouts":null,"update_config":[{"max_unavailable":1,"max_unavailable_percentage":0}],"version":"1.34"},"sensitive_values":{"instance_types":[false],"labels":{},"launch_template":[],"node_repair_config":[],"remote_access":[],"resources":[{"autoscaling_groups":[{}]}],"scaling_config":[{}],"subnet_ids":[false,false],"tags":{},"tags_all":{},"taint":[],"update_config":[{}]},"depends_on":["module.eks.aws_eks_cluster.eks_cluster","module.eks.aws_iam_role.cluster","module.eks.aws_iam_role.node_group","module.eks.aws_iam_role_policy_attachment.eks_cluster_policy","module.eks.aws_iam_role_policy_attachment.node_group-AmazonEC2ContainerRegistryReadOnly","module.eks.aws_iam_role_policy_attachment.node_group-AmazonEKSWorkerNodePolicy","module.eks.aws_iam_role_policy_attachment.node_group-AmazonEKS_CNI_Policy","module.vpc.aws_subnet.private","module.vpc.aws_vpc.main"]},{"address":"module.eks.aws_iam_openid_connect_provider.eks_oidc","mode":"managed","type":"aws_iam_openid_connect_provider","name":"eks_oidc","provider_name":"registry.terraform.io/hashicorp/aws","schema_version":0,"values":{"arn":"arn:aws:iam::702865854817:oidc-provider/oidc.eks.us-east-1.amazonaws.com/id/00AA4093A6A86482B4C136A782B55B33","client_id_list":["sts.amazonaws.com"],"id":"arn:aws:iam::702865854817:oidc-provider/oidc.eks.us-east-1.amazonaws.com/id/00AA4093A6A86482B4C136A782B55B33","tags":{},"tags_all":{},"thumbprint_list":["06b25927c42a721631c1efd9431e648fa62e1e39"],"url":"oidc.eks.us-east-1.amazonaws.com/id/00AA4093A6A86482B4C136A782B55B33"},"sensitive_values":{"client_id_list":[false],"tags":{},"tags_all":{},"thumbprint_list":[false]},"depends_on":["module.eks.aws_eks_cluster.eks_cluster","module.eks.aws_iam_role.cluster","module.eks.aws_iam_role_policy_attachment.eks_cluster_policy","module.eks.data.aws_eks_cluster.eks","module.eks.data.tls_certificate.oidc","module.vpc.aws_subnet.private","module.vpc.aws_vpc.main"]},{"address":"module.eks.aws_iam_policy.alb_controller_policy","mode":"managed","type":"aws_iam_policy","name":"alb_controller_policy","provider_name":"registry.terraform.io/hashicorp/aws","schema_version":0,"values":{"arn":"arn:aws:iam::702865854817:policy/AWSLoadBalancerControllerIAMPolicy","attachment_count":2,"description":"IAM policy for ALB controller","id":"arn:aws:iam::702865854817:policy/AWSLoadBalancerControllerIAMPolicy","name":"AWSLoadBalancerControllerIAMPolicy","name_prefix":"","path":"/","policy":"{\"Statement\":[{\"Action\":[\"iam:CreateServiceLinkedRole\"],\"Condition\":{\"StringEquals\":{\"iam:AWSServiceName\":\"elasticloadbalancing.amazonaws.com\"}},\"Effect\":\"Allow\",\"Resource\":\"*\"},{\"Action\":[\"ec2:DescribeAccountAttributes\",\"ec2:DescribeAddresses\",\"ec2:DescribeAvailabilityZones\",\"ec2:DescribeInternetGateways\",\"ec2:DescribeVpcs\",\"ec2:DescribeVpcPeeringConnections\",\"ec2:DescribeSubnets\",\"ec2:DescribeSecurityGroups\",\"ec2:DescribeInstances\",\"ec2:DescribeNetworkInterfaces\",\"ec2:DescribeTags\",\"ec2:GetCoipPoolUsage\",\"ec2:DescribeCoipPools\",\"ec2:GetSecurityGroupsForVpc\",\"ec2:DescribeIpamPools\",\"ec2:DescribeRouteTables\",\"elasticloadbalancing:DescribeLoadBalancers\",\"elasticloadbalancing:DescribeLoadBalancerAttributes\",\"elasticloadbalancing:DescribeListeners\",\"elasticloadbalancing:DescribeListenerCertificates\",\"elasticloadbalancing:DescribeSSLPolicies\",\"elasticloadbalancing:DescribeRules\",\"elasticloadbalancing:DescribeTargetGroups\",\"elasticloadbalancing:DescribeTargetGroupAttributes\",\"elasticloadbalancing:DescribeTargetHealth\",\"elasticloadbalancing:DescribeTags\",\"elasticloadbalancing:DescribeTrustStores\",\"elasticloadbalancing:DescribeListenerAttributes\",\"elasticloadbalancing:DescribeCapacityReservation\"],\"Effect\":\"Allow\",\"Resource\":\"*\"},{\"Action\":[\"cognito-idp:DescribeUserPoolClient\",\"acm:ListCertificates\",\"acm:DescribeCertificate\",\"iam:ListServerCertificates\",\"iam:GetServerCertificate\",\"waf-regional:GetWebACL\",\"waf-regional:GetWebACLForResource\",\"waf-regional:AssociateWebACL\",\"waf-regional:DisassociateWebACL\",\"wafv2:GetWebACL\",\"wafv2:GetWebACLForResource\",\"wafv2:AssociateWebACL\",\"wafv2:DisassociateWebACL\",\"shield:GetSubscriptionState\",\"shield:DescribeProtection\",\"shield:CreateProtection\",\"shield:DeleteProtection\"],\"Effect\":\"Allow\",\"Resource\":\"*\"},{\"Action\":[\"ec2:AuthorizeSecurityGroupIngress\",\"ec2:RevokeSecurityGroupIngress\"],\"Effect\":\"Allow\",\"Resource\":\"*\"},{\"Action\":[\"ec2:CreateSecurityGroup\"],\"Effect\":\"Allow\",\"Resource\":\"*\"},{\"Action\":[\"ec2:CreateTags\"],\"Condition\":{\"Null\":{\"aws:RequestTag/elbv2.k8s.aws/cluster\":\"false\"},\"StringEquals\":{\"ec2:CreateAction\":\"CreateSecurityGroup\"}},\"Effect\":\"Allow\",\"Resource\":\"arn:aws:ec2:*:*:security-group/*\"},{\"Action\":[\"ec2:CreateTags\",\"ec2:DeleteTags\"],\"Condition\":{\"Null\":{\"aws:RequestTag/elbv2.k8s.aws/cluster\":\"true\",\"aws:ResourceTag/elbv2.k8s.aws/cluster\":\"false\"}},\"Effect\":\"Allow\",\"Resource\":\"arn:aws:ec2:*:*:security-group/*\"},{\"Action\":[\"ec2:AuthorizeSecurityGroupIngress\",\"ec2:RevokeSecurityGroupIngress\",\"ec2:DeleteSecurityGroup\"],\"Condition\":{\"Null\":{\"aws:ResourceTag/elbv2.k8s.aws/cluster\":\"false\"}},\"Effect\":\"Allow\",\"Resource\":\"*\"},{\"Action\":[\"elasticloadbalancing:CreateLoadBalancer\",\"elasticloadbalancing:CreateTargetGroup\"],\"Condition\":{\"Null\":{\"aws:RequestTag/elbv2.k8s.aws/cluster\":\"false\"}},\"Effect\":\"Allow\",\"Resource\":\"*\"},{\"Action\":[\"elasticloadbalancing:CreateListener\",\"elasticloadbalancing:DeleteListener\",\"elasticloadbalancing:CreateRule\",\"elasticloadbalancing:DeleteRule\"],\"Effect\":\"Allow\",\"Resource\":\"*\"},{\"Action\":[\"elasticloadbalancing:AddTags\",\"elasticloadbalancing:RemoveTags\"],\"Condition\":{\"Null\":{\"aws:RequestTag/elbv2.k8s.aws/cluster\":\"true\",\"aws:ResourceTag/elbv2.k8s.aws/cluster\":\"false\"}},\"Effect\":\"Allow\",\"Resource\":[\"arn:aws:elasticloadbalancing:*:*:targetgroup/*/*\",\"arn:aws:elasticloadbalancing:*:*:loadbalancer/net/*/*\",\"arn:aws:elasticloadbalancing:*:*:loadbalancer/app/*/*\"]},{\"Action\":[\"elasticloadbalancing:AddTags\",\"elasticloadbalancing:RemoveTags\"],\"Effect\":\"Allow\",\"Resource\":[\"arn:aws:elasticloadbalancing:*:*:listener/net/*/*/*\",\"arn:aws:elasticloadbalancing:*:*:listener/app/*/*/*\",\"arn:aws:elasticloadbalancing:*:*:listener-rule/net/*/*/*\",\"arn:aws:elasticloadbalancing:*:*:listener-rule/app/*/*/*\"]},{\"Action\":[\"elasticloadbalancing:ModifyLoadBalancerAttributes\",\"elasticloadbalancing:SetIpAddressType\",\"elasticloadbalancing:SetSecurityGroups\",\"elasticloadbalancing:SetSubnets\",\"elasticloadbalancing:DeleteLoadBalancer\",\"elasticloadbalancing:ModifyTargetGroup\",\"elasticloadbalancing:ModifyTargetGroupAttributes\",\"elasticloadbalancing:DeleteTargetGroup\",\"elasticloadbalancing:ModifyListenerAttributes\",\"elasticloadbalancing:ModifyCapacityReservation\",\"elasticloadbalancing:ModifyIpPools\"],\"Condition\":{\"Null\":{\"aws:ResourceTag/elbv2.k8s.aws/cluster\":\"false\"}},\"Effect\":\"Allow\",\"Resource\":\"*\"},{\"Action\":[\"elasticloadbalancing:AddTags\"],\"Condition\":{\"Null\":{\"aws:RequestTag/elbv2.k8s.aws/cluster\":\"false\"},\"StringEquals\":{\"elasticloadbalancing:CreateAction\":[\"CreateTargetGroup\",\"CreateLoadBalancer\"]}},\"Effect\":\"Allow\",\"Resource\":[\"arn:aws:elasticloadbalancing:*:*:targetgroup/*/*\",\"arn:aws:elasticloadbalancing:*:*:loadbalancer/net/*/*\",\"arn:aws:elasticloadbalancing:*:*:loadbalancer/app/*/*\"]},{\"Action\":[\"elasticloadbalancing:RegisterTargets\",\"elasticloadbalancing:DeregisterTargets\"],\"Effect\":\"Allow\",\"Resource\":\"arn:aws:elasticloadbalancing:*:*:targetgroup/*/*\"},{\"Action\":[\"elasticloadbalancing:SetWebAcl\",\"elasticloadbalancing:ModifyListener\",\"elasticloadbalancing:AddListenerCertificates\",\"elasticloadbalancing:RemoveListenerCertificates\",\"elasticloadbalancing:ModifyRule\",\"elasticloadbalancing:SetRulePriorities\"],\"Effect\":\"Allow\",\"Resource\":\"*\"}],\"Version\":\"2012-10-17\"}","policy_id":"ANPA2HJQR2FQZGL6BTVDQ","tags":{},"tags_all":{}},"sensitive_values":{"tags":{},"tags_all":{}}},{"address":"module.eks.aws_iam_role.alb_controller_role","mode":"managed","type":"aws_iam_role","name":"alb_controller_role","provider_name":"registry.terraform.io/hashicorp/aws","schema_version":0,"values":{"arn":"arn:aws:iam::702865854817:role/ase-eks-cluster-eks-alb-controller-role","assume_role_policy":"{\"Statement\":[{\"Action\":\"sts:AssumeRoleWithWebIdentity\",\"Condition\":{\"StringEquals\":{\"oidc.eks.us-east-1.amazonaws.com/id/00AA4093A6A86482B4C136A782B55B33:sub\":\"system:serviceaccount:kube-system:aws-load-balancer-controller\"}},\"Effect\":\"Allow\",\"Principal\":{\"Federated\":\"arn:aws:iam::702865854817:oidc-provider/oidc.eks.us-east-1.amazonaws.com/id/00AA4093A6A86482B4C136A782B55B33\"}}],\"Version\":\"2012-10-17\"}","create_date":"2025-11-25T09:33:22Z","description":"","force_detach_policies":false,"id":"ase-eks-cluster-eks-alb-controller-role","inline_policy":[],"managed_policy_arns":["arn:aws:iam::702865854817:policy/AWSLoadBalancerControllerIAMPolicy"],"max_session_duration":3600,"name":"ase-eks-cluster-eks-alb-controller-role","name_prefix":"","path":"/","permissions_boundary":"","tags":{},"tags_all":{},"unique_id":"AROA2HJQR2FQ4IFSDBAOI"},"sensitive_values":{"inline_policy":[],"managed_policy_arns":[false],"tags":{},"tags_all":{}},"depends_on":["module.eks.aws_eks_cluster.eks_cluster","module.eks.aws_iam_openid_connect_provider.eks_oidc","module.eks.aws_iam_role.cluster","module.eks.aws_iam_role_policy_attachment.eks_cluster_policy","module.eks.data.aws_eks_cluster.eks","module.eks.data.tls_certificate.oidc","module.vpc.aws_subnet.private","module.vpc.aws_vpc.main"]},{"address":"module.eks.aws_iam_role.cluster","mode":"managed","type":"aws_iam_role","name":"cluster","provider_name":"registry.terraform.io/hashicorp/aws","schema_version":0,"values":{"arn":"arn:aws:iam::702865854817:role/ase-eks-cluster-eks-cluster-role","assume_role_policy":"{\"Statement\":[{\"Action\":[\"sts:AssumeRole\",\"sts:TagSession\"],\"Effect\":\"Allow\",\"Principal\":{\"Service\":\"eks.amazonaws.com\"}}],\"Version\":\"2012-10-17\"}","create_date":"2025-11-25T09:22:28Z","description":"","force_detach_policies":false,"id":"ase-eks-cluster-eks-cluster-role","inline_policy":[],"managed_policy_arns":["arn:aws:iam::aws:policy/AmazonEKSClusterPolicy"],"max_session_duration":3600,"name":"ase-eks-cluster-eks-cluster-role","name_prefix":"","path":"/","permissions_boundary":"","tags":{},"tags_all":{},"unique_id":"AROA2HJQR2FQZFIELSH7V"},"sensitive_values":{"inline_policy":[],"managed_policy_arns":[false],"tags":{},"tags_all":{}}},{"address":"module.eks.aws_iam_role.irsa_role","mode":"managed","type":"aws_iam_role","name":"irsa_role","provider_name":"registry.terraform.io/hashicorp/aws","schema_version":0,"values":{"arn":"arn:aws:iam::702865854817:role/eks-training-example-irsa-role","assume_role_policy":"{\"Statement\":[{\"Action\":\"sts:AssumeRoleWithWebIdentity\",\"Condition\":{\"StringEquals\":{\"oidc.eks.us-east-1.amazonaws.com/id/00AA4093A6A86482B4C136A782B55B33:sub\":\"system:serviceaccount:default:eks-serviceaccount\"}},\"Effect\":\"Allow\",\"Principal\":{\"Federated\":\"arn:aws:iam::702865854817:oidc-provider/oidc.eks.us-east-1.amazonaws.com/id/00AA4093A6A86482B4C136A782B55B33\"}}],\"Version\":\"2012-10-17\"}","create_date":"2025-11-25T09:33:23Z","description":"","force_detach_policies":false,"id":"eks-training-example-irsa-role","inline_policy":[],"managed_policy_arns":[],"max_session_duration":3600,"name":"eks-training-example-irsa-role","name_prefix":"","path":"/","permissions_boundary":"","tags":{},"tags_all":{},"unique_id":"AROA2HJQR2FQTBOGDO7ES"},"sensitive_values":{"inline_policy":[],"managed_policy_arns":[],"tags":{},"tags_all":{}},"depends_on":["module.eks.aws_eks_cluster.eks_cluster","module.eks.aws_iam_openid_connect_provider.eks_oidc","module.eks.aws_iam_role.cluster","module.eks.aws_iam_role_policy_attachment.eks_cluster_policy","module.eks.data.aws_eks_cluster.eks","module.eks.data.tls_certificate.oidc","module.vpc.aws_subnet.private","module.vpc.aws_vpc.main"]},{"address":"module.eks.aws_iam_role.node_group","mode":"managed","type":"aws_iam_role","name":"node_group","provider_name":"registry.terraform.io/hashicorp/aws","schema_version":0,"values":{"arn":"arn:aws:iam::702865854817:role/ase-eks-cluster-eks-node-group-role","assume_role_policy":"{\"Statement\":[{\"Action\":\"sts:AssumeRole\",\"Effect\":\"Allow\",\"Principal\":{\"Service\":\"ec2.amazonaws.com\"}}],\"Version\":\"2012-10-17\"}","create_date":"2025-11-25T09:22:28Z","description":"","force_detach_policies":false,"id":"ase-eks-cluster-eks-node-group-role","inline_policy":[],"managed_policy_arns":["arn:aws:iam::aws:policy/AmazonEC2ContainerRegistryReadOnly","arn:aws:iam::aws:policy/AmazonEKSWorkerNodePolicy","arn:aws:iam::aws:policy/AmazonEKS_CNI_Policy"],"max_session_duration":3600,"name":"ase-eks-cluster-eks-node-group-role","name_prefix":"","path":"/","permissions_boundary":"","tags":{},"tags_all":{},"unique_id":"AROA2HJQR2FQZKO36OK4P"},"sensitive_values":{"inline_policy":[],"managed_policy_arns":[false,false,false],"tags":{},"tags_all":{}}},{"address":"module.eks.aws_iam_role_policy_attachment.alb_controller_attach","mode":"managed","type":"aws_iam_role_policy_attachment","name":"alb_controller_attach","provider_name":"registry.terraform.io/hashicorp/aws","schema_version":0,"values":{"id":"ase-eks-cluster-eks-alb-controller-role-2025112509332468970000000f","policy_arn":"arn:aws:iam::702865854817:policy/AWSLoadBalancerControllerIAMPolicy","role":"ase-eks-cluster-eks-alb-controller-role"},"sensitive_values":{},"depends_on":["module.eks.aws_eks_cluster.eks_cluster","module.eks.aws_iam_openid_connect_provider.eks_oidc","module.eks.aws_iam_policy.alb_controller_policy","module.eks.aws_iam_role.alb_controller_role","module.eks.aws_iam_role.cluster","module.eks.aws_iam_role_policy_attachment.eks_cluster_policy","module.eks.data.aws_eks_cluster.eks","module.eks.data.tls_certificate.oidc","module.vpc.aws_subnet.private","module.vpc.aws_vpc.main"]},{"address":"module.eks.aws_iam_role_policy_attachment.eks_cluster_policy","mode":"managed","type":"aws_iam_role_policy_attachment","name":"eks_cluster_policy","provider_name":"registry.terraform.io/hashicorp/aws","schema_version":0,"values":{"id":"ase-eks-cluster-eks-cluster-role-20251125092229772200000001","policy_arn":"arn:aws:iam::aws:policy/AmazonEKSClusterPolicy","role":"ase-eks-cluster-eks-cluster-role"},"sensitive_values":{},"depends_on":["module.eks.aws_iam_role.cluster"]},{"address":"module.eks.aws_iam_role_policy_attachment.node_group-AmazonEC2ContainerRegistryReadOnly","mode":"managed","type":"aws_iam_role_policy_attachment","name":"node_group-AmazonEC2ContainerRegistryReadOnly","provider_name":"registry.terraform.io/hashicorp/aws","schema_version":0,"values":{"id":"ase-eks-cluster-eks-node-group-role-20251125092229794400000002","policy_arn":"arn:aws:iam::aws:policy/AmazonEC2ContainerRegistryReadOnly","role":"ase-eks-cluster-eks-node-group-role"},"sensitive_values":{},"depends_on":["module.eks.aws_iam_role.node_group"]},{"address":"module.eks.aws_iam_role_policy_attachment.node_group-AmazonEKSWorkerNodePolicy","mode":"managed","type":"aws_iam_role_policy_attachment","name":"node_group-AmazonEKSWorkerNodePolicy","provider_name":"registry.terraform.io/hashicorp/aws","schema_version":0,"values":{"id":"ase-eks-cluster-eks-node-group-role-20251125092229822300000004","policy_arn":"arn:aws:iam::aws:policy/AmazonEKSWorkerNodePolicy","role":"ase-eks-cluster-eks-node-group-role"},"sensitive_values":{},"depends_on":["module.eks.aws_iam_role.node_group"]},{"address":"module.eks.aws_iam_role_policy_attachment.node_group-AmazonEKS_CNI_Policy","mode":"managed","type":"aws_iam_role_policy_attachment","name":"node_group-AmazonEKS_CNI_Policy","provider_name":"registry.terraform.io/hashicorp/aws","schema_version":0,"values":{"id":"ase-eks-cluster-eks-node-group-role-20251125092229816700000003","policy_arn":"arn:aws:iam::aws:policy/AmazonEKS_CNI_Policy","role":"ase-eks-cluster-eks-node-group-role"},"sensitive_values":{},"depends_on":["module.eks.aws_iam_role.node_group"]}],"address":"module.eks"},{"resources":[{"address":"module.rds_mysql[0].aws_db_instance.main[0]","mode":"managed","type":"aws_db_instance","name":"main","index":0,"provider_name":"registry.terraform.io/hashicorp/aws","schema_version":2,"values":{"address":"eks-shared-infra-prod-db.cmfqow4ewt10.us-east-1.rds.amazonaws.com","allocated_storage":20,"allow_major_version_upgrade":null,"apply_immediately":false,"arn":"arn:aws:rds:us-east-1:702865854817:db:eks-shared-infra-prod-db","auto_minor_version_upgrade":true,"availability_zone":"us-east-1a","backup_retention_period":0,"backup_target":"region","backup_window":"03:36-04:06","blue_green_update":[],"ca_cert_identifier":"rds-ca-rsa2048-g1","character_set_name":"","copy_tags_to_snapshot":false,"custom_iam_instance_profile":"","customer_owned_ip_enabled":false,"database_insights_mode":"standard","db_name":"webappdb","db_subnet_group_name":"eks-shared-infra-prod-sng","dedicated_log_volume":false,"delete_automated_backups":true,"deletion_protection":false,"domain":"","domain_auth_secret_arn":"","domain_dns_ips":[],"domain_fqdn":"","domain_iam_role_name":"","domain_ou":"","enabled_cloudwatch_logs_exports":[],"endpoint":"eks-shared-infra-prod-db.cmfqow4ewt10.us-east-1.rds.amazonaws.com:3306","engine":"mysql","engine_lifecycle_support":"open-source-rds-extended-support","engine_version":"8.0.43","engine_version_actual":"8.0.43","final_snapshot_identifier":null,"hosted_zone_id":"Z2R2ITUGPM61AM","iam_database_authentication_enabled":false,"id":"db-BST3PTDLVH2NUEXIMGPIYLLHDY","identifier":"eks-shared-infra-prod-db","identifier_prefix":"","instance_class":"db.t3.micro","iops":0,"kms_key_id":"","latest_restorable_time":"","license_model":"general-public-license","listener_endpoint":[],"maintenance_window":"wed:09:07-wed:09:37","manage_master_user_password":null,"master_user_secret":[],"master_user_secret_kms_key_id":null,"max_allocated_storage":0,"monitoring_interval":0,"monitoring_role_arn":"","multi_az":false,"nchar_character_set_name":"","network_type":"IPV4","option_group_name":"default:mysql-8-0","parameter_group_name":"default.mysql8.0","password":";T*9D!K#OM~P.X)?","password_wo":null,"password_wo_version":null,"performance_insights_enabled":false,"performance_insights_kms_key_id":"","performance_insights_retention_period":0,"port":3306,"publicly_accessible":false,"replica_mode":"","replicas":[],"replicate_source_db":"","resource_id":"db-BST3PTDLVH2NUEXIMGPIYLLHDY","restore_to_point_in_time":[],"s3_import":[],"skip_final_snapshot":true,"snapshot_identifier":null,"status":"available","storage_encrypted":false,"storage_throughput":0,"storage_type":"gp2","tags":{"Environment":"prod","Name":"eks-shared-infra-prod-db","Project":"eks-shared-infra"},"tags_all":{"Environment":"prod","Name":"eks-shared-infra-prod-db","Project":"eks-shared-infra"},"timeouts":null,"timezone":"","upgrade_storage_config":null,"username":"postgresadmin","vpc_security_group_ids":["sg-01374f25740781e8c"]},"sensitive_values":{"blue_green_update":[],"domain_dns_ips":[],"enabled_cloudwatch_logs_exports":[],"listener_endpoint":[],"master_user_secret":[],"password":true,"password_wo":true,"replicas":[],"restore_to_point_in_time":[],"s3_import":[],"tags":{},"tags_all":{},"username":true,"vpc_security_group_ids":[false]},"depends_on":["aws_security_group.eks_to_rds_prod","aws_security_group.eks_worker_node_sg","module.ec2.aws_iam_role.runner_role","module.eks.aws_eks_access_entry.eks_access_entry","module.eks.aws_eks_access_policy_association.eks_access_policy_association","module.eks.aws_eks_addon.core_dns","module.eks.aws_eks_addon.kube_proxy","module.eks.aws_eks_addon.metrics_server","module.eks.aws_eks_cluster.eks_cluster","module.eks.aws_eks_node_group.node_group","module.eks.aws_iam_instance_profile.node_group","module.eks.aws_iam_openid_connect_provider.eks_oidc","module.eks.aws_iam_policy.alb_controller_policy","module.eks.aws_iam_role.alb_controller_role","module.eks.aws_iam_role.cluster","module.eks.aws_iam_role.irsa_role","module.eks.aws_iam_role.node_group","module.eks.aws_iam_role_policy_attachment.alb_controller_attach","module.eks.aws_iam_role_policy_attachment.eks_cluster_policy","module.eks.aws_iam_role_policy_attachment.node_group-AmazonEC2ContainerRegistryReadOnly","module.eks.aws_iam_role_policy_attachment.node_group-AmazonEKSWorkerNodePolicy","module.eks.aws_iam_role_policy_attachment.node_group-AmazonEKS_CNI_Policy","module.eks.aws_kms_key.eks_launch_template_cmk","module.eks.aws_launch_template.eks_launch_template","module.eks.data.aws_caller_identity.current","module.eks.data.aws_eks_cluster.eks","module.eks.data.tls_certificate.oidc","module.rds_mysql.aws_db_subnet_group.main","module.rds_mysql.aws_secretsmanager_secret.db_credentials","module.rds_mysql.aws_secretsmanager_secret_version.db_credentials","module.rds_mysql.random_password.db_password","module.vpc.aws_subnet.private","module.vpc.aws_vpc.main"]},{"address":"module.rds_mysql[0].aws_db_subnet_group.main[0]","mode":"managed","type":"aws_db_subnet_group","name":"main","index":0,"provider_name":"registry.terraform.io/hashicorp/aws","schema_version":0,"values":{"arn":"arn:aws:rds:us-east-1:702865854817:subgrp:eks-shared-infra-prod-sng","description":"Managed by Terraform","id":"eks-shared-infra-prod-sng","name":"eks-shared-infra-prod-sng","name_prefix":"","subnet_ids":["subnet-012449a54f5a918c4","subnet-0c5272bcf564c56e5"],"supported_network_types":["IPV4"],"tags":{"Environment":"prod","Name":"eks-shared-infra-prod-sng","Project":"eks-shared-infra"},"tags_all":{"Environment":"prod","Name":"eks-shared-infra-prod-sng","Project":"eks-shared-infra"},"vpc_id":"vpc-0545578f6f72b4ecc"},"sensitive_values":{"subnet_ids":[false,false],"supported_network_types":[false],"tags":{},"tags_all":{}},"depends_on":["aws_security_group.eks_worker_node_sg","module.ec2.aws_iam_role.runner_role","module.eks.aws_eks_access_entry.eks_access_entry","module.eks.aws_eks_access_policy_association.eks_access_policy_association","module.eks.aws_eks_addon.core_dns","module.eks.aws_eks_addon.kube_proxy","module.eks.aws_eks_addon.metrics_server","module.eks.aws_eks_cluster.eks_cluster","module.eks.aws_eks_node_group.node_group","module.eks.aws_iam_instance_profile.node_group","module.eks.aws_iam_openid_connect_provider.eks_oidc","module.eks.aws_iam_policy.alb_controller_policy","module.eks.aws_iam_role.alb_controller_role","module.eks.aws_iam_role.cluster","module.eks.aws_iam_role.irsa_role","module.eks.aws_iam_role.node_group","module.eks.aws_iam_role_policy_attachment.alb_controller_attach","module.eks.aws_iam_role_policy_attachment.eks_cluster_policy","module.eks.aws_iam_role_policy_attachment.node_group-AmazonEC2ContainerRegistryReadOnly","module.eks.aws_iam_role_policy_attachment.node_group-AmazonEKSWorkerNodePolicy","module.eks.aws_iam_role_policy_attachment.node_group-AmazonEKS_CNI_Policy","module.eks.aws_kms_key.eks_launch_template_cmk","module.eks.aws_launch_template.eks_launch_template","module.eks.data.aws_caller_identity.current","module.eks.data.aws_eks_cluster.eks","module.eks.data.tls_certificate.oidc","module.vpc.aws_subnet.private","module.vpc.aws_vpc.main"]},{"address":"module.rds_mysql[0].aws_secretsmanager_secret.db_credentials[0]","mode":"managed","type":"aws_secretsmanager_secret","name":"db_credentials","index":0,"provider_name":"registry.terraform.io/hashicorp/aws","schema_version":0,"values":{"arn":"arn:aws:secretsmanager:us-east-1:702865854817:secret:eks-shared-infra-prod-db-credentials-8VGv8r","description":"","force_overwrite_replica_secret":false,"id":"arn:aws:secretsmanager:us-east-1:702865854817:secret:eks-shared-infra-prod-db-credentials-8VGv8r","kms_key_id":"","name":"eks-shared-infra-prod-db-credentials","name_prefix":"","policy":"","recovery_window_in_days":30,"replica":[],"tags":{"Environment":"prod","Project":"eks-shared-infra"},"tags_all":{"Environment":"prod","Project":"eks-shared-infra"}},"sensitive_values":{"replica":[],"tags":{},"tags_all":{}},"depends_on":["aws_security_group.eks_worker_node_sg","module.ec2.aws_iam_role.runner_role","module.eks.aws_eks_access_entry.eks_access_entry","module.eks.aws_eks_access_policy_association.eks_access_policy_association","module.eks.aws_eks_addon.core_dns","module.eks.aws_eks_addon.kube_proxy","module.eks.aws_eks_addon.metrics_server","module.eks.aws_eks_cluster.eks_cluster","module.eks.aws_eks_node_group.node_group","module.eks.aws_iam_instance_profile.node_group","module.eks.aws_iam_openid_connect_provider.eks_oidc","module.eks.aws_iam_policy.alb_controller_policy","module.eks.aws_iam_role.alb_controller_role","module.eks.aws_iam_role.cluster","module.eks.aws_iam_role.irsa_role","module.eks.aws_iam_role.node_group","module.eks.aws_iam_role_policy_attachment.alb_controller_attach","module.eks.aws_iam_role_policy_attachment.eks_cluster_policy","module.eks.aws_iam_role_policy_attachment.node_group-AmazonEC2ContainerRegistryReadOnly","module.eks.aws_iam_role_policy_attachment.node_group-AmazonEKSWorkerNodePolicy","module.eks.aws_iam_role_policy_attachment.node_group-AmazonEKS_CNI_Policy","module.eks.aws_kms_key.eks_launch_template_cmk","module.eks.aws_launch_template.eks_launch_template","module.eks.data.aws_caller_identity.current","module.eks.data.aws_eks_cluster.eks","module.eks.data.tls_certificate.oidc","module.vpc.aws_subnet.private","module.vpc.aws_vpc.main"]},{"address":"module.rds_mysql[0].aws_secretsmanager_secret_version.db_credentials[0]","mode":"managed","type":"aws_secretsmanager_secret_version","name":"db_credentials","index":0,"provider_name":"registry.terraform.io/hashicorp/aws","schema_version":0,"values":{"arn":"arn:aws:secretsmanager:us-east-1:702865854817:secret:eks-shared-infra-prod-db-credentials-8VGv8r","has_secret_string_wo":null,"id":"arn:aws:secretsmanager:us-east-1:702865854817:secret:eks-shared-infra-prod-db-credentials-8VGv8r|terraform-20251125093514975300000011","secret_binary":"","secret_id":"arn:aws:secretsmanager:us-east-1:702865854817:secret:eks-shared-infra-prod-db-credentials-8VGv8r","secret_string":"{\"password\":\";T*9D!K#OM~P.X)?\",\"username\":\"postgresadmin\"}","secret_string_wo":null,"secret_string_wo_version":null,"version_id":"terraform-20251125093514975300000011","version_stages":[]},"sensitive_values":{"secret_binary":true,"secret_string":true,"secret_string_wo":true,"version_stages":[]},"depends_on":["aws_security_group.eks_worker_node_sg","module.ec2.aws_iam_role.runner_role","module.eks.aws_eks_access_entry.eks_access_entry","module.eks.aws_eks_access_policy_association.eks_access_policy_association","module.eks.aws_eks_addon.core_dns","module.eks.aws_eks_addon.kube_proxy","module.eks.aws_eks_addon.metrics_server","module.eks.aws_eks_cluster.eks_cluster","module.eks.aws_eks_node_group.node_group","module.eks.aws_iam_instance_profile.node_group","module.eks.aws_iam_openid_connect_provider.eks_oidc","module.eks.aws_iam_policy.alb_controller_policy","module.eks.aws_iam_role.alb_controller_role","module.eks.aws_iam_role.cluster","module.eks.aws_iam_role.irsa_role","module.eks.aws_iam_role.node_group","module.eks.aws_iam_role_policy_attachment.alb_controller_attach","module.eks.aws_iam_role_policy_attachment.eks_cluster_policy","module.eks.aws_iam_role_policy_attachment.node_group-AmazonEC2ContainerRegistryReadOnly","module.eks.aws_iam_role_policy_attachment.node_group-AmazonEKSWorkerNodePolicy","module.eks.aws_iam_role_policy_attachment.node_group-AmazonEKS_CNI_Policy","module.eks.aws_kms_key.eks_launch_template_cmk","module.eks.aws_launch_template.eks_launch_template","module.eks.data.aws_caller_identity.current","module.eks.data.aws_eks_cluster.eks","module.eks.data.tls_certificate.oidc","module.rds_mysql.aws_secretsmanager_secret.db_credentials","module.rds_mysql.random_password.db_password","module.vpc.aws_subnet.private","module.vpc.aws_vpc.main"]},{"address":"module.rds_mysql[0].random_password.db_password[0]","mode":"managed","type":"random_password","name":"db_password","index":0,"provider_name":"registry.terraform.io/hashicorp/random","schema_version":3,"values":{"bcrypt_hash":"$2a$10$WAa1sFcZ96AGHoZVjofOF.CIa75QZKX4Zib86NocZg4w/gNlmFh7C","id":"none","keepers":null,"length":16,"lower":true,"min_lower":0,"min_numeric":0,"min_special":0,"min_upper":0,"number":true,"numeric":true,"override_special":"!#$%\u0026'()*+,-.:;\u003c=\u003e?[]^_`{|}~","result":";T*9D!K#OM~P.X)?","special":true,"upper":true},"sensitive_values":{"bcrypt_hash":true,"result":true},"depends_on":["aws_security_group.eks_worker_node_sg","module.ec2.aws_iam_role.runner_role","module.eks.aws_eks_access_entry.eks_access_entry","module.eks.aws_eks_access_policy_association.eks_access_policy_association","module.eks.aws_eks_addon.core_dns","module.eks.aws_eks_addon.kube_proxy","module.eks.aws_eks_addon.metrics_server","module.eks.aws_eks_cluster.eks_cluster","module.eks.aws_eks_node_group.node_group","module.eks.aws_iam_instance_profile.node_group","module.eks.aws_iam_openid_connect_provider.eks_oidc","module.eks.aws_iam_policy.alb_controller_policy","module.eks.aws_iam_role.alb_controller_role","module.eks.aws_iam_role.cluster","module.eks.aws_iam_role.irsa_role","module.eks.aws_iam_role.node_group","module.eks.aws_iam_role_policy_attachment.alb_controller_attach","module.eks.aws_iam_role_policy_attachment.eks_cluster_policy","module.eks.aws_iam_role_policy_attachment.node_group-AmazonEC2ContainerRegistryReadOnly","module.eks.aws_iam_role_policy_attachment.node_group-AmazonEKSWorkerNodePolicy","module.eks.aws_iam_role_policy_attachment.node_group-AmazonEKS_CNI_Policy","module.eks.aws_kms_key.eks_launch_template_cmk","module.eks.aws_launch_template.eks_launch_template","module.eks.data.aws_caller_identity.current","module.eks.data.aws_eks_cluster.eks","module.eks.data.tls_certificate.oidc","module.vpc.aws_subnet.private","module.vpc.aws_vpc.main"]}],"address":"module.rds_mysql[0]"},{"resources":[{"address":"module.vpc.aws_eip.nat[\"us-east-1a\"]","mode":"managed","type":"aws_eip","name":"nat","index":"us-east-1a","provider_name":"registry.terraform.io/hashicorp/aws","schema_version":0,"values":{"address":null,"allocation_id":"eipalloc-0a4e2929936277259","arn":"arn:aws:ec2:us-east-1:702865854817:elastic-ip/eipalloc-0a4e2929936277259","associate_with_private_ip":null,"association_id":"eipassoc-00ee07a2a761d5068","carrier_ip":"","customer_owned_ip":"","customer_owned_ipv4_pool":"","domain":"vpc","id":"eipalloc-0a4e2929936277259","instance":"","ipam_pool_id":null,"network_border_group":"us-east-1","network_interface":"eni-051edc96e13deca89","private_dns":"ip-10-0-0-210.ec2.internal","private_ip":"10.0.0.210","ptr_record":"","public_dns":"ec2-98-87-203-11.compute-1.amazonaws.com","public_ip":"98.87.203.11","public_ipv4_pool":"amazon","tags":{"Name":"nat-eip-us-east-1a"},"tags_all":{"Name":"nat-eip-us-east-1a"},"timeouts":null,"vpc":true},"sensitive_values":{"tags":{},"tags_all":{}},"depends_on":["module.vpc.aws_subnet.public","module.vpc.aws_vpc.main"]},{"address":"module.vpc.aws_eip.nat[\"us-east-1b\"]","mode":"managed","type":"aws_eip","name":"nat","index":"us-east-1b","provider_name":"registry.terraform.io/hashicorp/aws","schema_version":0,"values":{"address":null,"allocation_id":"eipalloc-06ba0311a75553d23","arn":"arn:aws:ec2:us-east-1:702865854817:elastic-ip/eipalloc-06ba0311a75553d23","associate_with_private_ip":null,"association_id":"eipassoc-0ea505efd2f2d2fcb","carrier_ip":"","customer_owned_ip":"","customer_owned_ipv4_pool":"","domain":"vpc","id":"eipalloc-06ba0311a75553d23","instance":"","ipam_pool_id":null,"network_border_group":"us-east-1","network_interface":"eni-03607c184a9e96c01","private_dns":"ip-10-0-2-74.ec2.internal","private_ip":"10.0.2.74","ptr_record":"","public_dns":"ec2-54-84-5-18.compute-1.amazonaws.com","public_ip":"54.84.5.18","public_ipv4_pool":"amazon","tags":{"Name":"nat-eip-us-east-1b"},"tags_all":{"Name":"nat-eip-us-east-1b"},"timeouts":null,"vpc":true},"sensitive_values":{"tags":{},"tags_all":{}},"depends_on":["module.vpc.aws_subnet.public","module.vpc.aws_vpc.main"]},{"address":"module.vpc.aws_internet_gateway.igw[0]","mode":"managed","type":"aws_internet_gateway","name":"igw","index":0,"provider_name":"registry.terraform.io/hashicorp/aws","schema_version":0,"values":{"arn":"arn:aws:ec2:us-east-1:702865854817:internet-gateway/igw-058535bc61458d3bb","id":"igw-058535bc61458d3bb","owner_id":"702865854817","tags":{"Name":"igw"},"tags_all":{"Name":"igw"},"timeouts":null,"vpc_id":"vpc-0545578f6f72b4ecc"},"sensitive_values":{"tags":{},"tags_all":{}},"depends_on":["module.vpc.aws_vpc.main"]},{"address":"module.vpc.aws_nat_gateway.nat[\"us-east-1a\"]","mode":"managed","type":"aws_nat_gateway","name":"nat","index":"us-east-1a","provider_name":"registry.terraform.io/hashicorp/aws","schema_version":0,"values":{"allocation_id":"eipalloc-0a4e2929936277259","association_id":"eipassoc-00ee07a2a761d5068","connectivity_type":"public","id":"nat-0f7efbd336d689533","network_interface_id":"eni-051edc96e13deca89","private_ip":"10.0.0.210","public_ip":"98.87.203.11","secondary_allocation_ids":[],"secondary_private_ip_address_count":0,"secondary_private_ip_addresses":[],"subnet_id":"subnet-07fd067e0f1fd7c49","tags":{"Name":"nat-gw-us-east-1a"},"tags_all":{"Name":"nat-gw-us-east-1a"},"timeouts":null},"sensitive_values":{"secondary_allocation_ids":[],"secondary_private_ip_addresses":[],"tags":{},"tags_all":{}},"depends_on":["module.vpc.aws_eip.nat","module.vpc.aws_internet_gateway.igw","module.vpc.aws_subnet.public","module.vpc.aws_vpc.main"]},{"address":"module.vpc.aws_nat_gateway.nat[\"us-east-1b\"]","mode":"managed","type":"aws_nat_gateway","name":"nat","index":"us-east-1b","provider_name":"registry.terraform.io/hashicorp/aws","schema_version":0,"values":{"allocation_id":"eipalloc-06ba0311a75553d23","association_id":"eipassoc-0ea505efd2f2d2fcb","connectivity_type":"public","id":"nat-03891fec7393f41d9","network_interface_id":"eni-03607c184a9e96c01","private_ip":"10.0.2.74","public_ip":"54.84.5.18","secondary_allocation_ids":[],"secondary_private_ip_address_count":0,"secondary_private_ip_addresses":[],"subnet_id":"subnet-0c99340e104ab7bf0","tags":{"Name":"nat-gw-us-east-1b"},"tags_all":{"Name":"nat-gw-us-east-1b"},"timeouts":null},"sensitive_values":{"secondary_allocation_ids":[],"secondary_private_ip_addresses":[],"tags":{},"tags_all":{}},"depends_on":["module.vpc.aws_eip.nat","module.vpc.aws_internet_gateway.igw","module.vpc.aws_subnet.public","module.vpc.aws_vpc.main"]},{"address":"module.vpc.aws_route.private_nat_gw[\"us-east-1a\"]","mode":"managed","type":"aws_route","name":"private_nat_gw","index":"us-east-1a","provider_name":"registry.terraform.io/hashicorp/aws","schema_version":0,"values":{"carrier_gateway_id":"","core_network_arn":"","destination_cidr_block":"0.0.0.0/0","destination_ipv6_cidr_block":"","destination_prefix_list_id":"","egress_only_gateway_id":"","gateway_id":"","id":"r-rtb-087f5e58deee89ae21080289494","instance_id":"","instance_owner_id":"","local_gateway_id":"","nat_gateway_id":"nat-0f7efbd336d689533","network_interface_id":"","origin":"CreateRoute","route_table_id":"rtb-087f5e58deee89ae2","state":"active","timeouts":null,"transit_gateway_id":"","vpc_endpoint_id":"","vpc_peering_connection_id":""},"sensitive_values":{},"depends_on":["module.vpc.aws_eip.nat","module.vpc.aws_internet_gateway.igw","module.vpc.aws_nat_gateway.nat","module.vpc.aws_route_table.private","module.vpc.aws_subnet.private","module.vpc.aws_subnet.public","module.vpc.aws_vpc.main"]},{"address":"module.vpc.aws_route.private_nat_gw[\"us-east-1b\"]","mode":"managed","type":"aws_route","name":"private_nat_gw","index":"us-east-1b","provider_name":"registry.terraform.io/hashicorp/aws","schema_version":0,"values":{"carrier_gateway_id":"","core_network_arn":"","destination_cidr_block":"0.0.0.0/0","destination_ipv6_cidr_block":"","destination_prefix_list_id":"","egress_only_gateway_id":"","gateway_id":"","id":"r-rtb-05c80660d5601821f1080289494","instance_id":"","instance_owner_id":"","local_gateway_id":"","nat_gateway_id":"nat-03891fec7393f41d9","network_interface_id":"","origin":"CreateRoute","route_table_id":"rtb-05c80660d5601821f","state":"active","timeouts":null,"transit_gateway_id":"","vpc_endpoint_id":"","vpc_peering_connection_id":""},"sensitive_values":{},"depends_on":["module.vpc.aws_eip.nat","module.vpc.aws_internet_gateway.igw","module.vpc.aws_nat_gateway.nat","module.vpc.aws_route_table.private","module.vpc.aws_subnet.private","module.vpc.aws_subnet.public","module.vpc.aws_vpc.main"]},{"address":"module.vpc.aws_route.public_internet[\"us-east-1a\"]","mode":"managed","type":"aws_route","name":"public_internet","index":"us-east-1a","provider_name":"registry.terraform.io/hashicorp/aws","schema_version":0,"values":{"carrier_gateway_id":"","core_network_arn":"","destination_cidr_block":"0.0.0.0/0","destination_ipv6_cidr_block":"","destination_prefix_list_id":"","egress_only_gateway_id":"","gateway_id":"igw-058535bc61458d3bb","id":"r-rtb-02ee5f7fd5f8a06191080289494","instance_id":"","instance_owner_id":"","local_gateway_id":"","nat_gateway_id":"","network_interface_id":"","origin":"CreateRoute","route_table_id":"rtb-02ee5f7fd5f8a0619","state":"active","timeouts":null,"transit_gateway_id":"","vpc_endpoint_id":"","vpc_peering_connection_id":""},"sensitive_values":{},"depends_on":["module.vpc.aws_internet_gateway.igw","module.vpc.aws_route_table.public","module.vpc.aws_subnet.public","module.vpc.aws_vpc.main"]},{"address":"module.vpc.aws_route.public_internet[\"us-east-1b\"]","mode":"managed","type":"aws_route","name":"public_internet","index":"us-east-1b","provider_name":"registry.terraform.io/hashicorp/aws","schema_version":0,"values":{"carrier_gateway_id":"","core_network_arn":"","destination_cidr_block":"0.0.0.0/0","destination_ipv6_cidr_block":"","destination_prefix_list_id":"","egress_only_gateway_id":"","gateway_id":"igw-058535bc61458d3bb","id":"r-rtb-0f07e261d5bb05e7a1080289494","instance_id":"","instance_owner_id":"","local_gateway_id":"","nat_gateway_id":"","network_interface_id":"","origin":"CreateRoute","route_table_id":"rtb-0f07e261d5bb05e7a","state":"active","timeouts":null,"transit_gateway_id":"","vpc_endpoint_id":"","vpc_peering_connection_id":""},"sensitive_values":{},"depends_on":["module.vpc.aws_internet_gateway.igw","module.vpc.aws_route_table.public","module.vpc.aws_subnet.public","module.vpc.aws_vpc.main"]},{"address":"module.vpc.aws_route_table.private[\"us-east-1a\"]","mode":"managed","type":"aws_route_table","name":"private","index":"us-east-1a","provider_name":"registry.terraform.io/hashicorp/aws","schema_version":0,"values":{"arn":"arn:aws:ec2:us-east-1:702865854817:route-table/rtb-087f5e58deee89ae2","id":"rtb-087f5e58deee89ae2","owner_id":"702865854817","propagating_vgws":[],"route":[{"carrier_gateway_id":"","cidr_block":"0.0.0.0/0","core_network_arn":"","destination_prefix_list_id":"","egress_only_gateway_id":"","gateway_id":"","ipv6_cidr_block":"","local_gateway_id":"","nat_gateway_id":"nat-0f7efbd336d689533","network_interface_id":"","transit_gateway_id":"","vpc_endpoint_id":"","vpc_peering_connection_id":""}],"tags":{"Name":"private-rt-us-east-1a"},"tags_all":{"Name":"private-rt-us-east-1a"},"timeouts":null,"vpc_id":"vpc-0545578f6f72b4ecc"},"sensitive_values":{"propagating_vgws":[],"route":[{}],"tags":{},"tags_all":{}},"depends_on":["module.vpc.aws_subnet.private","module.vpc.aws_vpc.main"]},{"address":"module.vpc.aws_route_table.private[\"us-east-1b\"]","mode":"managed","type":"aws_route_table","name":"private","index":"us-east-1b","provider_name":"registry.terraform.io/hashicorp/aws","schema_version":0,"values":{"arn":"arn:aws:ec2:us-east-1:702865854817:route-table/rtb-05c80660d5601821f","id":"rtb-05c80660d5601821f","owner_id":"702865854817","propagating_vgws":[],"route":[{"carrier_gateway_id":"","cidr_block":"0.0.0.0/0","core_network_arn":"","destination_prefix_list_id":"","egress_only_gateway_id":"","gateway_id":"","ipv6_cidr_block":"","local_gateway_id":"","nat_gateway_id":"nat-03891fec7393f41d9","network_interface_id":"","transit_gateway_id":"","vpc_endpoint_id":"","vpc_peering_connection_id":""}],"tags":{"Name":"private-rt-us-east-1b"},"tags_all":{"Name":"private-rt-us-east-1b"},"timeouts":null,"vpc_id":"vpc-0545578f6f72b4ecc"},"sensitive_values":{"propagating_vgws":[],"route":[{}],"tags":{},"tags_all":{}},"depends_on":["module.vpc.aws_subnet.private","module.vpc.aws_vpc.main"]},{"address":"module.vpc.aws_route_table.public[\"us-east-1a\"]","mode":"managed","type":"aws_route_table","name":"public","index":"us-east-1a","provider_name":"registry.terraform.io/hashicorp/aws","schema_version":0,"values":{"arn":"arn:aws:ec2:us-east-1:702865854817:route-table/rtb-02ee5f7fd5f8a0619","id":"rtb-02ee5f7fd5f8a0619","owner_id":"702865854817","propagating_vgws":[],"route":[{"carrier_gateway_id":"","cidr_block":"0.0.0.0/0","core_network_arn":"","destination_prefix_list_id":"","egress_only_gateway_id":"","gateway_id":"igw-058535bc61458d3bb","ipv6_cidr_block":"","local_gateway_id":"","nat_gateway_id":"","network_interface_id":"","transit_gateway_id":"","vpc_endpoint_id":"","vpc_peering_connection_id":""}],"tags":{"Name":"public-rt-us-east-1a"},"tags_all":{"Name":"public-rt-us-east-1a"},"timeouts":null,"vpc_id":"vpc-0545578f6f72b4ecc"},"sensitive_values":{"propagating_vgws":[],"route":[{}],"tags":{},"tags_all":{}},"depends_on":["module.vpc.aws_subnet.public","module.vpc.aws_vpc.main"]},{"address":"module.vpc.aws_route_table.public[\"us-east-1b\"]","mode":"managed","type":"aws_route_table","name":"public","index":"us-east-1b","provider_name":"registry.terraform.io/hashicorp/aws","schema_version":0,"values":{"arn":"arn:aws:ec2:us-east-1:702865854817:route-table/rtb-0f07e261d5bb05e7a","id":"rtb-0f07e261d5bb05e7a","owner_id":"702865854817","propagating_vgws":[],"route":[{"carrier_gateway_id":"","cidr_block":"0.0.0.0/0","core_network_arn":"","destination_prefix_list_id":"","egress_only_gateway_id":"","gateway_id":"igw-058535bc61458d3bb","ipv6_cidr_block":"","local_gateway_id":"","nat_gateway_id":"","network_interface_id":"","transit_gateway_id":"","vpc_endpoint_id":"","vpc_peering_connection_id":""}],"tags":{"Name":"public-rt-us-east-1b"},"tags_all":{"Name":"public-rt-us-east-1b"},"timeouts":null,"vpc_id":"vpc-0545578f6f72b4ecc"},"sensitive_values":{"propagating_vgws":[],"route":[{}],"tags":{},"tags_all":{}},"depends_on":["module.vpc.aws_subnet.public","module.vpc.aws_vpc.main"]},{"address":"module.vpc.aws_route_table_association.private[\"us-east-1a\"]","mode":"managed","type":"aws_route_table_association","name":"private","index":"us-east-1a","provider_name":"registry.terraform.io/hashicorp/aws","schema_version":0,"values":{"gateway_id":"","id":"rtbassoc-0210afd9a18e8fa4a","route_table_id":"rtb-087f5e58deee89ae2","subnet_id":"subnet-012449a54f5a918c4","timeouts":null},"sensitive_values":{},"depends_on":["module.vpc.aws_route_table.private","module.vpc.aws_subnet.private","module.vpc.aws_vpc.main"]},{"address":"module.vpc.aws_route_table_association.private[\"us-east-1b\"]","mode":"managed","type":"aws_route_table_association","name":"private","index":"us-east-1b","provider_name":"registry.terraform.io/hashicorp/aws","schema_version":0,"values":{"gateway_id":"","id":"rtbassoc-0906ae509a0e13691","route_table_id":"rtb-05c80660d5601821f","subnet_id":"subnet-0c5272bcf564c56e5","timeouts":null},"sensitive_values":{},"depends_on":["module.vpc.aws_route_table.private","module.vpc.aws_subnet.private","module.vpc.aws_vpc.main"]},{"address":"module.vpc.aws_route_table_association.public[\"us-east-1a\"]","mode":"managed","type":"aws_route_table_association","name":"public","index":"us-east-1a","provider_name":"registry.terraform.io/hashicorp/aws","schema_version":0,"values":{"gateway_id":"","id":"rtbassoc-08c5a2e1942a34aee","route_table_id":"rtb-02ee5f7fd5f8a0619","subnet_id":"subnet-07fd067e0f1fd7c49","timeouts":null},"sensitive_values":{},"depends_on":["module.vpc.aws_route_table.public","module.vpc.aws_subnet.public","module.vpc.aws_vpc.main"]},{"address":"module.vpc.aws_route_table_association.public[\"us-east-1b\"]","mode":"managed","type":"aws_route_table_association","name":"public","index":"us-east-1b","provider_name":"registry.terraform.io/hashicorp/aws","schema_version":0,"values":{"gateway_id":"","id":"rtbassoc-0c95cfd1bb667f681","route_table_id":"rtb-0f07e261d5bb05e7a","subnet_id":"subnet-0c99340e104ab7bf0","timeouts":null},"sensitive_values":{},"depends_on":["module.vpc.aws_route_table.public","module.vpc.aws_subnet.public","module.vpc.aws_vpc.main"]},{"address":"module.vpc.aws_subnet.private[\"us-east-1a\"]","mode":"managed","type":"aws_subnet","name":"private","index":"us-east-1a","provider_name":"registry.terraform.io/hashicorp/aws","schema_version":1,"values":{"arn":"arn:aws:ec2:us-east-1:702865854817:subnet/subnet-012449a54f5a918c4","assign_ipv6_address_on_creation":false,"availability_zone":"us-east-1a","availability_zone_id":"use1-az6","cidr_block":"10.0.1.0/24","customer_owned_ipv4_pool":"","enable_dns64":false,"enable_lni_at_device_index":0,"enable_resource_name_dns_a_record_on_launch":false,"enable_resource_name_dns_aaaa_record_on_launch":false,"id":"subnet-012449a54f5a918c4","ipv6_cidr_block":"","ipv6_cidr_block_association_id":"","ipv6_native":false,"map_customer_owned_ip_on_launch":false,"map_public_ip_on_launch":false,"outpost_arn":"","owner_id":"702865854817","private_dns_hostname_type_on_launch":"ip-name","tags":{"Name":"private-us-east-1a"},"tags_all":{"Name":"private-us-east-1a"},"timeouts":null,"vpc_id":"vpc-0545578f6f72b4ecc"},"sensitive_values":{"tags":{},"tags_all":{}},"depends_on":["module.vpc.aws_vpc.main"]},{"address":"module.vpc.aws_subnet.private[\"us-east-1b\"]","mode":"managed","type":"aws_subnet","name":"private","index":"us-east-1b","provider_name":"registry.terraform.io/hashicorp/aws","schema_version":1,"values":{"arn":"arn:aws:ec2:us-east-1:702865854817:subnet/subnet-0c5272bcf564c56e5","assign_ipv6_address_on_creation":false,"availability_zone":"us-east-1b","availability_zone_id":"use1-az1","cidr_block":"10.0.3.0/24","customer_owned_ipv4_pool":"","enable_dns64":false,"enable_lni_at_device_index":0,"enable_resource_name_dns_a_record_on_launch":false,"enable_resource_name_dns_aaaa_record_on_launch":false,"id":"subnet-0c5272bcf564c56e5","ipv6_cidr_block":"","ipv6_cidr_block_association_id":"","ipv6_native":false,"map_customer_owned_ip_on_launch":false,"map_public_ip_on_launch":false,"outpost_arn":"","owner_id":"702865854817","private_dns_hostname_type_on_launch":"ip-name","tags":{"Name":"private-us-east-1b"},"tags_all":{"Name":"private-us-east-1b"},"timeouts":null,"vpc_id":"vpc-0545578f6f72b4ecc"},"sensitive_values":{"tags":{},"tags_all":{}},"depends_on":["module.vpc.aws_vpc.main"]},{"address":"module.vpc.aws_subnet.public[\"us-east-1a\"]","mode":"managed","type":"aws_subnet","name":"public","index":"us-east-1a","provider_name":"registry.terraform.io/hashicorp/aws","schema_version":1,"values":{"arn":"arn:aws:ec2:us-east-1:702865854817:subnet/subnet-07fd067e0f1fd7c49","assign_ipv6_address_on_creation":false,"availability_zone":"us-east-1a","availability_zone_id":"use1-az6","cidr_block":"10.0.0.0/24","customer_owned_ipv4_pool":"","enable_dns64":false,"enable_lni_at_device_index":0,"enable_resource_name_dns_a_record_on_launch":false,"enable_resource_name_dns_aaaa_record_on_launch":false,"id":"subnet-07fd067e0f1fd7c49","ipv6_cidr_block":"","ipv6_cidr_block_association_id":"","ipv6_native":false,"map_customer_owned_ip_on_launch":false,"map_public_ip_on_launch":true,"outpost_arn":"","owner_id":"702865854817","private_dns_hostname_type_on_launch":"ip-name","tags":{"Name":"public-us-east-1a"},"tags_all":{"Name":"public-us-east-1a"},"timeouts":null,"vpc_id":"vpc-0545578f6f72b4ecc"},"sensitive_values":{"tags":{},"tags_all":{}},"depends_on":["module.vpc.aws_vpc.main"]},{"address":"module.vpc.aws_subnet.public[\"us-east-1b\"]","mode":"managed","type":"aws_subnet","name":"public","index":"us-east-1b","provider_name":"registry.terraform.io/hashicorp/aws","schema_version":1,"values":{"arn":"arn:aws:ec2:us-east-1:702865854817:subnet/subnet-0c99340e104ab7bf0","assign_ipv6_address_on_creation":false,"availability_zone":"us-east-1b","availability_zone_id":"use1-az1","cidr_block":"10.0.2.0/24","customer_owned_ipv4_pool":"","enable_dns64":false,"enable_lni_at_device_index":0,"enable_resource_name_dns_a_record_on_launch":false,"enable_resource_name_dns_aaaa_record_on_launch":false,"id":"subnet-0c99340e104ab7bf0","ipv6_cidr_block":"","ipv6_cidr_block_association_id":"","ipv6_native":false,"map_customer_owned_ip_on_launch":false,"map_public_ip_on_launch":true,"outpost_arn":"","owner_id":"702865854817","private_dns_hostname_type_on_launch":"ip-name","tags":{"Name":"public-us-east-1b"},"tags_all":{"Name":"public-us-east-1b"},"timeouts":null,"vpc_id":"vpc-0545578f6f72b4ecc"},"sensitive_values":{"tags":{},"tags_all":{}},"depends_on":["module.vpc.aws_vpc.main"]},{"address":"module.vpc.aws_vpc.main","mode":"managed","type":"aws_vpc","name":"main","provider_name":"registry.terraform.io/hashicorp/aws","schema_version":1,"values":{"arn":"arn:aws:ec2:us-east-1:702865854817:vpc/vpc-0545578f6f72b4ecc","assign_generated_ipv6_cidr_block":false,"cidr_block":"10.0.0.0/16","default_network_acl_id":"acl-0f754e4a2da1e0b9d","default_route_table_id":"rtb-025bfc0092c836562","default_security_group_id":"sg-0172add3e786a4da9","dhcp_options_id":"dopt-0aa4395b0aed71d81","enable_dns_hostnames":true,"enable_dns_support":true,"enable_network_address_usage_metrics":false,"id":"vpc-0545578f6f72b4ecc","instance_tenancy":"default","ipv4_ipam_pool_id":null,"ipv4_netmask_length":null,"ipv6_association_id":"","ipv6_cidr_block":"","ipv6_cidr_block_network_border_group":"","ipv6_ipam_pool_id":"","ipv6_netmask_length":0,"main_route_table_id":"rtb-025bfc0092c836562","owner_id":"702865854817","tags":{"Name":"eks-shared-infra-vpc"},"tags_all":{"Name":"eks-shared-infra-vpc"}},"sensitive_values":{"tags":{},"tags_all":{}}}],"address":"module.vpc"}]}}},"configuration":{"provider_config":{"aws":{"name":"aws","full_name":"registry.terraform.io/hashicorp/aws","version_constraint":"~\u003e 5.0","expressions":{"region":{"references":["var.aws_region"]}}},"module.eks:tls":{"name":"tls","full_name":"registry.terraform.io/hashicorp/tls","module_address":"module.eks"},"random":{"name":"random","full_name":"registry.terraform.io/hashicorp/random","version_constraint":"~\u003e 3.5"}},"root_module":{"outputs":{"availability_zones":{"expression":{"references":["module.vpc.availability_zones","module.vpc"]},"description":"List of availability zones"},"database_secret_arn":{"expression":{"references":["var.create_rds","module.rds_mysql[0].db_secret_arn","module.rds_mysql[0]"]},"description":"ARN of the Secrets Manager secret for the database"},"private_subnet_ids":{"expression":{"references":["module.vpc.private_subnet_ids","module.vpc"]},"description":"Map of AZ to private subnet IDs"},"public_subnet_ids":{"expression":{"references":["module.vpc.public_subnet_ids","module.vpc"]},"description":"Map of AZ to public subnet IDs"},"rds_instance_endpoint":{"expression":{"references":["var.create_rds","module.rds_mysql[0].db_instance_endpoint","module.rds_mysql[0]"]},"description":"The endpoint of the RDS instance"},"vpc_cidr":{"expression":{"references":["module.vpc.vpc_cidr","module.vpc"]},"description":"The CIDR block of the VPC"},"vpc_id":{"expression":{"references":["module.vpc.vpc_id","module.vpc"]},"description":"The ID of the VPC"}},"resources":[{"address":"aws_security_group.eks_to_rds_prod","mode":"managed","type":"aws_security_group","name":"eks_to_rds_prod","provider_config_key":"aws","expressions":{"description":{"constant_value":"Allow EKS cluster to connect to RDS MySQL"},"egress":{"constant_value":[{"cidr_blocks":["0.0.0.0/0"],"description":null,"from_port":0,"ipv6_cidr_blocks":null,"prefix_list_ids":null,"protocol":"-1","security_groups":null,"self":null,"to_port":0}]},"ingress":{"constant_value":[{"cidr_blocks":["10.0.0.0/16"],"description":"Allow inbound MySQL from the EKS service","from_port":3306,"ipv6_cidr_blocks":null,"prefix_list_ids":null,"protocol":"tcp","security_groups":null,"self":null,"to_port":3306}]},"name":{"references":["count.index"]},"tags":{"references":["count.index"]},"vpc_id":{"references":["module.vpc.vpc_id","module.vpc"]}},"schema_version":1,"count_expression":{"references":["var.create_rds"]},"depends_on":["module.eks"]},{"address":"aws_security_group.eks_worker_node_sg","mode":"managed","type":"aws_security_group","name":"eks_worker_node_sg","provider_config_key":"aws","expressions":{"description":{"constant_value":"Security group for EKS worker nodes"},"egress":{"constant_value":[{"cidr_blocks":["0.0.0.0/0"],"description":null,"from_port":0,"ipv6_cidr_blocks":null,"prefix_list_ids":null,"protocol":"-1","security_groups":null,"self":null,"to_port":0}]},"ingress":{"constant_value":[{"cidr_blocks":["10.0.0.0/16"],"description":"Allow bastion to access worker nodes","from_port":443,"ipv6_cidr_blocks":null,"prefix_list_ids":null,"protocol":"tcp","security_groups":null,"self":null,"to_port":443}]},"name":{"constant_value":"eks-worker-node-sg"},"vpc_id":{"references":["module.vpc.vpc_id","module.vpc"]}},"schema_version":1},{"address":"aws_security_group_rule.bastion_to_eks_controlplane","mode":"managed","type":"aws_security_group_rule","name":"bastion_to_eks_controlplane","provider_config_key":"aws","expressions":{"cidr_blocks":{"constant_value":["10.0.0.0/16"]},"description":{"constant_value":"Allow bastion to access EKS API endpoint"},"from_port":{"constant_value":443},"protocol":{"constant_value":"tcp"},"security_group_id":{"references":["module.eks.cluster_security_group_id","module.eks"]},"to_port":{"constant_value":443},"type":{"constant_value":"ingress"}},"schema_version":2},{"address":"aws_security_group_rule.node_to_node","mode":"managed","type":"aws_security_group_rule","name":"node_to_node","provider_config_key":"aws","expressions":{"description":{"constant_value":"Allow worker nodes to communicate with each other"},"from_port":{"constant_value":0},"protocol":{"constant_value":"-1"},"security_group_id":{"references":["aws_security_group.eks_worker_node_sg.id","aws_security_group.eks_worker_node_sg"]},"source_security_group_id":{"references":["aws_security_group.eks_worker_node_sg.id","aws_security_group.eks_worker_node_sg"]},"to_port":{"constant_value":0},"type":{"constant_value":"ingress"}},"schema_version":2,"depends_on":["aws_security_group.eks_worker_node_sg"]}],"module_calls":{"ec2":{"source":"./modules/ec2","expressions":{"ami_id":{"references":["var.ami_id"]},"associate_public_ip_address":{"constant_value":true},"instance_type":{"references":["var.instance_type"]},"key_name":{"references":["var.key_name"]},"root_volume_size":{"constant_value":25},"sg_ingress_rules":{"constant_value":[{"cidr_blocks":["0.0.0.0/0"],"description":"Allow HTTPS","from_port":443,"protocol":"tcp","to_port":443},{"cidr_blocks":["0.0.0.0/0"],"description":"Allow HTTP","from_port":80,"protocol":"tcp","to_port":80},{"cidr_blocks":["0.0.0.0/0"],"description":"Allow SSH","from_port":22,"protocol":"tcp","to_port":22}]},"subnet_id":{"references":["module.vpc.public_subnet_ids","module.vpc"]},"vpc_id":{"references":["module.vpc.vpc_id","module.vpc"]}},"module":{"outputs":{"created_security_group_id":{"expression":{"references":["var.create_security_group","aws_security_group.ec2_sg[0].id","aws_security_group.ec2_sg[0]","aws_security_group.ec2_sg"]},"description":"The ID of the security group created by this module (if any)."},"ec2_role_arn":{"expression":{"references":["aws_iam_role.runner_role.arn","aws_iam_role.runner_role"]},"description":"The Self Hosted EC2 Runner Role"},"instance_arn":{"expression":{"references":["aws_instance.ec2_instance.arn","aws_instance.ec2_instance"]},"description":"The ARN of the EC2 instance."},"instance_id":{"expression":{"references":["aws_instance.ec2_instance.id","aws_instance.ec2_instance"]},"description":"The ID of the EC2 instance."},"private_ip":{"expression":{"references":["aws_instance.ec2_instance.private_ip","aws_instance.ec2_instance"]},"description":"The private IP address of the instance."},"public_ip":{"expression":{"references":["aws_instance.ec2_instance.public_ip","aws_instance.ec2_instance"]},"description":"The public IP address of the instance (if applicable)."}},"resources":[{"address":"aws_iam_instance_profile.runner_profile","mode":"managed","type":"aws_iam_instance_profile","name":"runner_profile","provider_config_key":"aws","expressions":{"name":{"constant_value":"self-hosted-runner-profile"},"role":{"references":["aws_iam_role.runner_role.name","aws_iam_role.runner_role"]}},"schema_version":0},{"address":"aws_iam_role.runner_role","mode":"managed","type":"aws_iam_role","name":"runner_role","provider_config_key":"aws","expressions":{"assume_role_policy":{},"name":{"constant_value":"self-hosted-runner-role"}},"schema_version":0},{"address":"aws_iam_role_policy.eks_access_policy","mode":"managed","type":"aws_iam_role_policy","name":"eks_access_policy","provider_config_key":"aws","expressions":{"name":{"constant_value":"eks-access-policy"},"policy":{},"role":{"references":["aws_iam_role.runner_role.id","aws_iam_role.runner_role"]}},"schema_version":0},{"address":"aws_iam_role_policy_attachment.ecr_policy","mode":"managed","type":"aws_iam_role_policy_attachment","name":"ecr_policy","provider_config_key":"aws","expressions":{"policy_arn":{"constant_value":"arn:aws:iam::aws:policy/AmazonEC2ContainerRegistryPowerUser"},"role":{"references":["aws_iam_role.runner_role.name","aws_iam_role.runner_role"]}},"schema_version":0},{"address":"aws_iam_role_policy_attachment.ssm_policy","mode":"managed","type":"aws_iam_role_policy_attachment","name":"ssm_policy","provider_config_key":"aws","expressions":{"policy_arn":{"constant_value":"arn:aws:iam::aws:policy/AmazonSSMManagedInstanceCore"},"role":{"references":["aws_iam_role.runner_role.name","aws_iam_role.runner_role"]}},"schema_version":0},{"address":"aws_instance.ec2_instance","mode":"managed","type":"aws_instance","name":"ec2_instance","provider_config_key":"aws","expressions":{"ami":{"references":["var.ami_id"]},"associate_public_ip_address":{"references":["var.associate_public_ip_address"]},"iam_instance_profile":{"references":["aws_iam_instance_profile.runner_profile.name","aws_iam_instance_profile.runner_profile"]},"instance_type":{"references":["var.instance_type"]},"key_name":{"references":["var.key_name"]},"root_block_device":[{"volume_size":{"references":["var.root_volume_size"]},"volume_type":{"references":["var.root_volume_type"]}}],"source_dest_check":{"references":["var.source_dest_check"]},"subnet_id":{"references":["var.subnet_id"]},"tags":{"references":["var.tags"]},"user_data":{"references":["var.user_data"]},"vpc_security_group_ids":{"references":["local.security_group_ids"]}},"schema_version":1},{"address":"aws_security_group.ec2_sg","mode":"managed","type":"aws_security_group","name":"ec2_sg","provider_config_key":"aws","expressions":{"description":{"constant_value":"Security Group for instance"},"name":{"constant_value":"ec2-sg"},"tags":{"references":["var.tags"]},"vpc_id":{"references":["var.vpc_id"]}},"schema_version":1,"count_expression":{"references":["var.create_security_group"]}}],"variables":{"ami_id":{"description":"The AMI ID for the instance. Can be from a data source or a static value."},"associate_public_ip_address":{"default":false,"description":"Set to true to associate an ephemeral public IP. Ignored if associate_eip is true."},"create_security_group":{"default":true,"description":"Set to true to create a new security group for this instance."},"existing_security_group_ids":{"default":[],"description":"A list of existing security group IDs to attach to the instance."},"iam_instance_profile":{"default":null,"description":"The name of the IAM instance profile to associate with the instance."},"instance_type":{"description":"The EC2 instance type."},"key_name":{"default":null,"description":"The name of the SSH key pair to associate with the instance."},"root_volume_size":{"default":25,"description":"The size of the root EBS volume in GiB."},"root_volume_type":{"default":"gp3","description":"The type of the root EBS volume (e.g., gp3, io2)."},"sg_egress_rules":{"default":[{"cidr_blocks":["0.0.0.0/0"],"from_port":0,"protocol":"-1","to_port":0}],"description":"A list of egress rule objects for the created security group."},"sg_ingress_rules":{"default":[],"description":"A list of ingress rule objects for the created security group."},"source_dest_check":{"default":true,"description":"Controls whether source/destination checking is enabled. Should be false for NAT instances."},"subnet_id":{"description":"The ID of the subnet to launch the instance into."},"tags":{"default":{},"description":"A map of tags to apply to all created resources."},"user_data":{"default":null,"description":"The user data script to run on instance launch. Will be base64 encoded."},"vpc_id":{"description":"The ID of the VPC to launch the instance in."}}}},"eks":{"source":"./modules/eks","expressions":{"authentication_mode":{"constant_value":"API_AND_CONFIG_MAP"},"aws_region":{"references":["var.aws_region"]},"cluster_name":{"constant_value":"ase-eks-cluster"},"ec2_role_for_eks":{"references":["module.ec2.ec2_role_arn","module.ec2"]},"launch_template_security_group_ids":{"references":["aws_security_group.eks_worker_node_sg.id","aws_security_group.eks_worker_node_sg"]},"subnet_ids":{"references":["module.vpc.private_subnet_ids","module.vpc"]}},"module":{"outputs":{"cluster_arn":{"expression":{"references":["aws_eks_cluster.eks_cluster.arn","aws_eks_cluster.eks_cluster"]},"description":"ARN of the EKS cluster"},"cluster_certificate_authority_data":{"expression":{"references":["aws_eks_cluster.eks_cluster.certificate_authority[0].data","aws_eks_cluster.eks_cluster.certificate_authority[0]","aws_eks_cluster.eks_cluster.certificate_authority","aws_eks_cluster.eks_cluster"]},"description":"Base64 encoded certificate data required to communicate with the cluster"},"cluster_endpoint":{"expression":{"references":["aws_eks_cluster.eks_cluster.endpoint","aws_eks_cluster.eks_cluster"]},"description":"Endpoint for the EKS cluster API server"},"cluster_name":{"expression":{"references":["aws_eks_cluster.eks_cluster.name","aws_eks_cluster.eks_cluster"]},"description":"Name of the EKS cluster"},"cluster_oidc_issuer_url":{"expression":{"references":["aws_eks_cluster.eks_cluster.identity[0].oidc[0].issuer","aws_eks_cluster.eks_cluster.identity[0].oidc[0]","aws_eks_cluster.eks_cluster.identity[0].oidc","aws_eks_cluster.eks_cluster.identity[0]","aws_eks_cluster.eks_cluster.identity","aws_eks_cluster.eks_cluster"]},"description":"The URL on the EKS cluster OIDC Issuer"},"cluster_security_group_id":{"expression":{"references":["aws_eks_cluster.eks_cluster.vpc_config[0].cluster_security_group_id","aws_eks_cluster.eks_cluster.vpc_config[0]","aws_eks_cluster.eks_cluster.vpc_config","aws_eks_cluster.eks_cluster"]},"description":"Security group ID of the EKS cluster control plane"},"node_group_arn":{"expression":{"references":["aws_eks_node_group.node_group.arn","aws_eks_node_group.node_group"]},"description":"ARN of the EKS node group"},"node_group_name":{"expression":{"references":["aws_eks_node_group.node_group.node_group_name","aws_eks_node_group.node_group"]},"description":"Name of the EKS node group"},"node_group_role_arn":{"expression":{"references":["aws_eks_node_group.node_group.node_role_arn","aws_eks_node_group.node_group"]},"description":"IAM role ARN associated with the node group"},"node_group_status":{"expression":{"references":["aws_eks_node_group.node_group.status","aws_eks_node_group.node_group"]},"description":"Status of the EKS node group"},"oidc_provider_arn":{"expression":{"references":["aws_iam_openid_connect_provider.eks_oidc.arn","aws_iam_openid_connect_provider.eks_oidc"]},"description":"ARN of the OIDC Provider for EKS"}},"resources":[{"address":"aws_eks_access_entry.eks_access_entry","mode":"managed","type":"aws_eks_access_entry","name":"eks_access_entry","provider_config_key":"aws","expressions":{"cluster_name":{"references":["aws_eks_cluster.eks_cluster.name","aws_eks_cluster.eks_cluster"]},"principal_arn":{"references":["each.value"]},"type":{"constant_value":"STANDARD"}},"schema_version":0,"for_each_expression":{"references":["var.ec2_roles_for_eks"]}},{"address":"aws_eks_access_policy_association.eks_access_policy_association","mode":"managed","type":"aws_eks_access_policy_association","name":"eks_access_policy_association","provider_config_key":"aws","expressions":{"access_scope":[{"type":{"constant_value":"cluster"}}],"cluster_name":{"references":["aws_eks_cluster.eks_cluster.name","aws_eks_cluster.eks_cluster"]},"policy_arn":{"constant_value":"arn:aws:eks::aws:cluster-access-policy/AmazonEKSClusterAdminPolicy"},"principal_arn":{"references":["each.value"]}},"schema_version":0,"for_each_expression":{"references":["var.ec2_roles_for_eks"]}},{"address":"aws_eks_addon.core_dns","mode":"managed","type":"aws_eks_addon","name":"core_dns","provider_config_key":"aws","expressions":{"addon_name":{"constant_value":"core-dns"},"addon_version":{"constant_value":"v1.12.3-eksbuild.1"},"cluster_name":{"references":["aws_eks_cluster.eks_cluster.name","aws_eks_cluster.eks_cluster"]}},"schema_version":0},{"address":"aws_eks_addon.kube_proxy","mode":"managed","type":"aws_eks_addon","name":"kube_proxy","provider_config_key":"aws","expressions":{"addon_name":{"constant_value":"kube-proxy"},"addon_version":{"constant_value":"v1.34.1-eksbuild.2"},"cluster_name":{"references":["aws_eks_cluster.eks_cluster.name","aws_eks_cluster.eks_cluster"]}},"schema_version":0},{"address":"aws_eks_addon.metrics_server","mode":"managed","type":"aws_eks_addon","name":"metrics_server","provider_config_key":"aws","expressions":{"addon_name":{"constant_value":"metrics-server"},"addon_version":{"constant_value":"v0.8.0-eksbuild.5"},"cluster_name":{"references":["aws_eks_cluster.eks_cluster.name","aws_eks_cluster.eks_cluster"]}},"schema_version":0},{"address":"aws_eks_cluster.eks_cluster","mode":"managed","type":"aws_eks_cluster","name":"eks_cluster","provider_config_key":"aws","expressions":{"bootstrap_self_managed_addons":{"constant_value":false},"name":{"references":["var.cluster_name"]},"role_arn":{"references":["aws_iam_role.cluster.arn","aws_iam_role.cluster"]},"tags":{"references":["var.cluster_name"]},"vpc_config":[{"endpoint_private_access":{"constant_value":true},"endpoint_public_access":{"constant_value":false},"subnet_ids":{"references":["var.subnet_ids"]}}]},"schema_version":1,"depends_on":["aws_iam_role_policy_attachment.eks_cluster_policy"]},{"address":"aws_eks_node_group.node_group","mode":"managed","type":"aws_eks_node_group","name":"node_group","provider_config_key":"aws","expressions":{"capacity_type":{"references":["var.capacity_type"]},"cluster_name":{"references":["aws_eks_cluster.eks_cluster.name","aws_eks_cluster.eks_cluster"]},"disk_size":{"references":["var.disk_size"]},"instance_types":{"references":["var.instance_types"]},"node_group_name":{"references":["var.cluster_name"]},"node_role_arn":{"references":["aws_iam_role.node_group.arn","aws_iam_role.node_group"]},"scaling_config":[{"desired_size":{"constant_value":2},"max_size":{"constant_value":2},"min_size":{"constant_value":2}}],"subnet_ids":{"references":["var.subnet_ids"]},"tags":{"references":["var.cluster_name"]},"update_config":[{"max_unavailable":{"constant_value":1}}]},"schema_version":0,"depends_on":["aws_iam_role_policy_attachment.node_group-AmazonEKSWorkerNodePolicy","aws_iam_role_policy_attachment.node_group-AmazonEKS_CNI_Policy","aws_iam_role_policy_attachment.node_group-AmazonEC2ContainerRegistryReadOnly"]},{"address":"aws_iam_instance_profile.node_group","mode":"managed","type":"aws_iam_instance_profile","name":"node_group","provider_config_key":"aws","expressions":{"name":{"references":["var.cluster_name"]},"role":{"references":["aws_iam_role.node_group.name","aws_iam_role.node_group"]}},"schema_version":0},{"address":"aws_iam_openid_connect_provider.eks_oidc","mode":"managed","type":"aws_iam_openid_connect_provider","name":"eks_oidc","provider_config_key":"aws","expressions":{"client_id_list":{"constant_value":["sts.amazonaws.com"]},"thumbprint_list":{"references":["data.tls_certificate.oidc.certificates[0].sha1_fingerprint","data.tls_certificate.oidc.certificates[0]","data.tls_certificate.oidc.certificates","data.tls_certificate.oidc"]},"url":{"references":["data.aws_eks_cluster.eks.identity[0].oidc[0].issuer","data.aws_eks_cluster.eks.identity[0].oidc[0]","data.aws_eks_cluster.eks.identity[0].oidc","data.aws_eks_cluster.eks.identity[0]","data.aws_eks_cluster.eks.identity","data.aws_eks_cluster.eks"]}},"schema_version":0,"depends_on":["aws_eks_cluster.eks_cluster"]},{"address":"aws_iam_policy.alb_controller_policy","mode":"managed","type":"aws_iam_policy","name":"alb_controller_policy","provider_config_key":"aws","expressions":{"description":{"constant_value":"IAM policy for ALB controller"},"name":{"constant_value":"AWSLoadBalancerControllerIAMPolicy"},"policy":{"references":["path.module"]}},"schema_version":0},{"address":"aws_iam_role.alb_controller_role","mode":"managed","type":"aws_iam_role","name":"alb_controller_role","provider_config_key":"aws","expressions":{"assume_role_policy":{"references":["aws_iam_openid_connect_provider.eks_oidc.arn","aws_iam_openid_connect_provider.eks_oidc","data.aws_eks_cluster.eks.identity[0].oidc[0].issuer","data.aws_eks_cluster.eks.identity[0].oidc[0]","data.aws_eks_cluster.eks.identity[0].oidc","data.aws_eks_cluster.eks.identity[0]","data.aws_eks_cluster.eks.identity","data.aws_eks_cluster.eks"]},"name":{"references":["var.cluster_name"]}},"schema_version":0},{"address":"aws_iam_role.cluster","mode":"managed","type":"aws_iam_role","name":"cluster","provider_config_key":"aws","expressions":{"assume_role_policy":{},"name":{"references":["var.cluster_name"]}},"schema_version":0},{"address":"aws_iam_role.irsa_role","mode":"managed","type":"aws_iam_role","name":"irsa_role","provider_config_key":"aws","expressions":{"assume_role_policy":{"references":["aws_iam_openid_connect_provider.eks_oidc.arn","aws_iam_openid_connect_provider.eks_oidc","data.aws_eks_cluster.eks.identity[0].oidc[0].issuer","data.aws_eks_cluster.eks.identity[0].oidc[0]","data.aws_eks_cluster.eks.identity[0].oidc","data.aws_eks_cluster.eks.identity[0]","data.aws_eks_cluster.eks.identity","data.aws_eks_cluster.eks"]},"name":{"references":["var.project_name"]}},"schema_version":0},{"address":"aws_iam_role.node_group","mode":"managed","type":"aws_iam_role","name":"node_group","provider_config_key":"aws","expressions":{"assume_role_policy":{},"name":{"references":["var.cluster_name"]}},"schema_version":0},{"address":"aws_iam_role_policy_attachment.alb_controller_attach","mode":"managed","type":"aws_iam_role_policy_attachment","name":"alb_controller_attach","provider_config_key":"aws","expressions":{"policy_arn":{"references":["aws_iam_policy.alb_controller_policy.arn","aws_iam_policy.alb_controller_policy"]},"role":{"references":["aws_iam_role.alb_controller_role.name","aws_iam_role.alb_controller_role"]}},"schema_version":0},{"address":"aws_iam_role_policy_attachment.eks_cluster_policy","mode":"managed","type":"aws_iam_role_policy_attachment","name":"eks_cluster_policy","provider_config_key":"aws","expressions":{"policy_arn":{"constant_value":"arn:aws:iam::aws:policy/AmazonEKSClusterPolicy"},"role":{"references":["aws_iam_role.cluster.name","aws_iam_role.cluster"]}},"schema_version":0},{"address":"aws_iam_role_policy_attachment.node_group-AmazonEC2ContainerRegistryReadOnly","mode":"managed","type":"aws_iam_role_policy_attachment","name":"node_group-AmazonEC2ContainerRegistryReadOnly","provider_config_key":"aws","expressions":{"policy_arn":{"constant_value":"arn:aws:iam::aws:policy/AmazonEC2ContainerRegistryReadOnly"},"role":{"references":["aws_iam_role.node_group.name","aws_iam_role.node_group"]}},"schema_version":0},{"address":"aws_iam_role_policy_attachment.node_group-AmazonEKSWorkerNodePolicy","mode":"managed","type":"aws_iam_role_policy_attachment","name":"node_group-AmazonEKSWorkerNodePolicy","provider_config_key":"aws","expressions":{"policy_arn":{"constant_value":"arn:aws:iam::aws:policy/AmazonEKSWorkerNodePolicy"},"role":{"references":["aws_iam_role.node_group.name","aws_iam_role.node_group"]}},"schema_version":0},{"address":"aws_iam_role_policy_attachment.node_group-AmazonEKS_CNI_Policy","mode":"managed","type":"aws_iam_role_policy_attachment","name":"node_group-AmazonEKS_CNI_Policy","provider_config_key":"aws","expressions":{"policy_arn":{"constant_value":"arn:aws:iam::aws:policy/AmazonEKS_CNI_Policy"},"role":{"references":["aws_iam_role.node_group.name","aws_iam_role.node_group"]}},"schema_version":0},{"address":"aws_kms_key.eks_launch_template_cmk","mode":"managed","type":"aws_kms_key","name":"eks_launch_template_cmk","provider_config_key":"aws","expressions":{"deletion_window_in_days":{"constant_value":20},"description":{"constant_value":"KMS key for EKS Launch Template EBS volume encryption"},"enable_key_rotation":{"constant_value":true},"policy":{"references":["data.aws_caller_identity.current.account_id","data.aws_caller_identity.current","data.aws_caller_identity.current.account_id","data.aws_caller_identity.current","data.aws_caller_identity.current.account_id","data.aws_caller_identity.current"]}},"schema_version":0},{"address":"aws_launch_template.eks_launch_template","mode":"managed","type":"aws_launch_template","name":"eks_launch_template","provider_config_key":"aws","expressions":{"block_device_mappings":[{"device_name":{"constant_value":"/dev/sdf"},"ebs":[{"encrypted":{"references":["var.launch_template_ebs_encryption_flag"]},"kms_key_id":{"references":["var.launch_template_ebs_encryption_flag","aws_kms_key.eks_launch_template_cmk.arn","aws_kms_key.eks_launch_template_cmk"]},"volume_size":{"references":["var.launch_template_ebs_size"]}}]}],"capacity_reservation_specification":[{"capacity_reservation_preference":{"references":["var.capacity_reservation_preference"]}}],"cpu_options":[{"core_count":{"references":["var.cpu_core_count"]},"threads_per_core":{"references":["var.cpu_threads_per_core"]}}],"credit_specification":[{"cpu_credits":{"references":["var.credit_specification_cpu_credits"]}}],"disable_api_stop":{"references":["var.disable_api_stop"]},"disable_api_termination":{"references":["var.disable_api_termination"]},"ebs_optimized":{"references":["var.ebs_optimized"]},"iam_instance_profile":[{"name":{"references":["aws_iam_instance_profile.node_group.name","aws_iam_instance_profile.node_group"]}}],"image_id":{"references":["var.ami_id"]},"instance_initiated_shutdown_behavior":{"references":["var.instance_initiated_shutdown_behavior"]},"instance_market_options":[{"market_type":{"references":["var.instance_market_type"]}}],"instance_type":{"references":["var.instance_type"]},"key_name":{"references":["var.key_name"]},"metadata_options":[{"http_endpoint":{"references":["var.metadata_options_http_endpoint"]},"http_put_response_hop_limit":{"references":["var.metadata_options_http_put_response_hop_limit"]},"http_tokens":{"references":["var.metadata_options_http_tokens"]},"instance_metadata_tags":{"references":["var.metadata_options_instance_metadata_tags"]}}],"monitoring":[{"enabled":{"references":["var.monitoring_enabled"]}}],"name":{"references":["var.cluster_name"]},"network_interfaces":[{"associate_public_ip_address":{"references":["var.network_interface_associate_public_ip_address"]}}],"placement":[{"availability_zone":{"references":["var.placement_availability_zone"]}}],"tag_specifications":[{"resource_type":{"constant_value":"instance"},"tags":{"references":["var.cluster_name"]}}],"vpc_security_group_ids":{"references":["var.launch_template_security_group_ids"]}},"schema_version":0,"depends_on":["var.launch_template_security_group_ids"]},{"address":"data.aws_caller_identity.current","mode":"data","type":"aws_caller_identity","name":"current","provider_config_key":"aws","schema_version":0},{"address":"data.aws_eks_cluster.eks","mode":"data","type":"aws_eks_cluster","name":"eks","provider_config_key":"aws","expressions":{"name":{"references":["aws_eks_cluster.eks_cluster.name","aws_eks_cluster.eks_cluster"]}},"schema_version":0},{"address":"data.tls_certificate.oidc","mode":"data","type":"tls_certificate","name":"oidc","provider_config_key":"module.eks:tls","expressions":{"url":{"references":["data.aws_eks_cluster.eks.identity[0].oidc[0].issuer","data.aws_eks_cluster.eks.identity[0].oidc[0]","data.aws_eks_cluster.eks.identity[0].oidc","data.aws_eks_cluster.eks.identity[0]","data.aws_eks_cluster.eks.identity","data.aws_eks_cluster.eks"]}},"schema_version":0}],"variables":{"ami_id":{"default":"ami-0fa3fe0fa7920f68e","description":"AMI ID for the launch template."},"authentication_mode":{"default":""},"aws_region":{"description":"AWS region for the EKS cluster."},"bootstrap_cluster_creator_admin_permissions":{"default":true},"capacity_reservation_preference":{"default":"open","description":"The capacity reservation preference for the launch template."},"capacity_type":{"default":"ON_DEMAND","description":"Capacity type for the EKS worker nodes (e.g., ON_DEMAND, SPOT)."},"cluster_name":{"description":"Name for the EKS cluster."},"cpu_core_count":{"default":2,"description":"The number of CPU cores for the launch template."},"cpu_threads_per_core":{"default":1,"description":"The number of threads per CPU core for the launch template."},"credit_specification_cpu_credits":{"default":"standard","description":"The CPU credit option for the launch template."},"disable_api_stop":{"default":true,"description":"Whether to disable API stop for the launch template."},"disable_api_termination":{"default":true,"description":"Whether to disable API termination for the launch template."},"disk_size":{"default":20,"description":"Disk size (in GiB) for the EKS worker nodes."},"ebs_optimized":{"default":true,"description":"Whether the launch template is EBS optimized."},"ec2_role_for_eks":{"description":"ec2 role for the eks access identity"},"ec2_roles_for_eks":{"default":["arn:aws:iam::702865854817:role/mejan-self-hosted-runner-bastion-role","arn:aws:iam::702865854817:role/bastion-iam-role","arn:aws:iam::702865854817:role/ec2-instance-role-amrit","arn:aws:iam::702865854817:role/madhu-iam-role"],"description":"List of IAM role ARNs to be granted access to the EKS cluster."},"enable_access_config":{"default":true},"enable_elastic_load_balancing":{"default":false,"description":"Boolean to enable or disable elastic load balancing in the EKS cluster."},"enable_encryption_config":{"default":false,"description":"Boolean to enable or disable encryption config in the EKS cluster."},"enable_kubernetes_network_config":{"default":false,"description":"Boolean to enable or disable kubernetes network config in the EKS cluster."},"encryption_key_arn":{"default":""},"instance_initiated_shutdown_behavior":{"default":"terminate","description":"The shutdown behavior for instances launched from the launch template."},"instance_market_type":{"default":"spot","description":"The market type for instances launched from the launch template."},"instance_type":{"default":"t3.medium","description":"The instance type for instances launched from the launch template."},"instance_types":{"default":["t3.medium"],"description":"List of instance types for the EKS worker nodes."},"ip_family":{"default":"ipv4","description":"The IP family used for pod and service IPs."},"key_name":{"default":"eks-key","description":"The key name for instances launched from the launch template."},"launch_template_ebs_encryption_flag":{"default":true,"description":"Whether the EBS volume for the launch template is encrypted."},"launch_template_ebs_size":{"default":30,"description":"Size of the EBS volume for the launch template."},"launch_template_security_group_ids":{"default":[],"description":"List of security group IDs for the launch template."},"metadata_options_http_endpoint":{"default":"enabled","description":"The http endpoint setting for instances launched from the launch template."},"metadata_options_http_put_response_hop_limit":{"default":1,"description":"The http put response hop limit for instances launched from the launch template."},"metadata_options_http_tokens":{"default":"required","description":"The http tokens setting for instances launched from the launch template."},"metadata_options_instance_metadata_tags":{"default":"enabled","description":"The instance metadata tags setting for instances launched from the launch template."},"monitoring_enabled":{"default":true,"description":"Whether monitoring is enabled for instances launched from the launch template."},"network_interface_associate_public_ip_address":{"default":false,"description":"Whether to associate a public IP address with the network interface for instances launched from the launch template."},"placement_availability_zone":{"default":"us-east-1a","description":"The availability zone for instances launched from the launch template."},"project_name":{"default":"eks-training"},"public_access_cidrs":{"default":[],"description":"List of CIDR blocks that are allowed access to the public Kubernetes API server endpoint."},"service_ipv4_cidr":{"default":"","description":"The CIDR block to assign Kubernetes service IPs."},"subnet_ids":{"description":"List of VPC Subnet IDs (typically private) for the worker nodes and EKS ENIs."}}}},"rds_mysql":{"source":"./modules/rds","expressions":{"allocated_storage":{"references":["var.rds_allocated_storage"]},"create_rds":{"constant_value":1},"db_instance_class":{"references":["var.rds_instance_class"]},"db_name":{"references":["var.rds_database_name"]},"engine":{"constant_value":"mysql"},"engine_version":{"references":["var.rds_engine_version"]},"environment":{"constant_value":"prod"},"project_name":{"references":["var.project_name"]},"security_group_id":{"references":["aws_security_group.eks_to_rds_prod[0].id","aws_security_group.eks_to_rds_prod[0]","aws_security_group.eks_to_rds_prod"]},"subnet_ids":{"references":["module.vpc.private_subnet_ids","module.vpc"]},"vpc_id":{"references":["module.vpc.vpc_id","module.vpc"]}},"count_expression":{"references":["var.create_rds"]},"module":{"outputs":{"db_instance_arn":{"expression":{"references":["var.create_rds","aws_db_instance.main[0].arn","aws_db_instance.main[0]","aws_db_instance.main"]},"description":"The ARN of the RDS instance"},"db_instance_endpoint":{"expression":{"references":["var.create_rds","aws_db_instance.main[0].endpoint","aws_db_instance.main[0]","aws_db_instance.main"]},"description":"The endpoint of the RDS instance"},"db_secret_arn":{"expression":{"references":["var.create_rds","aws_secretsmanager_secret.db_credentials[0].arn","aws_secretsmanager_secret.db_credentials[0]","aws_secretsmanager_secret.db_credentials"]},"description":"The ARN of the secret containing the database credentials"}},"resources":[{"address":"aws_db_instance.main","mode":"managed","type":"aws_db_instance","name":"main","provider_config_key":"aws","expressions":{"allocated_storage":{"references":["var.allocated_storage"]},"backup_retention_period":{"references":["var.backup_retention_period"]},"db_name":{"references":["var.db_name"]},"db_subnet_group_name":{"references":["aws_db_subnet_group.main[0].name","aws_db_subnet_group.main[0]","aws_db_subnet_group.main"]},"delete_automated_backups":{"constant_value":true},"engine":{"references":["var.engine"]},"engine_version":{"references":["var.engine_version"]},"identifier":{"references":["local.name_prefix"]},"instance_class":{"references":["var.db_instance_class"]},"monitoring_interval":{"constant_value":0},"password":{"references":["aws_secretsmanager_secret_version.db_credentials[0].secret_string","aws_secretsmanager_secret_version.db_credentials[0]","aws_secretsmanager_secret_version.db_credentials"]},"performance_insights_enabled":{"constant_value":false},"publicly_accessible":{"constant_value":false},"skip_final_snapshot":{"constant_value":true},"tags":{"references":["local.tags","local.name_prefix"]},"username":{"references":["aws_secretsmanager_secret_version.db_credentials[0].secret_string","aws_secretsmanager_secret_version.db_credentials[0]","aws_secretsmanager_secret_version.db_credentials"]},"vpc_security_group_ids":{"references":["var.security_group_id"]}},"schema_version":2,"count_expression":{"references":["var.create_rds"]}},{"address":"aws_db_subnet_group.main","mode":"managed","type":"aws_db_subnet_group","name":"main","provider_config_key":"aws","expressions":{"name":{"references":["local.name_prefix"]},"subnet_ids":{"references":["var.subnet_ids"]},"tags":{"references":["local.tags","local.name_prefix"]}},"schema_version":0,"count_expression":{"references":["var.create_rds"]}},{"address":"aws_secretsmanager_secret.db_credentials","mode":"managed","type":"aws_secretsmanager_secret","name":"db_credentials","provider_config_key":"aws","expressions":{"name":{"references":["local.name_prefix"]},"tags":{"references":["local.tags"]}},"schema_version":0,"count_expression":{"references":["var.create_rds"]}},{"address":"aws_secretsmanager_secret_version.db_credentials","mode":"managed","type":"aws_secretsmanager_secret_version","name":"db_credentials","provider_config_key":"aws","expressions":{"secret_id":{"references":["aws_secretsmanager_secret.db_credentials[0].id","aws_secretsmanager_secret.db_credentials[0]","aws_secretsmanager_secret.db_credentials"]},"secret_string":{"references":["var.db_username","random_password.db_password[0].result","random_password.db_password[0]","random_password.db_password"]}},"schema_version":0,"count_expression":{"references":["var.create_rds"]}},{"address":"random_password.db_password","mode":"managed","type":"random_password","name":"db_password","provider_config_key":"random","expressions":{"length":{"constant_value":16},"override_special":{"constant_value":"!#$%\u0026'()*+,-.:;\u003c=\u003e?[]^_`{|}~"},"special":{"constant_value":true}},"schema_version":3,"count_expression":{"references":["var.create_rds"]}}],"variables":{"allocated_storage":{"description":"The allocated storage in gigabytes"},"backup_retention_period":{"default":0,"description":"The number of days to retain backups for. 0 disables automated backups"},"create_rds":{"default":1,"description":"Whether to create RDS instance (0 or 1)"},"db_instance_class":{"description":"The instance type of the RDS instance"},"db_name":{"description":"The name of the database"},"db_username":{"default":"postgresadmin","description":"The master username for the database"},"engine":{"description":"The database engine to use"},"engine_version":{"description":"The PostgreSQL engine version"},"environment":{"description":"Environment name"},"project_name":{"description":"Name of the project"},"security_group_id":{"description":"The ID of the security group to associate with the RDS instance"},"subnet_ids":{"description":"List of private subnet IDs for the DB subnet group"},"vpc_id":{"description":"VPC ID where the RDS instance will be created"}}},"depends_on":["module.eks"]},"vpc":{"source":"./modules/vpc","expressions":{"availability_zones":{"constant_value":["us-east-1a","us-east-1b"]},"enable_igw":{"constant_value":true},"enable_nat_gateway":{"constant_value":true},"private_subnet_cidrs":{"constant_value":["10.0.1.0/24","10.0.3.0/24"]},"public_subnet_cidrs":{"constant_value":["10.0.0.0/24","10.0.2.0/24"]},"vpc_name":{"references":["var.project_name"]}},"module":{"outputs":{"availability_zones":{"expression":{"references":["var.availability_zones"]},"description":"List of availability zones in the region"},"private_subnet_ids":{"expression":{"references":["aws_subnet.private"]},"description":"Map of AZ to private subnet IDs"},"public_subnet_ids":{"expression":{"references":["aws_subnet.public"]},"description":"Map of AZ to public subnet IDs"},"vpc_cidr":{"expression":{"references":["aws_vpc.main.cidr_block","aws_vpc.main"]},"description":"The CIDR block of the VPC"},"vpc_id":{"expression":{"references":["aws_vpc.main.id","aws_vpc.main"]},"description":"The ID of the VPC"}},"resources":[{"address":"aws_eip.nat","mode":"managed","type":"aws_eip","name":"nat","provider_config_key":"aws","expressions":{"domain":{"constant_value":"vpc"},"tags":{"references":["var.common_tags","var.name_prefix","each.key"]}},"schema_version":0,"for_each_expression":{"references":["var.enable_nat_gateway","aws_subnet.public"]}},{"address":"aws_internet_gateway.igw","mode":"managed","type":"aws_internet_gateway","name":"igw","provider_config_key":"aws","expressions":{"tags":{"references":["var.common_tags","var.name_prefix"]},"vpc_id":{"references":["aws_vpc.main.id","aws_vpc.main"]}},"schema_version":0,"count_expression":{"references":["var.public_subnet_cidrs"]}},{"address":"aws_nat_gateway.nat","mode":"managed","type":"aws_nat_gateway","name":"nat","provider_config_key":"aws","expressions":{"allocation_id":{"references":["aws_eip.nat","each.key"]},"subnet_id":{"references":["each.value.id","each.value"]},"tags":{"references":["var.common_tags","var.name_prefix","each.key"]}},"schema_version":0,"for_each_expression":{"references":["var.enable_nat_gateway","aws_subnet.public"]},"depends_on":["aws_internet_gateway.igw"]},{"address":"aws_route.private_nat_gw","mode":"managed","type":"aws_route","name":"private_nat_gw","provider_config_key":"aws","expressions":{"destination_cidr_block":{"constant_value":"0.0.0.0/0"},"nat_gateway_id":{"references":["aws_nat_gateway.nat","each.key"]},"route_table_id":{"references":["each.value.id","each.value"]}},"schema_version":0,"for_each_expression":{"references":["var.enable_nat_gateway","aws_route_table.private"]}},{"address":"aws_route.public_internet","mode":"managed","type":"aws_route","name":"public_internet","provider_config_key":"aws","expressions":{"destination_cidr_block":{"constant_value":"0.0.0.0/0"},"gateway_id":{"references":["aws_internet_gateway.igw[0].id","aws_internet_gateway.igw[0]","aws_internet_gateway.igw"]},"route_table_id":{"references":["aws_route_table.public","each.key"]}},"schema_version":0,"for_each_expression":{"references":["aws_subnet.public"]}},{"address":"aws_route_table.private","mode":"managed","type":"aws_route_table","name":"private","provider_config_key":"aws","expressions":{"tags":{"references":["var.common_tags","var.name_prefix","each.key"]},"vpc_id":{"references":["aws_vpc.main.id","aws_vpc.main"]}},"schema_version":0,"for_each_expression":{"references":["aws_subnet.private"]}},{"address":"aws_route_table.public","mode":"managed","type":"aws_route_table","name":"public","provider_config_key":"aws","expressions":{"tags":{"references":["var.common_tags","var.name_prefix","each.key"]},"vpc_id":{"references":["aws_vpc.main.id","aws_vpc.main"]}},"schema_version":0,"for_each_expression":{"references":["aws_subnet.public"]}},{"address":"aws_route_table_association.private","mode":"managed","type":"aws_route_table_association","name":"private","provider_config_key":"aws","expressions":{"route_table_id":{"references":["aws_route_table.private","each.key"]},"subnet_id":{"references":["each.value.id","each.value"]}},"schema_version":0,"for_each_expression":{"references":["aws_subnet.private"]}},{"address":"aws_route_table_association.public","mode":"managed","type":"aws_route_table_association","name":"public","provider_config_key":"aws","expressions":{"route_table_id":{"references":["aws_route_table.public","each.key"]},"subnet_id":{"references":["each.value.id","each.value"]}},"schema_version":0,"for_each_expression":{"references":["aws_subnet.public"]}},{"address":"aws_subnet.private","mode":"managed","type":"aws_subnet","name":"private","provider_config_key":"aws","expressions":{"availability_zone":{"references":["each.key"]},"cidr_block":{"references":["each.value"]},"tags":{"references":["var.common_tags","var.name_prefix","each.key"]},"vpc_id":{"references":["aws_vpc.main.id","aws_vpc.main"]}},"schema_version":1,"for_each_expression":{"references":["var.private_subnet_cidrs","var.availability_zones"]}},{"address":"aws_subnet.public","mode":"managed","type":"aws_subnet","name":"public","provider_config_key":"aws","expressions":{"availability_zone":{"references":["each.key"]},"cidr_block":{"references":["each.value"]},"map_public_ip_on_launch":{"constant_value":true},"tags":{"references":["var.common_tags","var.name_prefix","each.key"]},"vpc_id":{"references":["aws_vpc.main.id","aws_vpc.main"]}},"schema_version":1,"for_each_expression":{"references":["var.public_subnet_cidrs","var.availability_zones"]}},{"address":"aws_vpc.main","mode":"managed","type":"aws_vpc","name":"main","provider_config_key":"aws","expressions":{"cidr_block":{"references":["var.vpc_cidr"]},"enable_dns_hostnames":{"constant_value":true},"enable_dns_support":{"constant_value":true},"tags":{"references":["var.common_tags","var.vpc_name"]}},"schema_version":1}],"variables":{"availability_zones":{"default":[],"description":"List of Availability Zones"},"common_tags":{"default":{},"description":"Common tags for all resources"},"enable_igw":{"default":true,"description":"Enable Internet Gateway"},"enable_nat_gateway":{"default":false,"description":"Enable NAT Gateway"},"enable_nat_instance":{"default":false,"description":"Enable NAT Instance"},"name_prefix":{"default":"","description":"Prefix for resource names"},"nat_instance_ami":{"default":"","description":"AMI ID for NAT Instance"},"private_subnet_cidrs":{"default":[],"description":"List of CIDR blocks for private subnets"},"public_subnet_cidrs":{"default":[],"description":"List of CIDR blocks for public subnets"},"vpc_cidr":{"default":"10.0.0.0/16","description":"CIDR block for the VPC"},"vpc_name":{"default":"my-vpc","description":"Name tag for the VPC"}}}}},"variables":{"ami_id":{"default":"ami-0fa3fe0fa7920f68e","description":"The AMI ID for the main application EC2 instance."},"availability_zones":{"default":["us-east-1a","us-east-1c"],"description":"List of Availability Zones"},"aws_region":{"default":"us-east-1","description":"AWS region for the infrastructure"},"create_rds":{"default":1,"description":"Whether to create RDS instance (0 or 1)"},"enable_nat_gateway":{"default":true,"description":"Enable NAT Gateway for private subnets"},"enable_nat_instance":{"default":false,"description":"Enable NAT Instance instead of NAT Gateway"},"instance_type":{"default":"t3.micro","description":"The instance type for the main application EC2 instance."},"key_name":{"default":"eks-key","description":"The name of the SSH key pair for the application instance."},"private_subnet_cidrs":{"default":["10.30.101.0/24","10.30.102.0/24"],"description":"List of CIDR blocks for private subnets"},"project_name":{"default":"eks-shared-infra","description":"Name of the project"},"public_subnet_cidrs":{"default":["10.30.1.0/24","10.30.2.0/24"],"description":"List of CIDR blocks for public subnets"},"rds_allocated_storage":{"default":20,"description":"The allocated storage for the RDS database in GB"},"rds_database_name":{"default":"webappdb","description":"The name of the RDS database"},"rds_engine_version":{"default":"8.0.43","description":"The engine version for the MySQL RDS database"},"rds_instance_class":{"default":"db.t3.micro","description":"The instance class for the RDS database"},"vpc_cidr":{"default":"10.30.0.0/16","description":"CIDR block for the VPC"}}}},"relevant_attributes":[{"resource":"module.eks.aws_eks_cluster.eks_cluster","attribute":["identity",0,"oidc",0,"issuer"]},{"resource":"module.ec2.aws_instance.ec2_instance","attribute":["arn"]},{"resource":"module.eks.aws_eks_node_group.node_group","attribute":["status"]},{"resource":"module.ec2.aws_security_group.ec2_sg[0]","attribute":["id"]},{"resource":"module.eks.aws_iam_openid_connect_provider.eks_oidc","attribute":["arn"]},{"resource":"module.eks.aws_iam_role.node_group","attribute":["arn"]},{"resource":"module.eks.aws_eks_cluster.eks_cluster","attribute":["arn"]},{"resource":"module.eks.aws_eks_node_group.node_group","attribute":["arn"]},{"resource":"module.vpc.aws_vpc.main","attribute":["cidr_block"]},{"resource":"module.ec2.aws_iam_role.runner_role","attribute":["arn"]},{"resource":"module.ec2.aws_instance.ec2_instance","attribute":["public_ip"]},{"resource":"module.vpc.aws_subnet.public","attribute":[]},{"resource":"module.eks.aws_eks_node_group.node_group","attribute":["node_role_arn"]},{"resource":"module.eks.aws_iam_role.node_group","attribute":["name"]},{"resource":"module.eks.aws_eks_cluster.eks_cluster","attribute":["certificate_authority",0,"data"]},{"resource":"module.eks.aws_eks_cluster.eks_cluster","attribute":["endpoint"]},{"resource":"module.eks.aws_kms_key.eks_launch_template_cmk","attribute":["arn"]},{"resource":"module.ec2.aws_instance.ec2_instance","attribute":["id"]},{"resource":"module.ec2.aws_instance.ec2_instance","attribute":["private_ip"]},{"resource":"module.eks.aws_eks_node_group.node_group","attribute":["node_group_name"]},{"resource":"module.vpc.aws_subnet.private","attribute":[]},{"resource":"module.eks.data.aws_eks_cluster.eks","attribute":["identity",0,"oidc",0,"issuer"]},{"resource":"module.rds_mysql[0].aws_secretsmanager_secret.db_credentials[0]","attribute":["arn"]},{"resource":"aws_security_group.eks_worker_node_sg","attribute":["id"]},{"resource":"module.rds_mysql[0].aws_db_instance.main[0]","attribute":["arn"]},{"resource":"module.vpc.aws_vpc.main","attribute":["id"]},{"resource":"module.eks.data.aws_caller_identity.current","attribute":["account_id"]},{"resource":"module.rds_mysql[0].aws_db_instance.main[0]","attribute":["endpoint"]},{"resource":"module.eks.data.tls_certificate.oidc","attribute":["certificates",0,"sha1_fingerprint"]},{"resource":"module.eks.aws_iam_role.cluster","attribute":["arn"]},{"resource":"module.eks.aws_eks_cluster.eks_cluster","attribute":["name"]},{"resource":"module.eks.aws_iam_instance_profile.node_group","attribute":["name"]},{"resource":"module.eks.aws_eks_cluster.eks_cluster","attribute":["vpc_config",0,"cluster_security_group_id"]}],"checks":[{"address":{"kind":"var","module":"module.vpc","name":"enable_nat_gateway","to_display":"module.vpc.var.enable_nat_gateway"},"status":"pass","instances":[{"address":{"module":"module.vpc","to_display":"module.vpc.var.enable_nat_gateway"},"status":"pass"}]},{"address":{"kind":"var","module":"module.vpc","name":"enable_nat_instance","to_display":"module.vpc.var.enable_nat_instance"},"status":"pass","instances":[{"address":{"module":"module.vpc","to_display":"module.vpc.var.enable_nat_instance"},"status":"pass"}]},{"address":{"kind":"var","module":"module.vpc","name":"nat_instance_ami","to_display":"module.vpc.var.nat_instance_ami"},"status":"pass","instances":[{"address":{"module":"module.vpc","to_display":"module.vpc.var.nat_instance_ami"},"status":"pass"}]},{"address":{"kind":"var","module":"module.vpc","name":"private_subnet_cidrs","to_display":"module.vpc.var.private_subnet_cidrs"},"status":"pass","instances":[{"address":{"module":"module.vpc","to_display":"module.vpc.var.private_subnet_cidrs"},"status":"pass"}]},{"address":{"kind":"var","module":"module.vpc","name":"public_subnet_cidrs","to_display":"module.vpc.var.public_subnet_cidrs"},"status":"pass","instances":[{"address":{"module":"module.vpc","to_display":"module.vpc.var.public_subnet_cidrs"},"status":"pass"}]}],"timestamp":"2025-12-02T09:58:16Z","applyable":true,"complete":true,"errored":false}
